Microsoft Visual Studio Solution File, Format Version 12.00
# Visual Studio 15
Project("{2150E333-8FDC-42A3-9474-1A3956D46DE8}") = "CMakePredefinedTargets", "CMakePredefinedTargets", "{79689B17-BFEA-3D1B-B469-1AD68084B570}"
EndProject
Project("{2150E333-8FDC-42A3-9474-1A3956D46DE8}") = "GLFW3", "GLFW3", "{CAFAFE9C-CDA7-323E-8581-E61D33522A8E}"
EndProject
Project("{2150E333-8FDC-42A3-9474-1A3956D46DE8}") = "Examples", "GLFW3\Examples", "{E698875E-BADE-3094-B480-F433CCEA6AB5}"
EndProject
Project("{2150E333-8FDC-42A3-9474-1A3956D46DE8}") = "Tests", "GLFW3\Tests", "{79F143AA-931F-30AB-BDD5-EB7BDF5CF1D1}"
EndProject
Project("{8BC9CEB8-8B4A-11D0-8D11-00A0C91BC942}") = "ALL_BUILD", "ALL_BUILD.vcxproj", "{ABA797C4-2734-350F-9EBF-0FF9C37BDC11}"
	ProjectSection(ProjectDependencies) = postProject
		{56FE7D49-23C2-329E-9724-81A37A0AF4AF} = {56FE7D49-23C2-329E-9724-81A37A0AF4AF}
		{80422242-3BA4-34C3-997A-37EBC551C1D7} = {80422242-3BA4-34C3-997A-37EBC551C1D7}
		{876146ED-C997-350C-A348-224CABAC8A08} = {876146ED-C997-350C-A348-224CABAC8A08}
		{729996BD-3B54-3E46-98FD-778DBAADDE2D} = {729996BD-3B54-3E46-98FD-778DBAADDE2D}
		{97633782-1F21-35DC-8228-4F8261B1AAF5} = {97633782-1F21-35DC-8228-4F8261B1AAF5}
		{0A4ACCDE-96EF-39A8-81E0-A8981F5E9F73} = {0A4ACCDE-96EF-39A8-81E0-A8981F5E9F73}
		{9A3EF1E3-C821-3B39-A0F0-26361EEF9A5E} = {9A3EF1E3-C821-3B39-A0F0-26361EEF9A5E}
		{9523721A-2FE3-3C2F-A109-D10D4F0B5BEF} = {9523721A-2FE3-3C2F-A109-D10D4F0B5BEF}
		{A4239901-0381-35C6-B686-F4E21E431277} = {A4239901-0381-35C6-B686-F4E21E431277}
		{7AF90EC4-DED1-39A7-A8BE-BBA630231BDD} = {7AF90EC4-DED1-39A7-A8BE-BBA630231BDD}
		{152E729D-3F28-37C7-B988-368A811001DA} = {152E729D-3F28-37C7-B988-368A811001DA}
		{0ABA4E67-B9C8-3927-836B-125E1DD53D2F} = {0ABA4E67-B9C8-3927-836B-125E1DD53D2F}
		{041A89DF-FB17-3C12-BEF0-EF2FEA712BEE} = {041A89DF-FB17-3C12-BEF0-EF2FEA712BEE}
		{4DC67C87-049D-3CA3-B8F3-05ED148F6FD2} = {4DC67C87-049D-3CA3-B8F3-05ED148F6FD2}
		{0C1D1BAB-08E6-3D48-96F9-AD4D782B9460} = {0C1D1BAB-08E6-3D48-96F9-AD4D782B9460}
		{A95424FC-1B0A-32C4-B1A1-EF66B5BFE71B} = {A95424FC-1B0A-32C4-B1A1-EF66B5BFE71B}
		{8F9E5FC6-0610-35B4-BD66-E7D0933DBC36} = {8F9E5FC6-0610-35B4-BD66-E7D0933DBC36}
		{A3BE1C1C-BA86-3EE0-B399-FAD62216D9C3} = {A3BE1C1C-BA86-3EE0-B399-FAD62216D9C3}
		{AC77EE7E-25B4-31CB-88C9-18E9CE9736F1} = {AC77EE7E-25B4-31CB-88C9-18E9CE9736F1}
		{4A5503D5-584B-3A61-8089-40D4B9DDC8E4} = {4A5503D5-584B-3A61-8089-40D4B9DDC8E4}
		{529467B3-ED2B-3AFC-B10C-F32E3E3E2474} = {529467B3-ED2B-3AFC-B10C-F32E3E3E2474}
		{C6EF544B-53A0-3F25-8211-62C8F0B84674} = {C6EF544B-53A0-3F25-8211-62C8F0B84674}
		{992860F6-E850-3C11-9618-FBAA8E4CF6F4} = {992860F6-E850-3C11-9618-FBAA8E4CF6F4}
		{325F9477-359B-3097-9F72-7238F53F1C9A} = {325F9477-359B-3097-9F72-7238F53F1C9A}
		{7DD403D2-4CF3-3898-9066-3851C7518C22} = {7DD403D2-4CF3-3898-9066-3851C7518C22}
	EndProjectSection
EndProject
Project("{8BC9CEB8-8B4A-11D0-8D11-00A0C91BC942}") = "INSTALL", "INSTALL.vcxproj", "{6F349541-6857-3A2D-A7A8-A14E1F8EB425}"
	ProjectSection(ProjectDependencies) = postProject
		{ABA797C4-2734-350F-9EBF-0FF9C37BDC11} = {ABA797C4-2734-350F-9EBF-0FF9C37BDC11}
		{56FE7D49-23C2-329E-9724-81A37A0AF4AF} = {56FE7D49-23C2-329E-9724-81A37A0AF4AF}
	EndProjectSection
EndProject
Project("{8BC9CEB8-8B4A-11D0-8D11-00A0C91BC942}") = "ZERO_CHECK", "..\..\\ZERO_CHECK.vcxproj", "{56FE7D49-23C2-329E-9724-81A37A0AF4AF}"
	ProjectSection(ProjectDependencies) = postProject
	EndProjectSection
EndProject
Project("{8BC9CEB8-8B4A-11D0-8D11-00A0C91BC942}") = "boing", "examples\boing.vcxproj", "{80422242-3BA4-34C3-997A-37EBC551C1D7}"
	ProjectSection(ProjectDependencies) = postProject
		{56FE7D49-23C2-329E-9724-81A37A0AF4AF} = {56FE7D49-23C2-329E-9724-81A37A0AF4AF}
		{A4239901-0381-35C6-B686-F4E21E431277} = {A4239901-0381-35C6-B686-F4E21E431277}
	EndProjectSection
EndProject
Project("{8BC9CEB8-8B4A-11D0-8D11-00A0C91BC942}") = "clipboard", "tests\clipboard.vcxproj", "{876146ED-C997-350C-A348-224CABAC8A08}"
	ProjectSection(ProjectDependencies) = postProject
		{56FE7D49-23C2-329E-9724-81A37A0AF4AF} = {56FE7D49-23C2-329E-9724-81A37A0AF4AF}
		{A4239901-0381-35C6-B686-F4E21E431277} = {A4239901-0381-35C6-B686-F4E21E431277}
	EndProjectSection
EndProject
Project("{8BC9CEB8-8B4A-11D0-8D11-00A0C91BC942}") = "cursor", "tests\cursor.vcxproj", "{729996BD-3B54-3E46-98FD-778DBAADDE2D}"
	ProjectSection(ProjectDependencies) = postProject
		{56FE7D49-23C2-329E-9724-81A37A0AF4AF} = {56FE7D49-23C2-329E-9724-81A37A0AF4AF}
		{A4239901-0381-35C6-B686-F4E21E431277} = {A4239901-0381-35C6-B686-F4E21E431277}
	EndProjectSection
EndProject
Project("{8BC9CEB8-8B4A-11D0-8D11-00A0C91BC942}") = "empty", "tests\empty.vcxproj", "{97633782-1F21-35DC-8228-4F8261B1AAF5}"
	ProjectSection(ProjectDependencies) = postProject
		{56FE7D49-23C2-329E-9724-81A37A0AF4AF} = {56FE7D49-23C2-329E-9724-81A37A0AF4AF}
		{A4239901-0381-35C6-B686-F4E21E431277} = {A4239901-0381-35C6-B686-F4E21E431277}
	EndProjectSection
EndProject
Project("{8BC9CEB8-8B4A-11D0-8D11-00A0C91BC942}") = "events", "tests\events.vcxproj", "{0A4ACCDE-96EF-39A8-81E0-A8981F5E9F73}"
	ProjectSection(ProjectDependencies) = postProject
		{56FE7D49-23C2-329E-9724-81A37A0AF4AF} = {56FE7D49-23C2-329E-9724-81A37A0AF4AF}
		{A4239901-0381-35C6-B686-F4E21E431277} = {A4239901-0381-35C6-B686-F4E21E431277}
	EndProjectSection
EndProject
Project("{8BC9CEB8-8B4A-11D0-8D11-00A0C91BC942}") = "gamma", "tests\gamma.vcxproj", "{9A3EF1E3-C821-3B39-A0F0-26361EEF9A5E}"
	ProjectSection(ProjectDependencies) = postProject
		{56FE7D49-23C2-329E-9724-81A37A0AF4AF} = {56FE7D49-23C2-329E-9724-81A37A0AF4AF}
		{A4239901-0381-35C6-B686-F4E21E431277} = {A4239901-0381-35C6-B686-F4E21E431277}
	EndProjectSection
EndProject
Project("{8BC9CEB8-8B4A-11D0-8D11-00A0C91BC942}") = "gears", "examples\gears.vcxproj", "{9523721A-2FE3-3C2F-A109-D10D4F0B5BEF}"
	ProjectSection(ProjectDependencies) = postProject
		{56FE7D49-23C2-329E-9724-81A37A0AF4AF} = {56FE7D49-23C2-329E-9724-81A37A0AF4AF}
		{A4239901-0381-35C6-B686-F4E21E431277} = {A4239901-0381-35C6-B686-F4E21E431277}
	EndProjectSection
EndProject
Project("{8BC9CEB8-8B4A-11D0-8D11-00A0C91BC942}") = "glfw", "src\glfw.vcxproj", "{A4239901-0381-35C6-B686-F4E21E431277}"
	ProjectSection(ProjectDependencies) = postProject
		{56FE7D49-23C2-329E-9724-81A37A0AF4AF} = {56FE7D49-23C2-329E-9724-81A37A0AF4AF}
	EndProjectSection
EndProject
Project("{8BC9CEB8-8B4A-11D0-8D11-00A0C91BC942}") = "glfwinfo", "tests\glfwinfo.vcxproj", "{7AF90EC4-DED1-39A7-A8BE-BBA630231BDD}"
	ProjectSection(ProjectDependencies) = postProject
		{56FE7D49-23C2-329E-9724-81A37A0AF4AF} = {56FE7D49-23C2-329E-9724-81A37A0AF4AF}
		{A4239901-0381-35C6-B686-F4E21E431277} = {A4239901-0381-35C6-B686-F4E21E431277}
	EndProjectSection
EndProject
Project("{8BC9CEB8-8B4A-11D0-8D11-00A0C91BC942}") = "heightmap", "examples\heightmap.vcxproj", "{152E729D-3F28-37C7-B988-368A811001DA}"
	ProjectSection(ProjectDependencies) = postProject
		{56FE7D49-23C2-329E-9724-81A37A0AF4AF} = {56FE7D49-23C2-329E-9724-81A37A0AF4AF}
		{A4239901-0381-35C6-B686-F4E21E431277} = {A4239901-0381-35C6-B686-F4E21E431277}
	EndProjectSection
EndProject
Project("{8BC9CEB8-8B4A-11D0-8D11-00A0C91BC942}") = "iconify", "tests\iconify.vcxproj", "{0ABA4E67-B9C8-3927-836B-125E1DD53D2F}"
	ProjectSection(ProjectDependencies) = postProject
		{56FE7D49-23C2-329E-9724-81A37A0AF4AF} = {56FE7D49-23C2-329E-9724-81A37A0AF4AF}
		{A4239901-0381-35C6-B686-F4E21E431277} = {A4239901-0381-35C6-B686-F4E21E431277}
	EndProjectSection
EndProject
Project("{8BC9CEB8-8B4A-11D0-8D11-00A0C91BC942}") = "joysticks", "tests\joysticks.vcxproj", "{041A89DF-FB17-3C12-BEF0-EF2FEA712BEE}"
	ProjectSection(ProjectDependencies) = postProject
		{56FE7D49-23C2-329E-9724-81A37A0AF4AF} = {56FE7D49-23C2-329E-9724-81A37A0AF4AF}
		{A4239901-0381-35C6-B686-F4E21E431277} = {A4239901-0381-35C6-B686-F4E21E431277}
	EndProjectSection
EndProject
Project("{8BC9CEB8-8B4A-11D0-8D11-00A0C91BC942}") = "monitors", "tests\monitors.vcxproj", "{4DC67C87-049D-3CA3-B8F3-05ED148F6FD2}"
	ProjectSection(ProjectDependencies) = postProject
		{56FE7D49-23C2-329E-9724-81A37A0AF4AF} = {56FE7D49-23C2-329E-9724-81A37A0AF4AF}
		{A4239901-0381-35C6-B686-F4E21E431277} = {A4239901-0381-35C6-B686-F4E21E431277}
	EndProjectSection
EndProject
Project("{8BC9CEB8-8B4A-11D0-8D11-00A0C91BC942}") = "msaa", "tests\msaa.vcxproj", "{0C1D1BAB-08E6-3D48-96F9-AD4D782B9460}"
	ProjectSection(ProjectDependencies) = postProject
		{56FE7D49-23C2-329E-9724-81A37A0AF4AF} = {56FE7D49-23C2-329E-9724-81A37A0AF4AF}
		{A4239901-0381-35C6-B686-F4E21E431277} = {A4239901-0381-35C6-B686-F4E21E431277}
	EndProjectSection
EndProject
Project("{8BC9CEB8-8B4A-11D0-8D11-00A0C91BC942}") = "particles", "examples\particles.vcxproj", "{A95424FC-1B0A-32C4-B1A1-EF66B5BFE71B}"
	ProjectSection(ProjectDependencies) = postProject
		{56FE7D49-23C2-329E-9724-81A37A0AF4AF} = {56FE7D49-23C2-329E-9724-81A37A0AF4AF}
		{A4239901-0381-35C6-B686-F4E21E431277} = {A4239901-0381-35C6-B686-F4E21E431277}
	EndProjectSection
EndProject
Project("{8BC9CEB8-8B4A-11D0-8D11-00A0C91BC942}") = "reopen", "tests\reopen.vcxproj", "{8F9E5FC6-0610-35B4-BD66-E7D0933DBC36}"
	ProjectSection(ProjectDependencies) = postProject
		{56FE7D49-23C2-329E-9724-81A37A0AF4AF} = {56FE7D49-23C2-329E-9724-81A37A0AF4AF}
		{A4239901-0381-35C6-B686-F4E21E431277} = {A4239901-0381-35C6-B686-F4E21E431277}
	EndProjectSection
EndProject
Project("{8BC9CEB8-8B4A-11D0-8D11-00A0C91BC942}") = "sharing", "tests\sharing.vcxproj", "{A3BE1C1C-BA86-3EE0-B399-FAD62216D9C3}"
	ProjectSection(ProjectDependencies) = postProject
		{56FE7D49-23C2-329E-9724-81A37A0AF4AF} = {56FE7D49-23C2-329E-9724-81A37A0AF4AF}
		{A4239901-0381-35C6-B686-F4E21E431277} = {A4239901-0381-35C6-B686-F4E21E431277}
	EndProjectSection
EndProject
Project("{8BC9CEB8-8B4A-11D0-8D11-00A0C91BC942}") = "simple", "examples\simple.vcxproj", "{AC77EE7E-25B4-31CB-88C9-18E9CE9736F1}"
	ProjectSection(ProjectDependencies) = postProject
		{56FE7D49-23C2-329E-9724-81A37A0AF4AF} = {56FE7D49-23C2-329E-9724-81A37A0AF4AF}
		{A4239901-0381-35C6-B686-F4E21E431277} = {A4239901-0381-35C6-B686-F4E21E431277}
	EndProjectSection
EndProject
Project("{8BC9CEB8-8B4A-11D0-8D11-00A0C91BC942}") = "splitview", "examples\splitview.vcxproj", "{4A5503D5-584B-3A61-8089-40D4B9DDC8E4}"
	ProjectSection(ProjectDependencies) = postProject
		{56FE7D49-23C2-329E-9724-81A37A0AF4AF} = {56FE7D49-23C2-329E-9724-81A37A0AF4AF}
		{A4239901-0381-35C6-B686-F4E21E431277} = {A4239901-0381-35C6-B686-F4E21E431277}
	EndProjectSection
EndProject
Project("{8BC9CEB8-8B4A-11D0-8D11-00A0C91BC942}") = "tearing", "tests\tearing.vcxproj", "{529467B3-ED2B-3AFC-B10C-F32E3E3E2474}"
	ProjectSection(ProjectDependencies) = postProject
		{56FE7D49-23C2-329E-9724-81A37A0AF4AF} = {56FE7D49-23C2-329E-9724-81A37A0AF4AF}
		{A4239901-0381-35C6-B686-F4E21E431277} = {A4239901-0381-35C6-B686-F4E21E431277}
	EndProjectSection
EndProject
Project("{8BC9CEB8-8B4A-11D0-8D11-00A0C91BC942}") = "threads", "tests\threads.vcxproj", "{C6EF544B-53A0-3F25-8211-62C8F0B84674}"
	ProjectSection(ProjectDependencies) = postProject
		{56FE7D49-23C2-329E-9724-81A37A0AF4AF} = {56FE7D49-23C2-329E-9724-81A37A0AF4AF}
		{A4239901-0381-35C6-B686-F4E21E431277} = {A4239901-0381-35C6-B686-F4E21E431277}
	EndProjectSection
EndProject
Project("{8BC9CEB8-8B4A-11D0-8D11-00A0C91BC942}") = "title", "tests\title.vcxproj", "{992860F6-E850-3C11-9618-FBAA8E4CF6F4}"
	ProjectSection(ProjectDependencies) = postProject
		{56FE7D49-23C2-329E-9724-81A37A0AF4AF} = {56FE7D49-23C2-329E-9724-81A37A0AF4AF}
		{A4239901-0381-35C6-B686-F4E21E431277} = {A4239901-0381-35C6-B686-F4E21E431277}
	EndProjectSection
EndProject
Project("{8BC9CEB8-8B4A-11D0-8D11-00A0C91BC942}") = "uninstall", "uninstall.vcxproj", "{9556AD0D-A974-30E6-82FF-94133C0FBB20}"
	ProjectSection(ProjectDependencies) = postProject
		{56FE7D49-23C2-329E-9724-81A37A0AF4AF} = {56FE7D49-23C2-329E-9724-81A37A0AF4AF}
	EndProjectSection
EndProject
Project("{8BC9CEB8-8B4A-11D0-8D11-00A0C91BC942}") = "wave", "examples\wave.vcxproj", "{325F9477-359B-3097-9F72-7238F53F1C9A}"
	ProjectSection(ProjectDependencies) = postProject
		{56FE7D49-23C2-329E-9724-81A37A0AF4AF} = {56FE7D49-23C2-329E-9724-81A37A0AF4AF}
		{A4239901-0381-35C6-B686-F4E21E431277} = {A4239901-0381-35C6-B686-F4E21E431277}
	EndProjectSection
EndProject
Project("{8BC9CEB8-8B4A-11D0-8D11-00A0C91BC942}") = "windows", "tests\windows.vcxproj", "{7DD403D2-4CF3-3898-9066-3851C7518C22}"
	ProjectSection(ProjectDependencies) = postProject
		{56FE7D49-23C2-329E-9724-81A37A0AF4AF} = {56FE7D49-23C2-329E-9724-81A37A0AF4AF}
		{A4239901-0381-35C6-B686-F4E21E431277} = {A4239901-0381-35C6-B686-F4E21E431277}
	EndProjectSection
EndProject
Global
	GlobalSection(SolutionConfigurationPlatforms) = preSolution
		Debug|x64 = Debug|x64
		Release|x64 = Release|x64
		MinSizeRel|x64 = MinSizeRel|x64
		RelWithDebInfo|x64 = RelWithDebInfo|x64
	EndGlobalSection
	GlobalSection(ProjectConfigurationPlatforms) = postSolution
		{ABA797C4-2734-350F-9EBF-0FF9C37BDC11}.Debug|x64.ActiveCfg = Debug|x64
		{ABA797C4-2734-350F-9EBF-0FF9C37BDC11}.Debug|x64.Build.0 = Debug|x64
		{ABA797C4-2734-350F-9EBF-0FF9C37BDC11}.Release|x64.ActiveCfg = Release|x64
		{ABA797C4-2734-350F-9EBF-0FF9C37BDC11}.Release|x64.Build.0 = Release|x64
		{ABA797C4-2734-350F-9EBF-0FF9C37BDC11}.MinSizeRel|x64.ActiveCfg = MinSizeRel|x64
		{ABA797C4-2734-350F-9EBF-0FF9C37BDC11}.MinSizeRel|x64.Build.0 = MinSizeRel|x64
		{ABA797C4-2734-350F-9EBF-0FF9C37BDC11}.RelWithDebInfo|x64.ActiveCfg = RelWithDebInfo|x64
		{ABA797C4-2734-350F-9EBF-0FF9C37BDC11}.RelWithDebInfo|x64.Build.0 = RelWithDebInfo|x64
		{6F349541-6857-3A2D-A7A8-A14E1F8EB425}.Debug|x64.ActiveCfg = Debug|x64
		{6F349541-6857-3A2D-A7A8-A14E1F8EB425}.Release|x64.ActiveCfg = Release|x64
		{6F349541-6857-3A2D-A7A8-A14E1F8EB425}.MinSizeRel|x64.ActiveCfg = MinSizeRel|x64
		{6F349541-6857-3A2D-A7A8-A14E1F8EB425}.RelWithDebInfo|x64.ActiveCfg = RelWithDebInfo|x64
		{56FE7D49-23C2-329E-9724-81A37A0AF4AF}.Debug|x64.ActiveCfg = Debug|x64
		{56FE7D49-23C2-329E-9724-81A37A0AF4AF}.Debug|x64.Build.0 = Debug|x64
		{56FE7D49-23C2-329E-9724-81A37A0AF4AF}.Release|x64.ActiveCfg = Release|x64
		{56FE7D49-23C2-329E-9724-81A37A0AF4AF}.Release|x64.Build.0 = Release|x64
		{56FE7D49-23C2-329E-9724-81A37A0AF4AF}.MinSizeRel|x64.ActiveCfg = MinSizeRel|x64
		{56FE7D49-23C2-329E-9724-81A37A0AF4AF}.MinSizeRel|x64.Build.0 = MinSizeRel|x64
		{56FE7D49-23C2-329E-9724-81A37A0AF4AF}.RelWithDebInfo|x64.ActiveCfg = RelWithDebInfo|x64
		{56FE7D49-23C2-329E-9724-81A37A0AF4AF}.RelWithDebInfo|x64.Build.0 = RelWithDebInfo|x64
		{80422242-3BA4-34C3-997A-37EBC551C1D7}.Debug|x64.ActiveCfg = Debug|x64
		{80422242-3BA4-34C3-997A-37EBC551C1D7}.Debug|x64.Build.0 = Debug|x64
		{80422242-3BA4-34C3-997A-37EBC551C1D7}.Release|x64.ActiveCfg = Release|x64
		{80422242-3BA4-34C3-997A-37EBC551C1D7}.Release|x64.Build.0 = Release|x64
		{80422242-3BA4-34C3-997A-37EBC551C1D7}.MinSizeRel|x64.ActiveCfg = MinSizeRel|x64
		{80422242-3BA4-34C3-997A-37EBC551C1D7}.MinSizeRel|x64.Build.0 = MinSizeRel|x64
		{80422242-3BA4-34C3-997A-37EBC551C1D7}.RelWithDebInfo|x64.ActiveCfg = RelWithDebInfo|x64
		{80422242-3BA4-34C3-997A-37EBC551C1D7}.RelWithDebInfo|x64.Build.0 = RelWithDebInfo|x64
		{876146ED-C997-350C-A348-224CABAC8A08}.Debug|x64.ActiveCfg = Debug|x64
		{876146ED-C997-350C-A348-224CABAC8A08}.Debug|x64.Build.0 = Debug|x64
		{876146ED-C997-350C-A348-224CABAC8A08}.Release|x64.ActiveCfg = Release|x64
		{876146ED-C997-350C-A348-224CABAC8A08}.Release|x64.Build.0 = Release|x64
		{876146ED-C997-350C-A348-224CABAC8A08}.MinSizeRel|x64.ActiveCfg = MinSizeRel|x64
		{876146ED-C997-350C-A348-224CABAC8A08}.MinSizeRel|x64.Build.0 = MinSizeRel|x64
		{876146ED-C997-350C-A348-224CABAC8A08}.RelWithDebInfo|x64.ActiveCfg = RelWithDebInfo|x64
		{876146ED-C997-350C-A348-224CABAC8A08}.RelWithDebInfo|x64.Build.0 = RelWithDebInfo|x64
		{729996BD-3B54-3E46-98FD-778DBAADDE2D}.Debug|x64.ActiveCfg = Debug|x64
		{729996BD-3B54-3E46-98FD-778DBAADDE2D}.Debug|x64.Build.0 = Debug|x64
		{729996BD-3B54-3E46-98FD-778DBAADDE2D}.Release|x64.ActiveCfg = Release|x64
		{729996BD-3B54-3E46-98FD-778DBAADDE2D}.Release|x64.Build.0 = Release|x64
		{729996BD-3B54-3E46-98FD-778DBAADDE2D}.MinSizeRel|x64.ActiveCfg = MinSizeRel|x64
		{729996BD-3B54-3E46-98FD-778DBAADDE2D}.MinSizeRel|x64.Build.0 = MinSizeRel|x64
		{729996BD-3B54-3E46-98FD-778DBAADDE2D}.RelWithDebInfo|x64.ActiveCfg = RelWithDebInfo|x64
		{729996BD-3B54-3E46-98FD-778DBAADDE2D}.RelWithDebInfo|x64.Build.0 = RelWithDebInfo|x64
		{97633782-1F21-35DC-8228-4F8261B1AAF5}.Debug|x64.ActiveCfg = Debug|x64
		{97633782-1F21-35DC-8228-4F8261B1AAF5}.Debug|x64.Build.0 = Debug|x64
		{97633782-1F21-35DC-8228-4F8261B1AAF5}.Release|x64.ActiveCfg = Release|x64
		{97633782-1F21-35DC-8228-4F8261B1AAF5}.Release|x64.Build.0 = Release|x64
		{97633782-1F21-35DC-8228-4F8261B1AAF5}.MinSizeRel|x64.ActiveCfg = MinSizeRel|x64
		{97633782-1F21-35DC-8228-4F8261B1AAF5}.MinSizeRel|x64.Build.0 = MinSizeRel|x64
		{97633782-1F21-35DC-8228-4F8261B1AAF5}.RelWithDebInfo|x64.ActiveCfg = RelWithDebInfo|x64
		{97633782-1F21-35DC-8228-4F8261B1AAF5}.RelWithDebInfo|x64.Build.0 = RelWithDebInfo|x64
		{0A4ACCDE-96EF-39A8-81E0-A8981F5E9F73}.Debug|x64.ActiveCfg = Debug|x64
		{0A4ACCDE-96EF-39A8-81E0-A8981F5E9F73}.Debug|x64.Build.0 = Debug|x64
		{0A4ACCDE-96EF-39A8-81E0-A8981F5E9F73}.Release|x64.ActiveCfg = Release|x64
		{0A4ACCDE-96EF-39A8-81E0-A8981F5E9F73}.Release|x64.Build.0 = Release|x64
		{0A4ACCDE-96EF-39A8-81E0-A8981F5E9F73}.MinSizeRel|x64.ActiveCfg = MinSizeRel|x64
		{0A4ACCDE-96EF-39A8-81E0-A8981F5E9F73}.MinSizeRel|x64.Build.0 = MinSizeRel|x64
		{0A4ACCDE-96EF-39A8-81E0-A8981F5E9F73}.RelWithDebInfo|x64.ActiveCfg = RelWithDebInfo|x64
		{0A4ACCDE-96EF-39A8-81E0-A8981F5E9F73}.RelWithDebInfo|x64.Build.0 = RelWithDebInfo|x64
		{9A3EF1E3-C821-3B39-A0F0-26361EEF9A5E}.Debug|x64.ActiveCfg = Debug|x64
		{9A3EF1E3-C821-3B39-A0F0-26361EEF9A5E}.Debug|x64.Build.0 = Debug|x64
		{9A3EF1E3-C821-3B39-A0F0-26361EEF9A5E}.Release|x64.ActiveCfg = Release|x64
		{9A3EF1E3-C821-3B39-A0F0-26361EEF9A5E}.Release|x64.Build.0 = Release|x64
		{9A3EF1E3-C821-3B39-A0F0-26361EEF9A5E}.MinSizeRel|x64.ActiveCfg = MinSizeRel|x64
		{9A3EF1E3-C821-3B39-A0F0-26361EEF9A5E}.MinSizeRel|x64.Build.0 = MinSizeRel|x64
		{9A3EF1E3-C821-3B39-A0F0-26361EEF9A5E}.RelWithDebInfo|x64.ActiveCfg = RelWithDebInfo|x64
		{9A3EF1E3-C821-3B39-A0F0-26361EEF9A5E}.RelWithDebInfo|x64.Build.0 = RelWithDebInfo|x64
		{9523721A-2FE3-3C2F-A109-D10D4F0B5BEF}.Debug|x64.ActiveCfg = Debug|x64
		{9523721A-2FE3-3C2F-A109-D10D4F0B5BEF}.Debug|x64.Build.0 = Debug|x64
		{9523721A-2FE3-3C2F-A109-D10D4F0B5BEF}.Release|x64.ActiveCfg = Release|x64
		{9523721A-2FE3-3C2F-A109-D10D4F0B5BEF}.Release|x64.Build.0 = Release|x64
		{9523721A-2FE3-3C2F-A109-D10D4F0B5BEF}.MinSizeRel|x64.ActiveCfg = MinSizeRel|x64
		{9523721A-2FE3-3C2F-A109-D10D4F0B5BEF}.MinSizeRel|x64.Build.0 = MinSizeRel|x64
		{9523721A-2FE3-3C2F-A109-D10D4F0B5BEF}.RelWithDebInfo|x64.ActiveCfg = RelWithDebInfo|x64
		{9523721A-2FE3-3C2F-A109-D10D4F0B5BEF}.RelWithDebInfo|x64.Build.0 = RelWithDebInfo|x64
		{A4239901-0381-35C6-B686-F4E21E431277}.Debug|x64.ActiveCfg = Debug|x64
		{A4239901-0381-35C6-B686-F4E21E431277}.Debug|x64.Build.0 = Debug|x64
		{A4239901-0381-35C6-B686-F4E21E431277}.Release|x64.ActiveCfg = Release|x64
		{A4239901-0381-35C6-B686-F4E21E431277}.Release|x64.Build.0 = Release|x64
		{A4239901-0381-35C6-B686-F4E21E431277}.MinSizeRel|x64.ActiveCfg = MinSizeRel|x64
		{A4239901-0381-35C6-B686-F4E21E431277}.MinSizeRel|x64.Build.0 = MinSizeRel|x64
		{A4239901-0381-35C6-B686-F4E21E431277}.RelWithDebInfo|x64.ActiveCfg = RelWithDebInfo|x64
		{A4239901-0381-35C6-B686-F4E21E431277}.RelWithDebInfo|x64.Build.0 = RelWithDebInfo|x64
		{7AF90EC4-DED1-39A7-A8BE-BBA630231BDD}.Debug|x64.ActiveCfg = Debug|x64
		{7AF90EC4-DED1-39A7-A8BE-BBA630231BDD}.Debug|x64.Build.0 = Debug|x64
		{7AF90EC4-DED1-39A7-A8BE-BBA630231BDD}.Release|x64.ActiveCfg = Release|x64
		{7AF90EC4-DED1-39A7-A8BE-BBA630231BDD}.Release|x64.Build.0 = Release|x64
		{7AF90EC4-DED1-39A7-A8BE-BBA630231BDD}.MinSizeRel|x64.ActiveCfg = MinSizeRel|x64
		{7AF90EC4-DED1-39A7-A8BE-BBA630231BDD}.MinSizeRel|x64.Build.0 = MinSizeRel|x64
		{7AF90EC4-DED1-39A7-A8BE-BBA630231BDD}.RelWithDebInfo|x64.ActiveCfg = RelWithDebInfo|x64
		{7AF90EC4-DED1-39A7-A8BE-BBA630231BDD}.RelWithDebInfo|x64.Build.0 = RelWithDebInfo|x64
		{152E729D-3F28-37C7-B988-368A811001DA}.Debug|x64.ActiveCfg = Debug|x64
		{152E729D-3F28-37C7-B988-368A811001DA}.Debug|x64.Build.0 = Debug|x64
		{152E729D-3F28-37C7-B988-368A811001DA}.Release|x64.ActiveCfg = Release|x64
		{152E729D-3F28-37C7-B988-368A811001DA}.Release|x64.Build.0 = Release|x64
		{152E729D-3F28-37C7-B988-368A811001DA}.MinSizeRel|x64.ActiveCfg = MinSizeRel|x64
		{152E729D-3F28-37C7-B988-368A811001DA}.MinSizeRel|x64.Build.0 = MinSizeRel|x64
		{152E729D-3F28-37C7-B988-368A811001DA}.RelWithDebInfo|x64.ActiveCfg = RelWithDebInfo|x64
		{152E729D-3F28-37C7-B988-368A811001DA}.RelWithDebInfo|x64.Build.0 = RelWithDebInfo|x64
		{0ABA4E67-B9C8-3927-836B-125E1DD53D2F}.Debug|x64.ActiveCfg = Debug|x64
		{0ABA4E67-B9C8-3927-836B-125E1DD53D2F}.Debug|x64.Build.0 = Debug|x64
		{0ABA4E67-B9C8-3927-836B-125E1DD53D2F}.Release|x64.ActiveCfg = Release|x64
		{0ABA4E67-B9C8-3927-836B-125E1DD53D2F}.Release|x64.Build.0 = Release|x64
		{0ABA4E67-B9C8-3927-836B-125E1DD53D2F}.MinSizeRel|x64.ActiveCfg = MinSizeRel|x64
		{0ABA4E67-B9C8-3927-836B-125E1DD53D2F}.MinSizeRel|x64.Build.0 = MinSizeRel|x64
		{0ABA4E67-B9C8-3927-836B-125E1DD53D2F}.RelWithDebInfo|x64.ActiveCfg = RelWithDebInfo|x64
		{0ABA4E67-B9C8-3927-836B-125E1DD53D2F}.RelWithDebInfo|x64.Build.0 = RelWithDebInfo|x64
		{041A89DF-FB17-3C12-BEF0-EF2FEA712BEE}.Debug|x64.ActiveCfg = Debug|x64
		{041A89DF-FB17-3C12-BEF0-EF2FEA712BEE}.Debug|x64.Build.0 = Debug|x64
		{041A89DF-FB17-3C12-BEF0-EF2FEA712BEE}.Release|x64.ActiveCfg = Release|x64
		{041A89DF-FB17-3C12-BEF0-EF2FEA712BEE}.Release|x64.Build.0 = Release|x64
		{041A89DF-FB17-3C12-BEF0-EF2FEA712BEE}.MinSizeRel|x64.ActiveCfg = MinSizeRel|x64
		{041A89DF-FB17-3C12-BEF0-EF2FEA712BEE}.MinSizeRel|x64.Build.0 = MinSizeRel|x64
		{041A89DF-FB17-3C12-BEF0-EF2FEA712BEE}.RelWithDebInfo|x64.ActiveCfg = RelWithDebInfo|x64
		{041A89DF-FB17-3C12-BEF0-EF2FEA712BEE}.RelWithDebInfo|x64.Build.0 = RelWithDebInfo|x64
		{4DC67C87-049D-3CA3-B8F3-05ED148F6FD2}.Debug|x64.ActiveCfg = Debug|x64
		{4DC67C87-049D-3CA3-B8F3-05ED148F6FD2}.Debug|x64.Build.0 = Debug|x64
		{4DC67C87-049D-3CA3-B8F3-05ED148F6FD2}.Release|x64.ActiveCfg = Release|x64
		{4DC67C87-049D-3CA3-B8F3-05ED148F6FD2}.Release|x64.Build.0 = Release|x64
		{4DC67C87-049D-3CA3-B8F3-05ED148F6FD2}.MinSizeRel|x64.ActiveCfg = MinSizeRel|x64
		{4DC67C87-049D-3CA3-B8F3-05ED148F6FD2}.MinSizeRel|x64.Build.0 = MinSizeRel|x64
		{4DC67C87-049D-3CA3-B8F3-05ED148F6FD2}.RelWithDebInfo|x64.ActiveCfg = RelWithDebInfo|x64
		{4DC67C87-049D-3CA3-B8F3-05ED148F6FD2}.RelWithDebInfo|x64.Build.0 = RelWithDebInfo|x64
		{0C1D1BAB-08E6-3D48-96F9-AD4D782B9460}.Debug|x64.ActiveCfg = Debug|x64
		{0C1D1BAB-08E6-3D48-96F9-AD4D782B9460}.Debug|x64.Build.0 = Debug|x64
		{0C1D1BAB-08E6-3D48-96F9-AD4D782B9460}.Release|x64.ActiveCfg = Release|x64
		{0C1D1BAB-08E6-3D48-96F9-AD4D782B9460}.Release|x64.Build.0 = Release|x64
		{0C1D1BAB-08E6-3D48-96F9-AD4D782B9460}.MinSizeRel|x64.ActiveCfg = MinSizeRel|x64
		{0C1D1BAB-08E6-3D48-96F9-AD4D782B9460}.MinSizeRel|x64.Build.0 = MinSizeRel|x64
		{0C1D1BAB-08E6-3D48-96F9-AD4D782B9460}.RelWithDebInfo|x64.ActiveCfg = RelWithDebInfo|x64
		{0C1D1BAB-08E6-3D48-96F9-AD4D782B9460}.RelWithDebInfo|x64.Build.0 = RelWithDebInfo|x64
		{A95424FC-1B0A-32C4-B1A1-EF66B5BFE71B}.Debug|x64.ActiveCfg = Debug|x64
		{A95424FC-1B0A-32C4-B1A1-EF66B5BFE71B}.Debug|x64.Build.0 = Debug|x64
		{A95424FC-1B0A-32C4-B1A1-EF66B5BFE71B}.Release|x64.ActiveCfg = Release|x64
		{A95424FC-1B0A-32C4-B1A1-EF66B5BFE71B}.Release|x64.Build.0 = Release|x64
		{A95424FC-1B0A-32C4-B1A1-EF66B5BFE71B}.MinSizeRel|x64.ActiveCfg = MinSizeRel|x64
		{A95424FC-1B0A-32C4-B1A1-EF66B5BFE71B}.MinSizeRel|x64.Build.0 = MinSizeRel|x64
		{A95424FC-1B0A-32C4-B1A1-EF66B5BFE71B}.RelWithDebInfo|x64.ActiveCfg = RelWithDebInfo|x64
		{A95424FC-1B0A-32C4-B1A1-EF66B5BFE71B}.RelWithDebInfo|x64.Build.0 = RelWithDebInfo|x64
		{8F9E5FC6-0610-35B4-BD66-E7D0933DBC36}.Debug|x64.ActiveCfg = Debug|x64
		{8F9E5FC6-0610-35B4-BD66-E7D0933DBC36}.Debug|x64.Build.0 = Debug|x64
		{8F9E5FC6-0610-35B4-BD66-E7D0933DBC36}.Release|x64.ActiveCfg = Release|x64
		{8F9E5FC6-0610-35B4-BD66-E7D0933DBC36}.Release|x64.Build.0 = Release|x64
		{8F9E5FC6-0610-35B4-BD66-E7D0933DBC36}.MinSizeRel|x64.ActiveCfg = MinSizeRel|x64
		{8F9E5FC6-0610-35B4-BD66-E7D0933DBC36}.MinSizeRel|x64.Build.0 = MinSizeRel|x64
		{8F9E5FC6-0610-35B4-BD66-E7D0933DBC36}.RelWithDebInfo|x64.ActiveCfg = RelWithDebInfo|x64
		{8F9E5FC6-0610-35B4-BD66-E7D0933DBC36}.RelWithDebInfo|x64.Build.0 = RelWithDebInfo|x64
		{A3BE1C1C-BA86-3EE0-B399-FAD62216D9C3}.Debug|x64.ActiveCfg = Debug|x64
		{A3BE1C1C-BA86-3EE0-B399-FAD62216D9C3}.Debug|x64.Build.0 = Debug|x64
		{A3BE1C1C-BA86-3EE0-B399-FAD62216D9C3}.Release|x64.ActiveCfg = Release|x64
		{A3BE1C1C-BA86-3EE0-B399-FAD62216D9C3}.Release|x64.Build.0 = Release|x64
		{A3BE1C1C-BA86-3EE0-B399-FAD62216D9C3}.MinSizeRel|x64.ActiveCfg = MinSizeRel|x64
		{A3BE1C1C-BA86-3EE0-B399-FAD62216D9C3}.MinSizeRel|x64.Build.0 = MinSizeRel|x64
		{A3BE1C1C-BA86-3EE0-B399-FAD62216D9C3}.RelWithDebInfo|x64.ActiveCfg = RelWithDebInfo|x64
		{A3BE1C1C-BA86-3EE0-B399-FAD62216D9C3}.RelWithDebInfo|x64.Build.0 = RelWithDebInfo|x64
		{AC77EE7E-25B4-31CB-88C9-18E9CE9736F1}.Debug|x64.ActiveCfg = Debug|x64
		{AC77EE7E-25B4-31CB-88C9-18E9CE9736F1}.Debug|x64.Build.0 = Debug|x64
		{AC77EE7E-25B4-31CB-88C9-18E9CE9736F1}.Release|x64.ActiveCfg = Release|x64
		{AC77EE7E-25B4-31CB-88C9-18E9CE9736F1}.Release|x64.Build.0 = Release|x64
		{AC77EE7E-25B4-31CB-88C9-18E9CE9736F1}.MinSizeRel|x64.ActiveCfg = MinSizeRel|x64
		{AC77EE7E-25B4-31CB-88C9-18E9CE9736F1}.MinSizeRel|x64.Build.0 = MinSizeRel|x64
		{AC77EE7E-25B4-31CB-88C9-18E9CE9736F1}.RelWithDebInfo|x64.ActiveCfg = RelWithDebInfo|x64
		{AC77EE7E-25B4-31CB-88C9-18E9CE9736F1}.RelWithDebInfo|x64.Build.0 = RelWithDebInfo|x64
		{4A5503D5-584B-3A61-8089-40D4B9DDC8E4}.Debug|x64.ActiveCfg = Debug|x64
		{4A5503D5-584B-3A61-8089-40D4B9DDC8E4}.Debug|x64.Build.0 = Debug|x64
		{4A5503D5-584B-3A61-8089-40D4B9DDC8E4}.Release|x64.ActiveCfg = Release|x64
		{4A5503D5-584B-3A61-8089-40D4B9DDC8E4}.Release|x64.Build.0 = Release|x64
		{4A5503D5-584B-3A61-8089-40D4B9DDC8E4}.MinSizeRel|x64.ActiveCfg = MinSizeRel|x64
		{4A5503D5-584B-3A61-8089-40D4B9DDC8E4}.MinSizeRel|x64.Build.0 = MinSizeRel|x64
		{4A5503D5-584B-3A61-8089-40D4B9DDC8E4}.RelWithDebInfo|x64.ActiveCfg = RelWithDebInfo|x64
		{4A5503D5-584B-3A61-8089-40D4B9DDC8E4}.RelWithDebInfo|x64.Build.0 = RelWithDebInfo|x64
		{529467B3-ED2B-3AFC-B10C-F32E3E3E2474}.Debug|x64.ActiveCfg = Debug|x64
		{529467B3-ED2B-3AFC-B10C-F32E3E3E2474}.Debug|x64.Build.0 = Debug|x64
		{529467B3-ED2B-3AFC-B10C-F32E3E3E2474}.Release|x64.ActiveCfg = Release|x64
		{529467B3-ED2B-3AFC-B10C-F32E3E3E2474}.Release|x64.Build.0 = Release|x64
		{529467B3-ED2B-3AFC-B10C-F32E3E3E2474}.MinSizeRel|x64.ActiveCfg = MinSizeRel|x64
		{529467B3-ED2B-3AFC-B10C-F32E3E3E2474}.MinSizeRel|x64.Build.0 = MinSizeRel|x64
		{529467B3-ED2B-3AFC-B10C-F32E3E3E2474}.RelWithDebInfo|x64.ActiveCfg = RelWithDebInfo|x64
		{529467B3-ED2B-3AFC-B10C-F32E3E3E2474}.RelWithDebInfo|x64.Build.0 = RelWithDebInfo|x64
		{C6EF544B-53A0-3F25-8211-62C8F0B84674}.Debug|x64.ActiveCfg = Debug|x64
		{C6EF544B-53A0-3F25-8211-62C8F0B84674}.Debug|x64.Build.0 = Debug|x64
		{C6EF544B-53A0-3F25-8211-62C8F0B84674}.Release|x64.ActiveCfg = Release|x64
		{C6EF544B-53A0-3F25-8211-62C8F0B84674}.Release|x64.Build.0 = Release|x64
		{C6EF544B-53A0-3F25-8211-62C8F0B84674}.MinSizeRel|x64.ActiveCfg = MinSizeRel|x64
		{C6EF544B-53A0-3F25-8211-62C8F0B84674}.MinSizeRel|x64.Build.0 = MinSizeRel|x64
		{C6EF544B-53A0-3F25-8211-62C8F0B84674}.RelWithDebInfo|x64.ActiveCfg = RelWithDebInfo|x64
		{C6EF544B-53A0-3F25-8211-62C8F0B84674}.RelWithDebInfo|x64.Build.0 = RelWithDebInfo|x64
		{992860F6-E850-3C11-9618-FBAA8E4CF6F4}.Debug|x64.ActiveCfg = Debug|x64
		{992860F6-E850-3C11-9618-FBAA8E4CF6F4}.Debug|x64.Build.0 = Debug|x64
		{992860F6-E850-3C11-9618-FBAA8E4CF6F4}.Release|x64.ActiveCfg = Release|x64
		{992860F6-E850-3C11-9618-FBAA8E4CF6F4}.Release|x64.Build.0 = Release|x64
		{992860F6-E850-3C11-9618-FBAA8E4CF6F4}.MinSizeRel|x64.ActiveCfg = MinSizeRel|x64
		{992860F6-E850-3C11-9618-FBAA8E4CF6F4}.MinSizeRel|x64.Build.0 = MinSizeRel|x64
		{992860F6-E850-3C11-9618-FBAA8E4CF6F4}.RelWithDebInfo|x64.ActiveCfg = RelWithDebInfo|x64
		{992860F6-E850-3C11-9618-FBAA8E4CF6F4}.RelWithDebInfo|x64.Build.0 = RelWithDebInfo|x64
		{9556AD0D-A974-30E6-82FF-94133C0FBB20}.Debug|x64.ActiveCfg = Debug|x64
		{9556AD0D-A974-30E6-82FF-94133C0FBB20}.Release|x64.ActiveCfg = Release|x64
		{9556AD0D-A974-30E6-82FF-94133C0FBB20}.MinSizeRel|x64.ActiveCfg = MinSizeRel|x64
		{9556AD0D-A974-30E6-82FF-94133C0FBB20}.RelWithDebInfo|x64.ActiveCfg = RelWithDebInfo|x64
		{325F9477-359B-3097-9F72-7238F53F1C9A}.Debug|x64.ActiveCfg = Debug|x64
		{325F9477-359B-3097-9F72-7238F53F1C9A}.Debug|x64.Build.0 = Debug|x64
		{325F9477-359B-3097-9F72-7238F53F1C9A}.Release|x64.ActiveCfg = Release|x64
		{325F9477-359B-3097-9F72-7238F53F1C9A}.Release|x64.Build.0 = Release|x64
		{325F9477-359B-3097-9F72-7238F53F1C9A}.MinSizeRel|x64.ActiveCfg = MinSizeRel|x64
		{325F9477-359B-3097-9F72-7238F53F1C9A}.MinSizeRel|x64.Build.0 = MinSizeRel|x64
		{325F9477-359B-3097-9F72-7238F53F1C9A}.RelWithDebInfo|x64.ActiveCfg = RelWithDebInfo|x64
		{325F9477-359B-3097-9F72-7238F53F1C9A}.RelWithDebInfo|x64.Build.0 = RelWithDebInfo|x64
		{7DD403D2-4CF3-3898-9066-3851C7518C22}.Debug|x64.ActiveCfg = Debug|x64
		{7DD403D2-4CF3-3898-9066-3851C7518C22}.Debug|x64.Build.0 = Debug|x64
		{7DD403D2-4CF3-3898-9066-3851C7518C22}.Release|x64.ActiveCfg = Release|x64
		{7DD403D2-4CF3-3898-9066-3851C7518C22}.Release|x64.Build.0 = Release|x64
		{7DD403D2-4CF3-3898-9066-3851C7518C22}.MinSizeRel|x64.ActiveCfg = MinSizeRel|x64
		{7DD403D2-4CF3-3898-9066-3851C7518C22}.MinSizeRel|x64.Build.0 = MinSizeRel|x64
		{7DD403D2-4CF3-3898-9066-3851C7518C22}.RelWithDebInfo|x64.ActiveCfg = RelWithDebInfo|x64
		{7DD403D2-4CF3-3898-9066-3851C7518C22}.RelWithDebInfo|x64.Build.0 = RelWithDebInfo|x64
	EndGlobalSection
	GlobalSection(NestedProjects) = preSolution
		{ABA797C4-2734-350F-9EBF-0FF9C37BDC11} = {79689B17-BFEA-3D1B-B469-1AD68084B570}
		{6F349541-6857-3A2D-A7A8-A14E1F8EB425} = {79689B17-BFEA-3D1B-B469-1AD68084B570}
		{56FE7D49-23C2-329E-9724-81A37A0AF4AF} = {79689B17-BFEA-3D1B-B469-1AD68084B570}
		{E698875E-BADE-3094-B480-F433CCEA6AB5} = {CAFAFE9C-CDA7-323E-8581-E61D33522A8E}
		{79F143AA-931F-30AB-BDD5-EB7BDF5CF1D1} = {CAFAFE9C-CDA7-323E-8581-E61D33522A8E}
		{A4239901-0381-35C6-B686-F4E21E431277} = {CAFAFE9C-CDA7-323E-8581-E61D33522A8E}
		{80422242-3BA4-34C3-997A-37EBC551C1D7} = {E698875E-BADE-3094-B480-F433CCEA6AB5}
		{9523721A-2FE3-3C2F-A109-D10D4F0B5BEF} = {E698875E-BADE-3094-B480-F433CCEA6AB5}
		{152E729D-3F28-37C7-B988-368A811001DA} = {E698875E-BADE-3094-B480-F433CCEA6AB5}
		{A95424FC-1B0A-32C4-B1A1-EF66B5BFE71B} = {E698875E-BADE-3094-B480-F433CCEA6AB5}
		{AC77EE7E-25B4-31CB-88C9-18E9CE9736F1} = {E698875E-BADE-3094-B480-F433CCEA6AB5}
		{4A5503D5-584B-3A61-8089-40D4B9DDC8E4} = {E698875E-BADE-3094-B480-F433CCEA6AB5}
		{325F9477-359B-3097-9F72-7238F53F1C9A} = {E698875E-BADE-3094-B480-F433CCEA6AB5}
		{876146ED-C997-350C-A348-224CABAC8A08} = {79F143AA-931F-30AB-BDD5-EB7BDF5CF1D1}
		{729996BD-3B54-3E46-98FD-778DBAADDE2D} = {79F143AA-931F-30AB-BDD5-EB7BDF5CF1D1}
		{97633782-1F21-35DC-8228-4F8261B1AAF5} = {79F143AA-931F-30AB-BDD5-EB7BDF5CF1D1}
		{0A4ACCDE-96EF-39A8-81E0-A8981F5E9F73} = {79F143AA-931F-30AB-BDD5-EB7BDF5CF1D1}
		{9A3EF1E3-C821-3B39-A0F0-26361EEF9A5E} = {79F143AA-931F-30AB-BDD5-EB7BDF5CF1D1}
		{7AF90EC4-DED1-39A7-A8BE-BBA630231BDD} = {79F143AA-931F-30AB-BDD5-EB7BDF5CF1D1}
		{0ABA4E67-B9C8-3927-836B-125E1DD53D2F} = {79F143AA-931F-30AB-BDD5-EB7BDF5CF1D1}
		{041A89DF-FB17-3C12-BEF0-EF2FEA712BEE} = {79F143AA-931F-30AB-BDD5-EB7BDF5CF1D1}
		{4DC67C87-049D-3CA3-B8F3-05ED148F6FD2} = {79F143AA-931F-30AB-BDD5-EB7BDF5CF1D1}
		{0C1D1BAB-08E6-3D48-96F9-AD4D782B9460} = {79F143AA-931F-30AB-BDD5-EB7BDF5CF1D1}
		{8F9E5FC6-0610-35B4-BD66-E7D0933DBC36} = {79F143AA-931F-30AB-BDD5-EB7BDF5CF1D1}
		{A3BE1C1C-BA86-3EE0-B399-FAD62216D9C3} = {79F143AA-931F-30AB-BDD5-EB7BDF5CF1D1}
		{529467B3-ED2B-3AFC-B10C-F32E3E3E2474} = {79F143AA-931F-30AB-BDD5-EB7BDF5CF1D1}
		{C6EF544B-53A0-3F25-8211-62C8F0B84674} = {79F143AA-931F-30AB-BDD5-EB7BDF5CF1D1}
		{992860F6-E850-3C11-9618-FBAA8E4CF6F4} = {79F143AA-931F-30AB-BDD5-EB7BDF5CF1D1}
		{7DD403D2-4CF3-3898-9066-3851C7518C22} = {79F143AA-931F-30AB-BDD5-EB7BDF5CF1D1}
	EndGlobalSection
	GlobalSection(ExtensibilityGlobals) = postSolution
		SolutionGuid = {5D643610-7E1A-3E80-9C5E-ED53A6161549}
	EndGlobalSection
	GlobalSection(ExtensibilityAddIns) = postSolution
	EndGlobalSection
EndGlobal
