<?xml version="1.0" encoding="UTF-8"?>
<Project ToolsVersion="14.0" xmlns="http://schemas.microsoft.com/developer/msbuild/2003">
  <ItemGroup>
    <ClCompile Include="C:\155902\ITAM\GPC\openGL_GIT_GUD\OGLPG-9th-Edition\lib\glfw\src\context.c">
      <Filter>Source Files</Filter>
    </ClCompile>
    <ClCompile Include="C:\155902\ITAM\GPC\openGL_GIT_GUD\OGLPG-9th-Edition\lib\glfw\src\init.c">
      <Filter>Source Files</Filter>
    </ClCompile>
    <ClCompile Include="C:\155902\ITAM\GPC\openGL_GIT_GUD\OGLPG-9th-Edition\lib\glfw\src\input.c">
      <Filter>Source Files</Filter>
    </ClCompile>
    <ClCompile Include="C:\155902\ITAM\GPC\openGL_GIT_GUD\OGLPG-9th-Edition\lib\glfw\src\monitor.c">
      <Filter>Source Files</Filter>
    </ClCompile>
    <ClCompile Include="C:\155902\ITAM\GPC\openGL_GIT_GUD\OGLPG-9th-Edition\lib\glfw\src\window.c">
      <Filter>Source Files</Filter>
    </ClCompile>
    <ClCompile Include="C:\155902\ITAM\GPC\openGL_GIT_GUD\OGLPG-9th-Edition\lib\glfw\src\win32_init.c">
      <Filter>Source Files</Filter>
    </ClCompile>
    <ClCompile Include="C:\155902\ITAM\GPC\openGL_GIT_GUD\OGLPG-9th-Edition\lib\glfw\src\win32_monitor.c">
      <Filter>Source Files</Filter>
    </ClCompile>
    <ClCompile Include="C:\155902\ITAM\GPC\openGL_GIT_GUD\OGLPG-9th-Edition\lib\glfw\src\win32_time.c">
      <Filter>Source Files</Filter>
    </ClCompile>
    <ClCompile Include="C:\155902\ITAM\GPC\openGL_GIT_GUD\OGLPG-9th-Edition\lib\glfw\src\win32_tls.c">
      <Filter>Source Files</Filter>
    </ClCompile>
    <ClCompile Include="C:\155902\ITAM\GPC\openGL_GIT_GUD\OGLPG-9th-Edition\lib\glfw\src\win32_window.c">
      <Filter>Source Files</Filter>
    </ClCompile>
    <ClCompile Include="C:\155902\ITAM\GPC\openGL_GIT_GUD\OGLPG-9th-Edition\lib\glfw\src\winmm_joystick.c">
      <Filter>Source Files</Filter>
    </ClCompile>
    <ClCompile Include="C:\155902\ITAM\GPC\openGL_GIT_GUD\OGLPG-9th-Edition\lib\glfw\src\wgl_context.c">
      <Filter>Source Files</Filter>
    </ClCompile>
  </ItemGroup>
  <ItemGroup>
    <ClInclude Include="C:\155902\ITAM\GPC\openGL_GIT_GUD\OGLPG-9th-Edition\lib\glfw\src\internal.h">
      <Filter>Header Files</Filter>
    </ClInclude>
    <ClInclude Include="C:\155902\ITAM\GPC\openGL_GIT_GUD\build_2\lib\glfw\src\glfw_config.h">
      <Filter>Header Files</Filter>
    </ClInclude>
    <ClInclude Include="C:\155902\ITAM\GPC\openGL_GIT_GUD\OGLPG-9th-Edition\lib\glfw\include\GLFW\glfw3.h">
      <Filter>Header Files</Filter>
    </ClInclude>
    <ClInclude Include="C:\155902\ITAM\GPC\openGL_GIT_GUD\OGLPG-9th-Edition\lib\glfw\include\GLFW\glfw3native.h">
      <Filter>Header Files</Filter>
    </ClInclude>
    <ClInclude Include="C:\155902\ITAM\GPC\openGL_GIT_GUD\OGLPG-9th-Edition\lib\glfw\src\win32_platform.h">
      <Filter>Header Files</Filter>
    </ClInclude>
    <ClInclude Include="C:\155902\ITAM\GPC\openGL_GIT_GUD\OGLPG-9th-Edition\lib\glfw\src\win32_tls.h">
      <Filter>Header Files</Filter>
    </ClInclude>
    <ClInclude Include="C:\155902\ITAM\GPC\openGL_GIT_GUD\OGLPG-9th-Edition\lib\glfw\src\winmm_joystick.h">
      <Filter>Header Files</Filter>
    </ClInclude>
    <ClInclude Include="C:\155902\ITAM\GPC\openGL_GIT_GUD\OGLPG-9th-Edition\lib\glfw\src\wgl_context.h">
      <Filter>Header Files</Filter>
    </ClInclude>
  </ItemGroup>
  <ItemGroup>
    <CustomBuild Include="C:\155902\ITAM\GPC\openGL_GIT_GUD\OGLPG-9th-Edition\lib\glfw\src\CMakeLists.txt" />
  </ItemGroup>
  <ItemGroup>
    <Filter Include="Source Files">
      <UniqueIdentifier>{9AEEBAA1-5846-320F-8697-FCF9B42228F2}</UniqueIdentifier>
    </Filter>
    <Filter Include="Header Files">
      <UniqueIdentifier>{9DF2AE97-E5CF-3952-A0E8-A9FF5A28A900}</UniqueIdentifier>
    </Filter>
  </ItemGroup>
</Project>
