Microsoft Visual Studio Solution File, Format Version 12.00
# Visual Studio 15
Project("{2150E333-8FDC-42A3-9474-1A3956D46DE8}") = "CMakePredefinedTargets", "CMakePredefinedTargets", "{79689B17-BFEA-3D1B-B469-1AD68084B570}"
EndProject
Project("{2150E333-8FDC-42A3-9474-1A3956D46DE8}") = "GLFW3", "GLFW3", "{CAFAFE9C-CDA7-323E-8581-E61D33522A8E}"
EndProject
Project("{2150E333-8FDC-42A3-9474-1A3956D46DE8}") = "Examples", "GLFW3\Examples", "{E698875E-BADE-3094-B480-F433CCEA6AB5}"
EndProject
Project("{2150E333-8FDC-42A3-9474-1A3956D46DE8}") = "Tests", "GLFW3\Tests", "{79F143AA-931F-30AB-BDD5-EB7BDF5CF1D1}"
EndProject
Project("{8BC9CEB8-8B4A-11D0-8D11-00A0C91BC942}") = "ALL_BUILD", "ALL_BUILD.vcxproj", "{ABA797C4-2734-350F-9EBF-0FF9C37BDC11}"
	ProjectSection(ProjectDependencies) = postProject
		{E27E6208-F796-39AC-9769-E3A88A3770AD} = {E27E6208-F796-39AC-9769-E3A88A3770AD}
		{B8B6B11A-9D29-3B4F-9680-75658F6B729B} = {B8B6B11A-9D29-3B4F-9680-75658F6B729B}
		{66B6AF18-FF98-3502-A7CD-09B26635F2DA} = {66B6AF18-FF98-3502-A7CD-09B26635F2DA}
		{CEAD7F82-4EA9-38EB-9404-C175A5D27D02} = {CEAD7F82-4EA9-38EB-9404-C175A5D27D02}
		{C12952F0-0788-3E72-A81E-8986CC7FA844} = {C12952F0-0788-3E72-A81E-8986CC7FA844}
		{89064147-888F-3EA0-BF67-1F7DC7632E6C} = {89064147-888F-3EA0-BF67-1F7DC7632E6C}
		{07A91C26-7A60-31B1-BC50-45BD1BDA469E} = {07A91C26-7A60-31B1-BC50-45BD1BDA469E}
		{F8A6EB35-C736-3EED-97BE-726237A10EE7} = {F8A6EB35-C736-3EED-97BE-726237A10EE7}
		{18433929-6D9E-371B-BEBB-8DB2B7C3AD16} = {18433929-6D9E-371B-BEBB-8DB2B7C3AD16}
		{D546A639-4A3D-38DA-B5C2-715A960A4235} = {D546A639-4A3D-38DA-B5C2-715A960A4235}
		{E8B5385E-8A91-370E-92D6-0E160C26CFAD} = {E8B5385E-8A91-370E-92D6-0E160C26CFAD}
		{13A7245C-1442-35FF-9998-FD72BBEBC8F8} = {13A7245C-1442-35FF-9998-FD72BBEBC8F8}
		{B4A731B3-A807-30FE-A1D6-CF392E84ACB2} = {B4A731B3-A807-30FE-A1D6-CF392E84ACB2}
		{45D0CF10-BCBE-3C17-98E1-B58C26AD193E} = {45D0CF10-BCBE-3C17-98E1-B58C26AD193E}
		{71D03F0E-52C3-3DBE-85B8-3AE35566EECD} = {71D03F0E-52C3-3DBE-85B8-3AE35566EECD}
		{5E1F7D11-7104-3232-A99D-07E95292C9E9} = {5E1F7D11-7104-3232-A99D-07E95292C9E9}
		{CE08C736-C3EE-3990-A75D-CDEB765CE782} = {CE08C736-C3EE-3990-A75D-CDEB765CE782}
		{20F5C42B-B74E-3B1B-B7BE-EC6F1F9EA57A} = {20F5C42B-B74E-3B1B-B7BE-EC6F1F9EA57A}
		{B739A237-AD1E-3268-9BD7-3939E47EDDF9} = {B739A237-AD1E-3268-9BD7-3939E47EDDF9}
		{9A907931-B6DF-3E8C-971E-DC5F5DC3E635} = {9A907931-B6DF-3E8C-971E-DC5F5DC3E635}
		{7B11A4C5-4D56-300D-8B0C-8D0AE168C58D} = {7B11A4C5-4D56-300D-8B0C-8D0AE168C58D}
		{8E7A895A-38B5-32E1-8B16-92C30CBFC920} = {8E7A895A-38B5-32E1-8B16-92C30CBFC920}
		{86E8C217-0545-30A3-B04D-AED6DAE431C0} = {86E8C217-0545-30A3-B04D-AED6DAE431C0}
		{A5905F18-6857-38A6-BEDD-0223C7C4E3C0} = {A5905F18-6857-38A6-BEDD-0223C7C4E3C0}
		{A9B03CAD-35FE-3F43-BF14-66ECB7104452} = {A9B03CAD-35FE-3F43-BF14-66ECB7104452}
		{582B2E1D-A9D8-3A68-9133-3908B11E0549} = {582B2E1D-A9D8-3A68-9133-3908B11E0549}
		{D9890D88-F96A-3A3E-A23C-06B2F8BA3D26} = {D9890D88-F96A-3A3E-A23C-06B2F8BA3D26}
		{DA6F017A-797F-3BB7-9B40-EE33A89EE2B7} = {DA6F017A-797F-3BB7-9B40-EE33A89EE2B7}
		{83A499F2-72ED-3043-9E5C-4E8077001CC9} = {83A499F2-72ED-3043-9E5C-4E8077001CC9}
		{59F787AB-40AE-3E9C-8DCA-FABB99F8A050} = {59F787AB-40AE-3E9C-8DCA-FABB99F8A050}
		{B63144EB-837E-32D0-A860-97E679B864FE} = {B63144EB-837E-32D0-A860-97E679B864FE}
		{D5118E26-BC64-3752-B95E-7BB2E60E507D} = {D5118E26-BC64-3752-B95E-7BB2E60E507D}
		{56FE7D49-23C2-329E-9724-81A37A0AF4AF} = {56FE7D49-23C2-329E-9724-81A37A0AF4AF}
		{80422242-3BA4-34C3-997A-37EBC551C1D7} = {80422242-3BA4-34C3-997A-37EBC551C1D7}
		{876146ED-C997-350C-A348-224CABAC8A08} = {876146ED-C997-350C-A348-224CABAC8A08}
		{729996BD-3B54-3E46-98FD-778DBAADDE2D} = {729996BD-3B54-3E46-98FD-778DBAADDE2D}
		{97633782-1F21-35DC-8228-4F8261B1AAF5} = {97633782-1F21-35DC-8228-4F8261B1AAF5}
		{0A4ACCDE-96EF-39A8-81E0-A8981F5E9F73} = {0A4ACCDE-96EF-39A8-81E0-A8981F5E9F73}
		{9A3EF1E3-C821-3B39-A0F0-26361EEF9A5E} = {9A3EF1E3-C821-3B39-A0F0-26361EEF9A5E}
		{9523721A-2FE3-3C2F-A109-D10D4F0B5BEF} = {9523721A-2FE3-3C2F-A109-D10D4F0B5BEF}
		{A4239901-0381-35C6-B686-F4E21E431277} = {A4239901-0381-35C6-B686-F4E21E431277}
		{7AF90EC4-DED1-39A7-A8BE-BBA630231BDD} = {7AF90EC4-DED1-39A7-A8BE-BBA630231BDD}
		{152E729D-3F28-37C7-B988-368A811001DA} = {152E729D-3F28-37C7-B988-368A811001DA}
		{0ABA4E67-B9C8-3927-836B-125E1DD53D2F} = {0ABA4E67-B9C8-3927-836B-125E1DD53D2F}
		{041A89DF-FB17-3C12-BEF0-EF2FEA712BEE} = {041A89DF-FB17-3C12-BEF0-EF2FEA712BEE}
		{4DC67C87-049D-3CA3-B8F3-05ED148F6FD2} = {4DC67C87-049D-3CA3-B8F3-05ED148F6FD2}
		{0C1D1BAB-08E6-3D48-96F9-AD4D782B9460} = {0C1D1BAB-08E6-3D48-96F9-AD4D782B9460}
		{A95424FC-1B0A-32C4-B1A1-EF66B5BFE71B} = {A95424FC-1B0A-32C4-B1A1-EF66B5BFE71B}
		{8F9E5FC6-0610-35B4-BD66-E7D0933DBC36} = {8F9E5FC6-0610-35B4-BD66-E7D0933DBC36}
		{A3BE1C1C-BA86-3EE0-B399-FAD62216D9C3} = {A3BE1C1C-BA86-3EE0-B399-FAD62216D9C3}
		{AC77EE7E-25B4-31CB-88C9-18E9CE9736F1} = {AC77EE7E-25B4-31CB-88C9-18E9CE9736F1}
		{4A5503D5-584B-3A61-8089-40D4B9DDC8E4} = {4A5503D5-584B-3A61-8089-40D4B9DDC8E4}
		{529467B3-ED2B-3AFC-B10C-F32E3E3E2474} = {529467B3-ED2B-3AFC-B10C-F32E3E3E2474}
		{C6EF544B-53A0-3F25-8211-62C8F0B84674} = {C6EF544B-53A0-3F25-8211-62C8F0B84674}
		{992860F6-E850-3C11-9618-FBAA8E4CF6F4} = {992860F6-E850-3C11-9618-FBAA8E4CF6F4}
		{37106D08-A15A-3228-A81F-B9B7718A4646} = {37106D08-A15A-3228-A81F-B9B7718A4646}
		{325F9477-359B-3097-9F72-7238F53F1C9A} = {325F9477-359B-3097-9F72-7238F53F1C9A}
		{7DD403D2-4CF3-3898-9066-3851C7518C22} = {7DD403D2-4CF3-3898-9066-3851C7518C22}
	EndProjectSection
EndProject
Project("{8BC9CEB8-8B4A-11D0-8D11-00A0C91BC942}") = "01-keypress", "01-keypress.vcxproj", "{E27E6208-F796-39AC-9769-E3A88A3770AD}"
	ProjectSection(ProjectDependencies) = postProject
		{56FE7D49-23C2-329E-9724-81A37A0AF4AF} = {56FE7D49-23C2-329E-9724-81A37A0AF4AF}
		{37106D08-A15A-3228-A81F-B9B7718A4646} = {37106D08-A15A-3228-A81F-B9B7718A4646}
	EndProjectSection
EndProject
Project("{8BC9CEB8-8B4A-11D0-8D11-00A0C91BC942}") = "01-triangles", "01-triangles.vcxproj", "{B8B6B11A-9D29-3B4F-9680-75658F6B729B}"
	ProjectSection(ProjectDependencies) = postProject
		{56FE7D49-23C2-329E-9724-81A37A0AF4AF} = {56FE7D49-23C2-329E-9724-81A37A0AF4AF}
		{37106D08-A15A-3228-A81F-B9B7718A4646} = {37106D08-A15A-3228-A81F-B9B7718A4646}
	EndProjectSection
EndProject
Project("{8BC9CEB8-8B4A-11D0-8D11-00A0C91BC942}") = "03-drawcommands", "03-drawcommands.vcxproj", "{66B6AF18-FF98-3502-A7CD-09B26635F2DA}"
	ProjectSection(ProjectDependencies) = postProject
		{56FE7D49-23C2-329E-9724-81A37A0AF4AF} = {56FE7D49-23C2-329E-9724-81A37A0AF4AF}
		{37106D08-A15A-3228-A81F-B9B7718A4646} = {37106D08-A15A-3228-A81F-B9B7718A4646}
	EndProjectSection
EndProject
Project("{8BC9CEB8-8B4A-11D0-8D11-00A0C91BC942}") = "03-instancing", "03-instancing.vcxproj", "{CEAD7F82-4EA9-38EB-9404-C175A5D27D02}"
	ProjectSection(ProjectDependencies) = postProject
		{56FE7D49-23C2-329E-9724-81A37A0AF4AF} = {56FE7D49-23C2-329E-9724-81A37A0AF4AF}
		{37106D08-A15A-3228-A81F-B9B7718A4646} = {37106D08-A15A-3228-A81F-B9B7718A4646}
	EndProjectSection
EndProject
Project("{8BC9CEB8-8B4A-11D0-8D11-00A0C91BC942}") = "03-instancing2", "03-instancing2.vcxproj", "{C12952F0-0788-3E72-A81E-8986CC7FA844}"
	ProjectSection(ProjectDependencies) = postProject
		{56FE7D49-23C2-329E-9724-81A37A0AF4AF} = {56FE7D49-23C2-329E-9724-81A37A0AF4AF}
		{37106D08-A15A-3228-A81F-B9B7718A4646} = {37106D08-A15A-3228-A81F-B9B7718A4646}
	EndProjectSection
EndProject
Project("{8BC9CEB8-8B4A-11D0-8D11-00A0C91BC942}") = "03-instancing3", "03-instancing3.vcxproj", "{89064147-888F-3EA0-BF67-1F7DC7632E6C}"
	ProjectSection(ProjectDependencies) = postProject
		{56FE7D49-23C2-329E-9724-81A37A0AF4AF} = {56FE7D49-23C2-329E-9724-81A37A0AF4AF}
		{37106D08-A15A-3228-A81F-B9B7718A4646} = {37106D08-A15A-3228-A81F-B9B7718A4646}
	EndProjectSection
EndProject
Project("{8BC9CEB8-8B4A-11D0-8D11-00A0C91BC942}") = "03-pointsprites", "03-pointsprites.vcxproj", "{07A91C26-7A60-31B1-BC50-45BD1BDA469E}"
	ProjectSection(ProjectDependencies) = postProject
		{56FE7D49-23C2-329E-9724-81A37A0AF4AF} = {56FE7D49-23C2-329E-9724-81A37A0AF4AF}
		{37106D08-A15A-3228-A81F-B9B7718A4646} = {37106D08-A15A-3228-A81F-B9B7718A4646}
	EndProjectSection
EndProject
Project("{8BC9CEB8-8B4A-11D0-8D11-00A0C91BC942}") = "03-primitiverestart", "03-primitiverestart.vcxproj", "{F8A6EB35-C736-3EED-97BE-726237A10EE7}"
	ProjectSection(ProjectDependencies) = postProject
		{56FE7D49-23C2-329E-9724-81A37A0AF4AF} = {56FE7D49-23C2-329E-9724-81A37A0AF4AF}
		{37106D08-A15A-3228-A81F-B9B7718A4646} = {37106D08-A15A-3228-A81F-B9B7718A4646}
	EndProjectSection
EndProject
Project("{8BC9CEB8-8B4A-11D0-8D11-00A0C91BC942}") = "03-xfb", "03-xfb.vcxproj", "{18433929-6D9E-371B-BEBB-8DB2B7C3AD16}"
	ProjectSection(ProjectDependencies) = postProject
		{56FE7D49-23C2-329E-9724-81A37A0AF4AF} = {56FE7D49-23C2-329E-9724-81A37A0AF4AF}
		{37106D08-A15A-3228-A81F-B9B7718A4646} = {37106D08-A15A-3228-A81F-B9B7718A4646}
	EndProjectSection
EndProject
Project("{8BC9CEB8-8B4A-11D0-8D11-00A0C91BC942}") = "04-gouraud", "04-gouraud.vcxproj", "{D546A639-4A3D-38DA-B5C2-715A960A4235}"
	ProjectSection(ProjectDependencies) = postProject
		{56FE7D49-23C2-329E-9724-81A37A0AF4AF} = {56FE7D49-23C2-329E-9724-81A37A0AF4AF}
		{37106D08-A15A-3228-A81F-B9B7718A4646} = {37106D08-A15A-3228-A81F-B9B7718A4646}
	EndProjectSection
EndProject
Project("{8BC9CEB8-8B4A-11D0-8D11-00A0C91BC942}") = "04-gouraud-float", "04-gouraud-float.vcxproj", "{E8B5385E-8A91-370E-92D6-0E160C26CFAD}"
	ProjectSection(ProjectDependencies) = postProject
		{56FE7D49-23C2-329E-9724-81A37A0AF4AF} = {56FE7D49-23C2-329E-9724-81A37A0AF4AF}
		{37106D08-A15A-3228-A81F-B9B7718A4646} = {37106D08-A15A-3228-A81F-B9B7718A4646}
	EndProjectSection
EndProject
Project("{8BC9CEB8-8B4A-11D0-8D11-00A0C91BC942}") = "04-shadowmap", "04-shadowmap.vcxproj", "{13A7245C-1442-35FF-9998-FD72BBEBC8F8}"
	ProjectSection(ProjectDependencies) = postProject
		{56FE7D49-23C2-329E-9724-81A37A0AF4AF} = {56FE7D49-23C2-329E-9724-81A37A0AF4AF}
		{37106D08-A15A-3228-A81F-B9B7718A4646} = {37106D08-A15A-3228-A81F-B9B7718A4646}
	EndProjectSection
EndProject
Project("{8BC9CEB8-8B4A-11D0-8D11-00A0C91BC942}") = "06-cubemap", "06-cubemap.vcxproj", "{B4A731B3-A807-30FE-A1D6-CF392E84ACB2}"
	ProjectSection(ProjectDependencies) = postProject
		{56FE7D49-23C2-329E-9724-81A37A0AF4AF} = {56FE7D49-23C2-329E-9724-81A37A0AF4AF}
		{37106D08-A15A-3228-A81F-B9B7718A4646} = {37106D08-A15A-3228-A81F-B9B7718A4646}
	EndProjectSection
EndProject
Project("{8BC9CEB8-8B4A-11D0-8D11-00A0C91BC942}") = "06-load-texture", "06-load-texture.vcxproj", "{45D0CF10-BCBE-3C17-98E1-B58C26AD193E}"
	ProjectSection(ProjectDependencies) = postProject
		{56FE7D49-23C2-329E-9724-81A37A0AF4AF} = {56FE7D49-23C2-329E-9724-81A37A0AF4AF}
		{37106D08-A15A-3228-A81F-B9B7718A4646} = {37106D08-A15A-3228-A81F-B9B7718A4646}
	EndProjectSection
EndProject
Project("{8BC9CEB8-8B4A-11D0-8D11-00A0C91BC942}") = "06-mipfilters", "06-mipfilters.vcxproj", "{71D03F0E-52C3-3DBE-85B8-3AE35566EECD}"
	ProjectSection(ProjectDependencies) = postProject
		{56FE7D49-23C2-329E-9724-81A37A0AF4AF} = {56FE7D49-23C2-329E-9724-81A37A0AF4AF}
		{37106D08-A15A-3228-A81F-B9B7718A4646} = {37106D08-A15A-3228-A81F-B9B7718A4646}
	EndProjectSection
EndProject
Project("{8BC9CEB8-8B4A-11D0-8D11-00A0C91BC942}") = "06-multitexture", "06-multitexture.vcxproj", "{5E1F7D11-7104-3232-A99D-07E95292C9E9}"
	ProjectSection(ProjectDependencies) = postProject
		{56FE7D49-23C2-329E-9724-81A37A0AF4AF} = {56FE7D49-23C2-329E-9724-81A37A0AF4AF}
		{37106D08-A15A-3228-A81F-B9B7718A4646} = {37106D08-A15A-3228-A81F-B9B7718A4646}
	EndProjectSection
EndProject
Project("{8BC9CEB8-8B4A-11D0-8D11-00A0C91BC942}") = "06-statictexture", "06-statictexture.vcxproj", "{CE08C736-C3EE-3990-A75D-CDEB765CE782}"
	ProjectSection(ProjectDependencies) = postProject
		{56FE7D49-23C2-329E-9724-81A37A0AF4AF} = {56FE7D49-23C2-329E-9724-81A37A0AF4AF}
		{37106D08-A15A-3228-A81F-B9B7718A4646} = {37106D08-A15A-3228-A81F-B9B7718A4646}
	EndProjectSection
EndProject
Project("{8BC9CEB8-8B4A-11D0-8D11-00A0C91BC942}") = "06-texturewrapping", "06-texturewrapping.vcxproj", "{20F5C42B-B74E-3B1B-B7BE-EC6F1F9EA57A}"
	ProjectSection(ProjectDependencies) = postProject
		{56FE7D49-23C2-329E-9724-81A37A0AF4AF} = {56FE7D49-23C2-329E-9724-81A37A0AF4AF}
		{37106D08-A15A-3228-A81F-B9B7718A4646} = {37106D08-A15A-3228-A81F-B9B7718A4646}
	EndProjectSection
EndProject
Project("{8BC9CEB8-8B4A-11D0-8D11-00A0C91BC942}") = "06-volumetexturing", "06-volumetexturing.vcxproj", "{B739A237-AD1E-3268-9BD7-3939E47EDDF9}"
	ProjectSection(ProjectDependencies) = postProject
		{56FE7D49-23C2-329E-9724-81A37A0AF4AF} = {56FE7D49-23C2-329E-9724-81A37A0AF4AF}
		{37106D08-A15A-3228-A81F-B9B7718A4646} = {37106D08-A15A-3228-A81F-B9B7718A4646}
	EndProjectSection
EndProject
Project("{8BC9CEB8-8B4A-11D0-8D11-00A0C91BC942}") = "08-lightmodels", "08-lightmodels.vcxproj", "{9A907931-B6DF-3E8C-971E-DC5F5DC3E635}"
	ProjectSection(ProjectDependencies) = postProject
		{56FE7D49-23C2-329E-9724-81A37A0AF4AF} = {56FE7D49-23C2-329E-9724-81A37A0AF4AF}
		{37106D08-A15A-3228-A81F-B9B7718A4646} = {37106D08-A15A-3228-A81F-B9B7718A4646}
	EndProjectSection
EndProject
Project("{8BC9CEB8-8B4A-11D0-8D11-00A0C91BC942}") = "09-simpletess", "09-simpletess.vcxproj", "{7B11A4C5-4D56-300D-8B0C-8D0AE168C58D}"
	ProjectSection(ProjectDependencies) = postProject
		{56FE7D49-23C2-329E-9724-81A37A0AF4AF} = {56FE7D49-23C2-329E-9724-81A37A0AF4AF}
		{37106D08-A15A-3228-A81F-B9B7718A4646} = {37106D08-A15A-3228-A81F-B9B7718A4646}
	EndProjectSection
EndProject
Project("{8BC9CEB8-8B4A-11D0-8D11-00A0C91BC942}") = "09-teapot", "09-teapot.vcxproj", "{8E7A895A-38B5-32E1-8B16-92C30CBFC920}"
	ProjectSection(ProjectDependencies) = postProject
		{56FE7D49-23C2-329E-9724-81A37A0AF4AF} = {56FE7D49-23C2-329E-9724-81A37A0AF4AF}
		{37106D08-A15A-3228-A81F-B9B7718A4646} = {37106D08-A15A-3228-A81F-B9B7718A4646}
	EndProjectSection
EndProject
Project("{8BC9CEB8-8B4A-11D0-8D11-00A0C91BC942}") = "10-draw-xfb", "10-draw-xfb.vcxproj", "{86E8C217-0545-30A3-B04D-AED6DAE431C0}"
	ProjectSection(ProjectDependencies) = postProject
		{56FE7D49-23C2-329E-9724-81A37A0AF4AF} = {56FE7D49-23C2-329E-9724-81A37A0AF4AF}
		{37106D08-A15A-3228-A81F-B9B7718A4646} = {37106D08-A15A-3228-A81F-B9B7718A4646}
	EndProjectSection
EndProject
Project("{8BC9CEB8-8B4A-11D0-8D11-00A0C91BC942}") = "10-fur", "10-fur.vcxproj", "{A5905F18-6857-38A6-BEDD-0223C7C4E3C0}"
	ProjectSection(ProjectDependencies) = postProject
		{56FE7D49-23C2-329E-9724-81A37A0AF4AF} = {56FE7D49-23C2-329E-9724-81A37A0AF4AF}
		{37106D08-A15A-3228-A81F-B9B7718A4646} = {37106D08-A15A-3228-A81F-B9B7718A4646}
	EndProjectSection
EndProject
Project("{8BC9CEB8-8B4A-11D0-8D11-00A0C91BC942}") = "10-viewport-array", "10-viewport-array.vcxproj", "{A9B03CAD-35FE-3F43-BF14-66ECB7104452}"
	ProjectSection(ProjectDependencies) = postProject
		{56FE7D49-23C2-329E-9724-81A37A0AF4AF} = {56FE7D49-23C2-329E-9724-81A37A0AF4AF}
		{37106D08-A15A-3228-A81F-B9B7718A4646} = {37106D08-A15A-3228-A81F-B9B7718A4646}
	EndProjectSection
EndProject
Project("{8BC9CEB8-8B4A-11D0-8D11-00A0C91BC942}") = "11-doublewrite", "11-doublewrite.vcxproj", "{582B2E1D-A9D8-3A68-9133-3908B11E0549}"
	ProjectSection(ProjectDependencies) = postProject
		{56FE7D49-23C2-329E-9724-81A37A0AF4AF} = {56FE7D49-23C2-329E-9724-81A37A0AF4AF}
		{37106D08-A15A-3228-A81F-B9B7718A4646} = {37106D08-A15A-3228-A81F-B9B7718A4646}
	EndProjectSection
EndProject
Project("{8BC9CEB8-8B4A-11D0-8D11-00A0C91BC942}") = "11-oit", "11-oit.vcxproj", "{D9890D88-F96A-3A3E-A23C-06B2F8BA3D26}"
	ProjectSection(ProjectDependencies) = postProject
		{56FE7D49-23C2-329E-9724-81A37A0AF4AF} = {56FE7D49-23C2-329E-9724-81A37A0AF4AF}
		{37106D08-A15A-3228-A81F-B9B7718A4646} = {37106D08-A15A-3228-A81F-B9B7718A4646}
	EndProjectSection
EndProject
Project("{8BC9CEB8-8B4A-11D0-8D11-00A0C91BC942}") = "11-overdrawcount", "11-overdrawcount.vcxproj", "{DA6F017A-797F-3BB7-9B40-EE33A89EE2B7}"
	ProjectSection(ProjectDependencies) = postProject
		{56FE7D49-23C2-329E-9724-81A37A0AF4AF} = {56FE7D49-23C2-329E-9724-81A37A0AF4AF}
		{37106D08-A15A-3228-A81F-B9B7718A4646} = {37106D08-A15A-3228-A81F-B9B7718A4646}
	EndProjectSection
EndProject
Project("{8BC9CEB8-8B4A-11D0-8D11-00A0C91BC942}") = "12-imageprocessing", "12-imageprocessing.vcxproj", "{83A499F2-72ED-3043-9E5C-4E8077001CC9}"
	ProjectSection(ProjectDependencies) = postProject
		{56FE7D49-23C2-329E-9724-81A37A0AF4AF} = {56FE7D49-23C2-329E-9724-81A37A0AF4AF}
		{37106D08-A15A-3228-A81F-B9B7718A4646} = {37106D08-A15A-3228-A81F-B9B7718A4646}
	EndProjectSection
EndProject
Project("{8BC9CEB8-8B4A-11D0-8D11-00A0C91BC942}") = "12-particlesimulator", "12-particlesimulator.vcxproj", "{59F787AB-40AE-3E9C-8DCA-FABB99F8A050}"
	ProjectSection(ProjectDependencies) = postProject
		{56FE7D49-23C2-329E-9724-81A37A0AF4AF} = {56FE7D49-23C2-329E-9724-81A37A0AF4AF}
		{37106D08-A15A-3228-A81F-B9B7718A4646} = {37106D08-A15A-3228-A81F-B9B7718A4646}
	EndProjectSection
EndProject
Project("{8BC9CEB8-8B4A-11D0-8D11-00A0C91BC942}") = "12-raytracer", "12-raytracer.vcxproj", "{B63144EB-837E-32D0-A860-97E679B864FE}"
	ProjectSection(ProjectDependencies) = postProject
		{56FE7D49-23C2-329E-9724-81A37A0AF4AF} = {56FE7D49-23C2-329E-9724-81A37A0AF4AF}
		{37106D08-A15A-3228-A81F-B9B7718A4646} = {37106D08-A15A-3228-A81F-B9B7718A4646}
	EndProjectSection
EndProject
Project("{8BC9CEB8-8B4A-11D0-8D11-00A0C91BC942}") = "12-simplecompute", "12-simplecompute.vcxproj", "{D5118E26-BC64-3752-B95E-7BB2E60E507D}"
	ProjectSection(ProjectDependencies) = postProject
		{56FE7D49-23C2-329E-9724-81A37A0AF4AF} = {56FE7D49-23C2-329E-9724-81A37A0AF4AF}
		{37106D08-A15A-3228-A81F-B9B7718A4646} = {37106D08-A15A-3228-A81F-B9B7718A4646}
	EndProjectSection
EndProject
Project("{8BC9CEB8-8B4A-11D0-8D11-00A0C91BC942}") = "INSTALL", "INSTALL.vcxproj", "{6F349541-6857-3A2D-A7A8-A14E1F8EB425}"
	ProjectSection(ProjectDependencies) = postProject
		{ABA797C4-2734-350F-9EBF-0FF9C37BDC11} = {ABA797C4-2734-350F-9EBF-0FF9C37BDC11}
		{56FE7D49-23C2-329E-9724-81A37A0AF4AF} = {56FE7D49-23C2-329E-9724-81A37A0AF4AF}
	EndProjectSection
EndProject
Project("{8BC9CEB8-8B4A-11D0-8D11-00A0C91BC942}") = "ZERO_CHECK", "ZERO_CHECK.vcxproj", "{56FE7D49-23C2-329E-9724-81A37A0AF4AF}"
	ProjectSection(ProjectDependencies) = postProject
	EndProjectSection
EndProject
Project("{8BC9CEB8-8B4A-11D0-8D11-00A0C91BC942}") = "boing", "lib\glfw\examples\boing.vcxproj", "{80422242-3BA4-34C3-997A-37EBC551C1D7}"
	ProjectSection(ProjectDependencies) = postProject
		{56FE7D49-23C2-329E-9724-81A37A0AF4AF} = {56FE7D49-23C2-329E-9724-81A37A0AF4AF}
		{A4239901-0381-35C6-B686-F4E21E431277} = {A4239901-0381-35C6-B686-F4E21E431277}
	EndProjectSection
EndProject
Project("{8BC9CEB8-8B4A-11D0-8D11-00A0C91BC942}") = "clipboard", "lib\glfw\tests\clipboard.vcxproj", "{876146ED-C997-350C-A348-224CABAC8A08}"
	ProjectSection(ProjectDependencies) = postProject
		{56FE7D49-23C2-329E-9724-81A37A0AF4AF} = {56FE7D49-23C2-329E-9724-81A37A0AF4AF}
		{A4239901-0381-35C6-B686-F4E21E431277} = {A4239901-0381-35C6-B686-F4E21E431277}
	EndProjectSection
EndProject
Project("{8BC9CEB8-8B4A-11D0-8D11-00A0C91BC942}") = "cursor", "lib\glfw\tests\cursor.vcxproj", "{729996BD-3B54-3E46-98FD-778DBAADDE2D}"
	ProjectSection(ProjectDependencies) = postProject
		{56FE7D49-23C2-329E-9724-81A37A0AF4AF} = {56FE7D49-23C2-329E-9724-81A37A0AF4AF}
		{A4239901-0381-35C6-B686-F4E21E431277} = {A4239901-0381-35C6-B686-F4E21E431277}
	EndProjectSection
EndProject
Project("{8BC9CEB8-8B4A-11D0-8D11-00A0C91BC942}") = "debug", "debug.vcxproj", "{0F3C66C6-81B2-3572-96B5-C4BDF1BC14DD}"
	ProjectSection(ProjectDependencies) = postProject
		{56FE7D49-23C2-329E-9724-81A37A0AF4AF} = {56FE7D49-23C2-329E-9724-81A37A0AF4AF}
	EndProjectSection
EndProject
Project("{8BC9CEB8-8B4A-11D0-8D11-00A0C91BC942}") = "empty", "lib\glfw\tests\empty.vcxproj", "{97633782-1F21-35DC-8228-4F8261B1AAF5}"
	ProjectSection(ProjectDependencies) = postProject
		{56FE7D49-23C2-329E-9724-81A37A0AF4AF} = {56FE7D49-23C2-329E-9724-81A37A0AF4AF}
		{A4239901-0381-35C6-B686-F4E21E431277} = {A4239901-0381-35C6-B686-F4E21E431277}
	EndProjectSection
EndProject
Project("{8BC9CEB8-8B4A-11D0-8D11-00A0C91BC942}") = "events", "lib\glfw\tests\events.vcxproj", "{0A4ACCDE-96EF-39A8-81E0-A8981F5E9F73}"
	ProjectSection(ProjectDependencies) = postProject
		{56FE7D49-23C2-329E-9724-81A37A0AF4AF} = {56FE7D49-23C2-329E-9724-81A37A0AF4AF}
		{A4239901-0381-35C6-B686-F4E21E431277} = {A4239901-0381-35C6-B686-F4E21E431277}
	EndProjectSection
EndProject
Project("{8BC9CEB8-8B4A-11D0-8D11-00A0C91BC942}") = "gamma", "lib\glfw\tests\gamma.vcxproj", "{9A3EF1E3-C821-3B39-A0F0-26361EEF9A5E}"
	ProjectSection(ProjectDependencies) = postProject
		{56FE7D49-23C2-329E-9724-81A37A0AF4AF} = {56FE7D49-23C2-329E-9724-81A37A0AF4AF}
		{A4239901-0381-35C6-B686-F4E21E431277} = {A4239901-0381-35C6-B686-F4E21E431277}
	EndProjectSection
EndProject
Project("{8BC9CEB8-8B4A-11D0-8D11-00A0C91BC942}") = "gears", "lib\glfw\examples\gears.vcxproj", "{9523721A-2FE3-3C2F-A109-D10D4F0B5BEF}"
	ProjectSection(ProjectDependencies) = postProject
		{56FE7D49-23C2-329E-9724-81A37A0AF4AF} = {56FE7D49-23C2-329E-9724-81A37A0AF4AF}
		{A4239901-0381-35C6-B686-F4E21E431277} = {A4239901-0381-35C6-B686-F4E21E431277}
	EndProjectSection
EndProject
Project("{8BC9CEB8-8B4A-11D0-8D11-00A0C91BC942}") = "glfw", "lib\glfw\src\glfw.vcxproj", "{A4239901-0381-35C6-B686-F4E21E431277}"
	ProjectSection(ProjectDependencies) = postProject
		{56FE7D49-23C2-329E-9724-81A37A0AF4AF} = {56FE7D49-23C2-329E-9724-81A37A0AF4AF}
	EndProjectSection
EndProject
Project("{8BC9CEB8-8B4A-11D0-8D11-00A0C91BC942}") = "glfwinfo", "lib\glfw\tests\glfwinfo.vcxproj", "{7AF90EC4-DED1-39A7-A8BE-BBA630231BDD}"
	ProjectSection(ProjectDependencies) = postProject
		{56FE7D49-23C2-329E-9724-81A37A0AF4AF} = {56FE7D49-23C2-329E-9724-81A37A0AF4AF}
		{A4239901-0381-35C6-B686-F4E21E431277} = {A4239901-0381-35C6-B686-F4E21E431277}
	EndProjectSection
EndProject
Project("{8BC9CEB8-8B4A-11D0-8D11-00A0C91BC942}") = "heightmap", "lib\glfw\examples\heightmap.vcxproj", "{152E729D-3F28-37C7-B988-368A811001DA}"
	ProjectSection(ProjectDependencies) = postProject
		{56FE7D49-23C2-329E-9724-81A37A0AF4AF} = {56FE7D49-23C2-329E-9724-81A37A0AF4AF}
		{A4239901-0381-35C6-B686-F4E21E431277} = {A4239901-0381-35C6-B686-F4E21E431277}
	EndProjectSection
EndProject
Project("{8BC9CEB8-8B4A-11D0-8D11-00A0C91BC942}") = "iconify", "lib\glfw\tests\iconify.vcxproj", "{0ABA4E67-B9C8-3927-836B-125E1DD53D2F}"
	ProjectSection(ProjectDependencies) = postProject
		{56FE7D49-23C2-329E-9724-81A37A0AF4AF} = {56FE7D49-23C2-329E-9724-81A37A0AF4AF}
		{A4239901-0381-35C6-B686-F4E21E431277} = {A4239901-0381-35C6-B686-F4E21E431277}
	EndProjectSection
EndProject
Project("{8BC9CEB8-8B4A-11D0-8D11-00A0C91BC942}") = "joysticks", "lib\glfw\tests\joysticks.vcxproj", "{041A89DF-FB17-3C12-BEF0-EF2FEA712BEE}"
	ProjectSection(ProjectDependencies) = postProject
		{56FE7D49-23C2-329E-9724-81A37A0AF4AF} = {56FE7D49-23C2-329E-9724-81A37A0AF4AF}
		{A4239901-0381-35C6-B686-F4E21E431277} = {A4239901-0381-35C6-B686-F4E21E431277}
	EndProjectSection
EndProject
Project("{8BC9CEB8-8B4A-11D0-8D11-00A0C91BC942}") = "monitors", "lib\glfw\tests\monitors.vcxproj", "{4DC67C87-049D-3CA3-B8F3-05ED148F6FD2}"
	ProjectSection(ProjectDependencies) = postProject
		{56FE7D49-23C2-329E-9724-81A37A0AF4AF} = {56FE7D49-23C2-329E-9724-81A37A0AF4AF}
		{A4239901-0381-35C6-B686-F4E21E431277} = {A4239901-0381-35C6-B686-F4E21E431277}
	EndProjectSection
EndProject
Project("{8BC9CEB8-8B4A-11D0-8D11-00A0C91BC942}") = "msaa", "lib\glfw\tests\msaa.vcxproj", "{0C1D1BAB-08E6-3D48-96F9-AD4D782B9460}"
	ProjectSection(ProjectDependencies) = postProject
		{56FE7D49-23C2-329E-9724-81A37A0AF4AF} = {56FE7D49-23C2-329E-9724-81A37A0AF4AF}
		{A4239901-0381-35C6-B686-F4E21E431277} = {A4239901-0381-35C6-B686-F4E21E431277}
	EndProjectSection
EndProject
Project("{8BC9CEB8-8B4A-11D0-8D11-00A0C91BC942}") = "particles", "lib\glfw\examples\particles.vcxproj", "{A95424FC-1B0A-32C4-B1A1-EF66B5BFE71B}"
	ProjectSection(ProjectDependencies) = postProject
		{56FE7D49-23C2-329E-9724-81A37A0AF4AF} = {56FE7D49-23C2-329E-9724-81A37A0AF4AF}
		{A4239901-0381-35C6-B686-F4E21E431277} = {A4239901-0381-35C6-B686-F4E21E431277}
	EndProjectSection
EndProject
Project("{8BC9CEB8-8B4A-11D0-8D11-00A0C91BC942}") = "release", "release.vcxproj", "{FD518435-91AF-3CCC-8EB3-5CAE9FE4D690}"
	ProjectSection(ProjectDependencies) = postProject
		{56FE7D49-23C2-329E-9724-81A37A0AF4AF} = {56FE7D49-23C2-329E-9724-81A37A0AF4AF}
	EndProjectSection
EndProject
Project("{8BC9CEB8-8B4A-11D0-8D11-00A0C91BC942}") = "reopen", "lib\glfw\tests\reopen.vcxproj", "{8F9E5FC6-0610-35B4-BD66-E7D0933DBC36}"
	ProjectSection(ProjectDependencies) = postProject
		{56FE7D49-23C2-329E-9724-81A37A0AF4AF} = {56FE7D49-23C2-329E-9724-81A37A0AF4AF}
		{A4239901-0381-35C6-B686-F4E21E431277} = {A4239901-0381-35C6-B686-F4E21E431277}
	EndProjectSection
EndProject
Project("{8BC9CEB8-8B4A-11D0-8D11-00A0C91BC942}") = "sharing", "lib\glfw\tests\sharing.vcxproj", "{A3BE1C1C-BA86-3EE0-B399-FAD62216D9C3}"
	ProjectSection(ProjectDependencies) = postProject
		{56FE7D49-23C2-329E-9724-81A37A0AF4AF} = {56FE7D49-23C2-329E-9724-81A37A0AF4AF}
		{A4239901-0381-35C6-B686-F4E21E431277} = {A4239901-0381-35C6-B686-F4E21E431277}
	EndProjectSection
EndProject
Project("{8BC9CEB8-8B4A-11D0-8D11-00A0C91BC942}") = "simple", "lib\glfw\examples\simple.vcxproj", "{AC77EE7E-25B4-31CB-88C9-18E9CE9736F1}"
	ProjectSection(ProjectDependencies) = postProject
		{56FE7D49-23C2-329E-9724-81A37A0AF4AF} = {56FE7D49-23C2-329E-9724-81A37A0AF4AF}
		{A4239901-0381-35C6-B686-F4E21E431277} = {A4239901-0381-35C6-B686-F4E21E431277}
	EndProjectSection
EndProject
Project("{8BC9CEB8-8B4A-11D0-8D11-00A0C91BC942}") = "splitview", "lib\glfw\examples\splitview.vcxproj", "{4A5503D5-584B-3A61-8089-40D4B9DDC8E4}"
	ProjectSection(ProjectDependencies) = postProject
		{56FE7D49-23C2-329E-9724-81A37A0AF4AF} = {56FE7D49-23C2-329E-9724-81A37A0AF4AF}
		{A4239901-0381-35C6-B686-F4E21E431277} = {A4239901-0381-35C6-B686-F4E21E431277}
	EndProjectSection
EndProject
Project("{8BC9CEB8-8B4A-11D0-8D11-00A0C91BC942}") = "tearing", "lib\glfw\tests\tearing.vcxproj", "{529467B3-ED2B-3AFC-B10C-F32E3E3E2474}"
	ProjectSection(ProjectDependencies) = postProject
		{56FE7D49-23C2-329E-9724-81A37A0AF4AF} = {56FE7D49-23C2-329E-9724-81A37A0AF4AF}
		{A4239901-0381-35C6-B686-F4E21E431277} = {A4239901-0381-35C6-B686-F4E21E431277}
	EndProjectSection
EndProject
Project("{8BC9CEB8-8B4A-11D0-8D11-00A0C91BC942}") = "threads", "lib\glfw\tests\threads.vcxproj", "{C6EF544B-53A0-3F25-8211-62C8F0B84674}"
	ProjectSection(ProjectDependencies) = postProject
		{56FE7D49-23C2-329E-9724-81A37A0AF4AF} = {56FE7D49-23C2-329E-9724-81A37A0AF4AF}
		{A4239901-0381-35C6-B686-F4E21E431277} = {A4239901-0381-35C6-B686-F4E21E431277}
	EndProjectSection
EndProject
Project("{8BC9CEB8-8B4A-11D0-8D11-00A0C91BC942}") = "title", "lib\glfw\tests\title.vcxproj", "{992860F6-E850-3C11-9618-FBAA8E4CF6F4}"
	ProjectSection(ProjectDependencies) = postProject
		{56FE7D49-23C2-329E-9724-81A37A0AF4AF} = {56FE7D49-23C2-329E-9724-81A37A0AF4AF}
		{A4239901-0381-35C6-B686-F4E21E431277} = {A4239901-0381-35C6-B686-F4E21E431277}
	EndProjectSection
EndProject
Project("{8BC9CEB8-8B4A-11D0-8D11-00A0C91BC942}") = "uninstall", "lib\glfw\uninstall.vcxproj", "{9556AD0D-A974-30E6-82FF-94133C0FBB20}"
	ProjectSection(ProjectDependencies) = postProject
		{56FE7D49-23C2-329E-9724-81A37A0AF4AF} = {56FE7D49-23C2-329E-9724-81A37A0AF4AF}
	EndProjectSection
EndProject
Project("{8BC9CEB8-8B4A-11D0-8D11-00A0C91BC942}") = "vermilion", "vermilion.vcxproj", "{37106D08-A15A-3228-A81F-B9B7718A4646}"
	ProjectSection(ProjectDependencies) = postProject
		{56FE7D49-23C2-329E-9724-81A37A0AF4AF} = {56FE7D49-23C2-329E-9724-81A37A0AF4AF}
	EndProjectSection
EndProject
Project("{8BC9CEB8-8B4A-11D0-8D11-00A0C91BC942}") = "wave", "lib\glfw\examples\wave.vcxproj", "{325F9477-359B-3097-9F72-7238F53F1C9A}"
	ProjectSection(ProjectDependencies) = postProject
		{56FE7D49-23C2-329E-9724-81A37A0AF4AF} = {56FE7D49-23C2-329E-9724-81A37A0AF4AF}
		{A4239901-0381-35C6-B686-F4E21E431277} = {A4239901-0381-35C6-B686-F4E21E431277}
	EndProjectSection
EndProject
Project("{8BC9CEB8-8B4A-11D0-8D11-00A0C91BC942}") = "windows", "lib\glfw\tests\windows.vcxproj", "{7DD403D2-4CF3-3898-9066-3851C7518C22}"
	ProjectSection(ProjectDependencies) = postProject
		{56FE7D49-23C2-329E-9724-81A37A0AF4AF} = {56FE7D49-23C2-329E-9724-81A37A0AF4AF}
		{A4239901-0381-35C6-B686-F4E21E431277} = {A4239901-0381-35C6-B686-F4E21E431277}
	EndProjectSection
EndProject
Global
	GlobalSection(SolutionConfigurationPlatforms) = preSolution
		Debug|x64 = Debug|x64
		Release|x64 = Release|x64
		MinSizeRel|x64 = MinSizeRel|x64
		RelWithDebInfo|x64 = RelWithDebInfo|x64
	EndGlobalSection
	GlobalSection(ProjectConfigurationPlatforms) = postSolution
		{ABA797C4-2734-350F-9EBF-0FF9C37BDC11}.Debug|x64.ActiveCfg = Debug|x64
		{ABA797C4-2734-350F-9EBF-0FF9C37BDC11}.Debug|x64.Build.0 = Debug|x64
		{ABA797C4-2734-350F-9EBF-0FF9C37BDC11}.Release|x64.ActiveCfg = Release|x64
		{ABA797C4-2734-350F-9EBF-0FF9C37BDC11}.Release|x64.Build.0 = Release|x64
		{ABA797C4-2734-350F-9EBF-0FF9C37BDC11}.MinSizeRel|x64.ActiveCfg = MinSizeRel|x64
		{ABA797C4-2734-350F-9EBF-0FF9C37BDC11}.MinSizeRel|x64.Build.0 = MinSizeRel|x64
		{ABA797C4-2734-350F-9EBF-0FF9C37BDC11}.RelWithDebInfo|x64.ActiveCfg = RelWithDebInfo|x64
		{ABA797C4-2734-350F-9EBF-0FF9C37BDC11}.RelWithDebInfo|x64.Build.0 = RelWithDebInfo|x64
		{E27E6208-F796-39AC-9769-E3A88A3770AD}.Debug|x64.ActiveCfg = Debug|x64
		{E27E6208-F796-39AC-9769-E3A88A3770AD}.Debug|x64.Build.0 = Debug|x64
		{E27E6208-F796-39AC-9769-E3A88A3770AD}.Release|x64.ActiveCfg = Release|x64
		{E27E6208-F796-39AC-9769-E3A88A3770AD}.Release|x64.Build.0 = Release|x64
		{E27E6208-F796-39AC-9769-E3A88A3770AD}.MinSizeRel|x64.ActiveCfg = MinSizeRel|x64
		{E27E6208-F796-39AC-9769-E3A88A3770AD}.MinSizeRel|x64.Build.0 = MinSizeRel|x64
		{E27E6208-F796-39AC-9769-E3A88A3770AD}.RelWithDebInfo|x64.ActiveCfg = RelWithDebInfo|x64
		{E27E6208-F796-39AC-9769-E3A88A3770AD}.RelWithDebInfo|x64.Build.0 = RelWithDebInfo|x64
		{B8B6B11A-9D29-3B4F-9680-75658F6B729B}.Debug|x64.ActiveCfg = Debug|x64
		{B8B6B11A-9D29-3B4F-9680-75658F6B729B}.Debug|x64.Build.0 = Debug|x64
		{B8B6B11A-9D29-3B4F-9680-75658F6B729B}.Release|x64.ActiveCfg = Release|x64
		{B8B6B11A-9D29-3B4F-9680-75658F6B729B}.Release|x64.Build.0 = Release|x64
		{B8B6B11A-9D29-3B4F-9680-75658F6B729B}.MinSizeRel|x64.ActiveCfg = MinSizeRel|x64
		{B8B6B11A-9D29-3B4F-9680-75658F6B729B}.MinSizeRel|x64.Build.0 = MinSizeRel|x64
		{B8B6B11A-9D29-3B4F-9680-75658F6B729B}.RelWithDebInfo|x64.ActiveCfg = RelWithDebInfo|x64
		{B8B6B11A-9D29-3B4F-9680-75658F6B729B}.RelWithDebInfo|x64.Build.0 = RelWithDebInfo|x64
		{66B6AF18-FF98-3502-A7CD-09B26635F2DA}.Debug|x64.ActiveCfg = Debug|x64
		{66B6AF18-FF98-3502-A7CD-09B26635F2DA}.Debug|x64.Build.0 = Debug|x64
		{66B6AF18-FF98-3502-A7CD-09B26635F2DA}.Release|x64.ActiveCfg = Release|x64
		{66B6AF18-FF98-3502-A7CD-09B26635F2DA}.Release|x64.Build.0 = Release|x64
		{66B6AF18-FF98-3502-A7CD-09B26635F2DA}.MinSizeRel|x64.ActiveCfg = MinSizeRel|x64
		{66B6AF18-FF98-3502-A7CD-09B26635F2DA}.MinSizeRel|x64.Build.0 = MinSizeRel|x64
		{66B6AF18-FF98-3502-A7CD-09B26635F2DA}.RelWithDebInfo|x64.ActiveCfg = RelWithDebInfo|x64
		{66B6AF18-FF98-3502-A7CD-09B26635F2DA}.RelWithDebInfo|x64.Build.0 = RelWithDebInfo|x64
		{CEAD7F82-4EA9-38EB-9404-C175A5D27D02}.Debug|x64.ActiveCfg = Debug|x64
		{CEAD7F82-4EA9-38EB-9404-C175A5D27D02}.Debug|x64.Build.0 = Debug|x64
		{CEAD7F82-4EA9-38EB-9404-C175A5D27D02}.Release|x64.ActiveCfg = Release|x64
		{CEAD7F82-4EA9-38EB-9404-C175A5D27D02}.Release|x64.Build.0 = Release|x64
		{CEAD7F82-4EA9-38EB-9404-C175A5D27D02}.MinSizeRel|x64.ActiveCfg = MinSizeRel|x64
		{CEAD7F82-4EA9-38EB-9404-C175A5D27D02}.MinSizeRel|x64.Build.0 = MinSizeRel|x64
		{CEAD7F82-4EA9-38EB-9404-C175A5D27D02}.RelWithDebInfo|x64.ActiveCfg = RelWithDebInfo|x64
		{CEAD7F82-4EA9-38EB-9404-C175A5D27D02}.RelWithDebInfo|x64.Build.0 = RelWithDebInfo|x64
		{C12952F0-0788-3E72-A81E-8986CC7FA844}.Debug|x64.ActiveCfg = Debug|x64
		{C12952F0-0788-3E72-A81E-8986CC7FA844}.Debug|x64.Build.0 = Debug|x64
		{C12952F0-0788-3E72-A81E-8986CC7FA844}.Release|x64.ActiveCfg = Release|x64
		{C12952F0-0788-3E72-A81E-8986CC7FA844}.Release|x64.Build.0 = Release|x64
		{C12952F0-0788-3E72-A81E-8986CC7FA844}.MinSizeRel|x64.ActiveCfg = MinSizeRel|x64
		{C12952F0-0788-3E72-A81E-8986CC7FA844}.MinSizeRel|x64.Build.0 = MinSizeRel|x64
		{C12952F0-0788-3E72-A81E-8986CC7FA844}.RelWithDebInfo|x64.ActiveCfg = RelWithDebInfo|x64
		{C12952F0-0788-3E72-A81E-8986CC7FA844}.RelWithDebInfo|x64.Build.0 = RelWithDebInfo|x64
		{89064147-888F-3EA0-BF67-1F7DC7632E6C}.Debug|x64.ActiveCfg = Debug|x64
		{89064147-888F-3EA0-BF67-1F7DC7632E6C}.Debug|x64.Build.0 = Debug|x64
		{89064147-888F-3EA0-BF67-1F7DC7632E6C}.Release|x64.ActiveCfg = Release|x64
		{89064147-888F-3EA0-BF67-1F7DC7632E6C}.Release|x64.Build.0 = Release|x64
		{89064147-888F-3EA0-BF67-1F7DC7632E6C}.MinSizeRel|x64.ActiveCfg = MinSizeRel|x64
		{89064147-888F-3EA0-BF67-1F7DC7632E6C}.MinSizeRel|x64.Build.0 = MinSizeRel|x64
		{89064147-888F-3EA0-BF67-1F7DC7632E6C}.RelWithDebInfo|x64.ActiveCfg = RelWithDebInfo|x64
		{89064147-888F-3EA0-BF67-1F7DC7632E6C}.RelWithDebInfo|x64.Build.0 = RelWithDebInfo|x64
		{07A91C26-7A60-31B1-BC50-45BD1BDA469E}.Debug|x64.ActiveCfg = Debug|x64
		{07A91C26-7A60-31B1-BC50-45BD1BDA469E}.Debug|x64.Build.0 = Debug|x64
		{07A91C26-7A60-31B1-BC50-45BD1BDA469E}.Release|x64.ActiveCfg = Release|x64
		{07A91C26-7A60-31B1-BC50-45BD1BDA469E}.Release|x64.Build.0 = Release|x64
		{07A91C26-7A60-31B1-BC50-45BD1BDA469E}.MinSizeRel|x64.ActiveCfg = MinSizeRel|x64
		{07A91C26-7A60-31B1-BC50-45BD1BDA469E}.MinSizeRel|x64.Build.0 = MinSizeRel|x64
		{07A91C26-7A60-31B1-BC50-45BD1BDA469E}.RelWithDebInfo|x64.ActiveCfg = RelWithDebInfo|x64
		{07A91C26-7A60-31B1-BC50-45BD1BDA469E}.RelWithDebInfo|x64.Build.0 = RelWithDebInfo|x64
		{F8A6EB35-C736-3EED-97BE-726237A10EE7}.Debug|x64.ActiveCfg = Debug|x64
		{F8A6EB35-C736-3EED-97BE-726237A10EE7}.Debug|x64.Build.0 = Debug|x64
		{F8A6EB35-C736-3EED-97BE-726237A10EE7}.Release|x64.ActiveCfg = Release|x64
		{F8A6EB35-C736-3EED-97BE-726237A10EE7}.Release|x64.Build.0 = Release|x64
		{F8A6EB35-C736-3EED-97BE-726237A10EE7}.MinSizeRel|x64.ActiveCfg = MinSizeRel|x64
		{F8A6EB35-C736-3EED-97BE-726237A10EE7}.MinSizeRel|x64.Build.0 = MinSizeRel|x64
		{F8A6EB35-C736-3EED-97BE-726237A10EE7}.RelWithDebInfo|x64.ActiveCfg = RelWithDebInfo|x64
		{F8A6EB35-C736-3EED-97BE-726237A10EE7}.RelWithDebInfo|x64.Build.0 = RelWithDebInfo|x64
		{18433929-6D9E-371B-BEBB-8DB2B7C3AD16}.Debug|x64.ActiveCfg = Debug|x64
		{18433929-6D9E-371B-BEBB-8DB2B7C3AD16}.Debug|x64.Build.0 = Debug|x64
		{18433929-6D9E-371B-BEBB-8DB2B7C3AD16}.Release|x64.ActiveCfg = Release|x64
		{18433929-6D9E-371B-BEBB-8DB2B7C3AD16}.Release|x64.Build.0 = Release|x64
		{18433929-6D9E-371B-BEBB-8DB2B7C3AD16}.MinSizeRel|x64.ActiveCfg = MinSizeRel|x64
		{18433929-6D9E-371B-BEBB-8DB2B7C3AD16}.MinSizeRel|x64.Build.0 = MinSizeRel|x64
		{18433929-6D9E-371B-BEBB-8DB2B7C3AD16}.RelWithDebInfo|x64.ActiveCfg = RelWithDebInfo|x64
		{18433929-6D9E-371B-BEBB-8DB2B7C3AD16}.RelWithDebInfo|x64.Build.0 = RelWithDebInfo|x64
		{D546A639-4A3D-38DA-B5C2-715A960A4235}.Debug|x64.ActiveCfg = Debug|x64
		{D546A639-4A3D-38DA-B5C2-715A960A4235}.Debug|x64.Build.0 = Debug|x64
		{D546A639-4A3D-38DA-B5C2-715A960A4235}.Release|x64.ActiveCfg = Release|x64
		{D546A639-4A3D-38DA-B5C2-715A960A4235}.Release|x64.Build.0 = Release|x64
		{D546A639-4A3D-38DA-B5C2-715A960A4235}.MinSizeRel|x64.ActiveCfg = MinSizeRel|x64
		{D546A639-4A3D-38DA-B5C2-715A960A4235}.MinSizeRel|x64.Build.0 = MinSizeRel|x64
		{D546A639-4A3D-38DA-B5C2-715A960A4235}.RelWithDebInfo|x64.ActiveCfg = RelWithDebInfo|x64
		{D546A639-4A3D-38DA-B5C2-715A960A4235}.RelWithDebInfo|x64.Build.0 = RelWithDebInfo|x64
		{E8B5385E-8A91-370E-92D6-0E160C26CFAD}.Debug|x64.ActiveCfg = Debug|x64
		{E8B5385E-8A91-370E-92D6-0E160C26CFAD}.Debug|x64.Build.0 = Debug|x64
		{E8B5385E-8A91-370E-92D6-0E160C26CFAD}.Release|x64.ActiveCfg = Release|x64
		{E8B5385E-8A91-370E-92D6-0E160C26CFAD}.Release|x64.Build.0 = Release|x64
		{E8B5385E-8A91-370E-92D6-0E160C26CFAD}.MinSizeRel|x64.ActiveCfg = MinSizeRel|x64
		{E8B5385E-8A91-370E-92D6-0E160C26CFAD}.MinSizeRel|x64.Build.0 = MinSizeRel|x64
		{E8B5385E-8A91-370E-92D6-0E160C26CFAD}.RelWithDebInfo|x64.ActiveCfg = RelWithDebInfo|x64
		{E8B5385E-8A91-370E-92D6-0E160C26CFAD}.RelWithDebInfo|x64.Build.0 = RelWithDebInfo|x64
		{13A7245C-1442-35FF-9998-FD72BBEBC8F8}.Debug|x64.ActiveCfg = Debug|x64
		{13A7245C-1442-35FF-9998-FD72BBEBC8F8}.Debug|x64.Build.0 = Debug|x64
		{13A7245C-1442-35FF-9998-FD72BBEBC8F8}.Release|x64.ActiveCfg = Release|x64
		{13A7245C-1442-35FF-9998-FD72BBEBC8F8}.Release|x64.Build.0 = Release|x64
		{13A7245C-1442-35FF-9998-FD72BBEBC8F8}.MinSizeRel|x64.ActiveCfg = MinSizeRel|x64
		{13A7245C-1442-35FF-9998-FD72BBEBC8F8}.MinSizeRel|x64.Build.0 = MinSizeRel|x64
		{13A7245C-1442-35FF-9998-FD72BBEBC8F8}.RelWithDebInfo|x64.ActiveCfg = RelWithDebInfo|x64
		{13A7245C-1442-35FF-9998-FD72BBEBC8F8}.RelWithDebInfo|x64.Build.0 = RelWithDebInfo|x64
		{B4A731B3-A807-30FE-A1D6-CF392E84ACB2}.Debug|x64.ActiveCfg = Debug|x64
		{B4A731B3-A807-30FE-A1D6-CF392E84ACB2}.Debug|x64.Build.0 = Debug|x64
		{B4A731B3-A807-30FE-A1D6-CF392E84ACB2}.Release|x64.ActiveCfg = Release|x64
		{B4A731B3-A807-30FE-A1D6-CF392E84ACB2}.Release|x64.Build.0 = Release|x64
		{B4A731B3-A807-30FE-A1D6-CF392E84ACB2}.MinSizeRel|x64.ActiveCfg = MinSizeRel|x64
		{B4A731B3-A807-30FE-A1D6-CF392E84ACB2}.MinSizeRel|x64.Build.0 = MinSizeRel|x64
		{B4A731B3-A807-30FE-A1D6-CF392E84ACB2}.RelWithDebInfo|x64.ActiveCfg = RelWithDebInfo|x64
		{B4A731B3-A807-30FE-A1D6-CF392E84ACB2}.RelWithDebInfo|x64.Build.0 = RelWithDebInfo|x64
		{45D0CF10-BCBE-3C17-98E1-B58C26AD193E}.Debug|x64.ActiveCfg = Debug|x64
		{45D0CF10-BCBE-3C17-98E1-B58C26AD193E}.Debug|x64.Build.0 = Debug|x64
		{45D0CF10-BCBE-3C17-98E1-B58C26AD193E}.Release|x64.ActiveCfg = Release|x64
		{45D0CF10-BCBE-3C17-98E1-B58C26AD193E}.Release|x64.Build.0 = Release|x64
		{45D0CF10-BCBE-3C17-98E1-B58C26AD193E}.MinSizeRel|x64.ActiveCfg = MinSizeRel|x64
		{45D0CF10-BCBE-3C17-98E1-B58C26AD193E}.MinSizeRel|x64.Build.0 = MinSizeRel|x64
		{45D0CF10-BCBE-3C17-98E1-B58C26AD193E}.RelWithDebInfo|x64.ActiveCfg = RelWithDebInfo|x64
		{45D0CF10-BCBE-3C17-98E1-B58C26AD193E}.RelWithDebInfo|x64.Build.0 = RelWithDebInfo|x64
		{71D03F0E-52C3-3DBE-85B8-3AE35566EECD}.Debug|x64.ActiveCfg = Debug|x64
		{71D03F0E-52C3-3DBE-85B8-3AE35566EECD}.Debug|x64.Build.0 = Debug|x64
		{71D03F0E-52C3-3DBE-85B8-3AE35566EECD}.Release|x64.ActiveCfg = Release|x64
		{71D03F0E-52C3-3DBE-85B8-3AE35566EECD}.Release|x64.Build.0 = Release|x64
		{71D03F0E-52C3-3DBE-85B8-3AE35566EECD}.MinSizeRel|x64.ActiveCfg = MinSizeRel|x64
		{71D03F0E-52C3-3DBE-85B8-3AE35566EECD}.MinSizeRel|x64.Build.0 = MinSizeRel|x64
		{71D03F0E-52C3-3DBE-85B8-3AE35566EECD}.RelWithDebInfo|x64.ActiveCfg = RelWithDebInfo|x64
		{71D03F0E-52C3-3DBE-85B8-3AE35566EECD}.RelWithDebInfo|x64.Build.0 = RelWithDebInfo|x64
		{5E1F7D11-7104-3232-A99D-07E95292C9E9}.Debug|x64.ActiveCfg = Debug|x64
		{5E1F7D11-7104-3232-A99D-07E95292C9E9}.Debug|x64.Build.0 = Debug|x64
		{5E1F7D11-7104-3232-A99D-07E95292C9E9}.Release|x64.ActiveCfg = Release|x64
		{5E1F7D11-7104-3232-A99D-07E95292C9E9}.Release|x64.Build.0 = Release|x64
		{5E1F7D11-7104-3232-A99D-07E95292C9E9}.MinSizeRel|x64.ActiveCfg = MinSizeRel|x64
		{5E1F7D11-7104-3232-A99D-07E95292C9E9}.MinSizeRel|x64.Build.0 = MinSizeRel|x64
		{5E1F7D11-7104-3232-A99D-07E95292C9E9}.RelWithDebInfo|x64.ActiveCfg = RelWithDebInfo|x64
		{5E1F7D11-7104-3232-A99D-07E95292C9E9}.RelWithDebInfo|x64.Build.0 = RelWithDebInfo|x64
		{CE08C736-C3EE-3990-A75D-CDEB765CE782}.Debug|x64.ActiveCfg = Debug|x64
		{CE08C736-C3EE-3990-A75D-CDEB765CE782}.Debug|x64.Build.0 = Debug|x64
		{CE08C736-C3EE-3990-A75D-CDEB765CE782}.Release|x64.ActiveCfg = Release|x64
		{CE08C736-C3EE-3990-A75D-CDEB765CE782}.Release|x64.Build.0 = Release|x64
		{CE08C736-C3EE-3990-A75D-CDEB765CE782}.MinSizeRel|x64.ActiveCfg = MinSizeRel|x64
		{CE08C736-C3EE-3990-A75D-CDEB765CE782}.MinSizeRel|x64.Build.0 = MinSizeRel|x64
		{CE08C736-C3EE-3990-A75D-CDEB765CE782}.RelWithDebInfo|x64.ActiveCfg = RelWithDebInfo|x64
		{CE08C736-C3EE-3990-A75D-CDEB765CE782}.RelWithDebInfo|x64.Build.0 = RelWithDebInfo|x64
		{20F5C42B-B74E-3B1B-B7BE-EC6F1F9EA57A}.Debug|x64.ActiveCfg = Debug|x64
		{20F5C42B-B74E-3B1B-B7BE-EC6F1F9EA57A}.Debug|x64.Build.0 = Debug|x64
		{20F5C42B-B74E-3B1B-B7BE-EC6F1F9EA57A}.Release|x64.ActiveCfg = Release|x64
		{20F5C42B-B74E-3B1B-B7BE-EC6F1F9EA57A}.Release|x64.Build.0 = Release|x64
		{20F5C42B-B74E-3B1B-B7BE-EC6F1F9EA57A}.MinSizeRel|x64.ActiveCfg = MinSizeRel|x64
		{20F5C42B-B74E-3B1B-B7BE-EC6F1F9EA57A}.MinSizeRel|x64.Build.0 = MinSizeRel|x64
		{20F5C42B-B74E-3B1B-B7BE-EC6F1F9EA57A}.RelWithDebInfo|x64.ActiveCfg = RelWithDebInfo|x64
		{20F5C42B-B74E-3B1B-B7BE-EC6F1F9EA57A}.RelWithDebInfo|x64.Build.0 = RelWithDebInfo|x64
		{B739A237-AD1E-3268-9BD7-3939E47EDDF9}.Debug|x64.ActiveCfg = Debug|x64
		{B739A237-AD1E-3268-9BD7-3939E47EDDF9}.Debug|x64.Build.0 = Debug|x64
		{B739A237-AD1E-3268-9BD7-3939E47EDDF9}.Release|x64.ActiveCfg = Release|x64
		{B739A237-AD1E-3268-9BD7-3939E47EDDF9}.Release|x64.Build.0 = Release|x64
		{B739A237-AD1E-3268-9BD7-3939E47EDDF9}.MinSizeRel|x64.ActiveCfg = MinSizeRel|x64
		{B739A237-AD1E-3268-9BD7-3939E47EDDF9}.MinSizeRel|x64.Build.0 = MinSizeRel|x64
		{B739A237-AD1E-3268-9BD7-3939E47EDDF9}.RelWithDebInfo|x64.ActiveCfg = RelWithDebInfo|x64
		{B739A237-AD1E-3268-9BD7-3939E47EDDF9}.RelWithDebInfo|x64.Build.0 = RelWithDebInfo|x64
		{9A907931-B6DF-3E8C-971E-DC5F5DC3E635}.Debug|x64.ActiveCfg = Debug|x64
		{9A907931-B6DF-3E8C-971E-DC5F5DC3E635}.Debug|x64.Build.0 = Debug|x64
		{9A907931-B6DF-3E8C-971E-DC5F5DC3E635}.Release|x64.ActiveCfg = Release|x64
		{9A907931-B6DF-3E8C-971E-DC5F5DC3E635}.Release|x64.Build.0 = Release|x64
		{9A907931-B6DF-3E8C-971E-DC5F5DC3E635}.MinSizeRel|x64.ActiveCfg = MinSizeRel|x64
		{9A907931-B6DF-3E8C-971E-DC5F5DC3E635}.MinSizeRel|x64.Build.0 = MinSizeRel|x64
		{9A907931-B6DF-3E8C-971E-DC5F5DC3E635}.RelWithDebInfo|x64.ActiveCfg = RelWithDebInfo|x64
		{9A907931-B6DF-3E8C-971E-DC5F5DC3E635}.RelWithDebInfo|x64.Build.0 = RelWithDebInfo|x64
		{7B11A4C5-4D56-300D-8B0C-8D0AE168C58D}.Debug|x64.ActiveCfg = Debug|x64
		{7B11A4C5-4D56-300D-8B0C-8D0AE168C58D}.Debug|x64.Build.0 = Debug|x64
		{7B11A4C5-4D56-300D-8B0C-8D0AE168C58D}.Release|x64.ActiveCfg = Release|x64
		{7B11A4C5-4D56-300D-8B0C-8D0AE168C58D}.Release|x64.Build.0 = Release|x64
		{7B11A4C5-4D56-300D-8B0C-8D0AE168C58D}.MinSizeRel|x64.ActiveCfg = MinSizeRel|x64
		{7B11A4C5-4D56-300D-8B0C-8D0AE168C58D}.MinSizeRel|x64.Build.0 = MinSizeRel|x64
		{7B11A4C5-4D56-300D-8B0C-8D0AE168C58D}.RelWithDebInfo|x64.ActiveCfg = RelWithDebInfo|x64
		{7B11A4C5-4D56-300D-8B0C-8D0AE168C58D}.RelWithDebInfo|x64.Build.0 = RelWithDebInfo|x64
		{8E7A895A-38B5-32E1-8B16-92C30CBFC920}.Debug|x64.ActiveCfg = Debug|x64
		{8E7A895A-38B5-32E1-8B16-92C30CBFC920}.Debug|x64.Build.0 = Debug|x64
		{8E7A895A-38B5-32E1-8B16-92C30CBFC920}.Release|x64.ActiveCfg = Release|x64
		{8E7A895A-38B5-32E1-8B16-92C30CBFC920}.Release|x64.Build.0 = Release|x64
		{8E7A895A-38B5-32E1-8B16-92C30CBFC920}.MinSizeRel|x64.ActiveCfg = MinSizeRel|x64
		{8E7A895A-38B5-32E1-8B16-92C30CBFC920}.MinSizeRel|x64.Build.0 = MinSizeRel|x64
		{8E7A895A-38B5-32E1-8B16-92C30CBFC920}.RelWithDebInfo|x64.ActiveCfg = RelWithDebInfo|x64
		{8E7A895A-38B5-32E1-8B16-92C30CBFC920}.RelWithDebInfo|x64.Build.0 = RelWithDebInfo|x64
		{86E8C217-0545-30A3-B04D-AED6DAE431C0}.Debug|x64.ActiveCfg = Debug|x64
		{86E8C217-0545-30A3-B04D-AED6DAE431C0}.Debug|x64.Build.0 = Debug|x64
		{86E8C217-0545-30A3-B04D-AED6DAE431C0}.Release|x64.ActiveCfg = Release|x64
		{86E8C217-0545-30A3-B04D-AED6DAE431C0}.Release|x64.Build.0 = Release|x64
		{86E8C217-0545-30A3-B04D-AED6DAE431C0}.MinSizeRel|x64.ActiveCfg = MinSizeRel|x64
		{86E8C217-0545-30A3-B04D-AED6DAE431C0}.MinSizeRel|x64.Build.0 = MinSizeRel|x64
		{86E8C217-0545-30A3-B04D-AED6DAE431C0}.RelWithDebInfo|x64.ActiveCfg = RelWithDebInfo|x64
		{86E8C217-0545-30A3-B04D-AED6DAE431C0}.RelWithDebInfo|x64.Build.0 = RelWithDebInfo|x64
		{A5905F18-6857-38A6-BEDD-0223C7C4E3C0}.Debug|x64.ActiveCfg = Debug|x64
		{A5905F18-6857-38A6-BEDD-0223C7C4E3C0}.Debug|x64.Build.0 = Debug|x64
		{A5905F18-6857-38A6-BEDD-0223C7C4E3C0}.Release|x64.ActiveCfg = Release|x64
		{A5905F18-6857-38A6-BEDD-0223C7C4E3C0}.Release|x64.Build.0 = Release|x64
		{A5905F18-6857-38A6-BEDD-0223C7C4E3C0}.MinSizeRel|x64.ActiveCfg = MinSizeRel|x64
		{A5905F18-6857-38A6-BEDD-0223C7C4E3C0}.MinSizeRel|x64.Build.0 = MinSizeRel|x64
		{A5905F18-6857-38A6-BEDD-0223C7C4E3C0}.RelWithDebInfo|x64.ActiveCfg = RelWithDebInfo|x64
		{A5905F18-6857-38A6-BEDD-0223C7C4E3C0}.RelWithDebInfo|x64.Build.0 = RelWithDebInfo|x64
		{A9B03CAD-35FE-3F43-BF14-66ECB7104452}.Debug|x64.ActiveCfg = Debug|x64
		{A9B03CAD-35FE-3F43-BF14-66ECB7104452}.Debug|x64.Build.0 = Debug|x64
		{A9B03CAD-35FE-3F43-BF14-66ECB7104452}.Release|x64.ActiveCfg = Release|x64
		{A9B03CAD-35FE-3F43-BF14-66ECB7104452}.Release|x64.Build.0 = Release|x64
		{A9B03CAD-35FE-3F43-BF14-66ECB7104452}.MinSizeRel|x64.ActiveCfg = MinSizeRel|x64
		{A9B03CAD-35FE-3F43-BF14-66ECB7104452}.MinSizeRel|x64.Build.0 = MinSizeRel|x64
		{A9B03CAD-35FE-3F43-BF14-66ECB7104452}.RelWithDebInfo|x64.ActiveCfg = RelWithDebInfo|x64
		{A9B03CAD-35FE-3F43-BF14-66ECB7104452}.RelWithDebInfo|x64.Build.0 = RelWithDebInfo|x64
		{582B2E1D-A9D8-3A68-9133-3908B11E0549}.Debug|x64.ActiveCfg = Debug|x64
		{582B2E1D-A9D8-3A68-9133-3908B11E0549}.Debug|x64.Build.0 = Debug|x64
		{582B2E1D-A9D8-3A68-9133-3908B11E0549}.Release|x64.ActiveCfg = Release|x64
		{582B2E1D-A9D8-3A68-9133-3908B11E0549}.Release|x64.Build.0 = Release|x64
		{582B2E1D-A9D8-3A68-9133-3908B11E0549}.MinSizeRel|x64.ActiveCfg = MinSizeRel|x64
		{582B2E1D-A9D8-3A68-9133-3908B11E0549}.MinSizeRel|x64.Build.0 = MinSizeRel|x64
		{582B2E1D-A9D8-3A68-9133-3908B11E0549}.RelWithDebInfo|x64.ActiveCfg = RelWithDebInfo|x64
		{582B2E1D-A9D8-3A68-9133-3908B11E0549}.RelWithDebInfo|x64.Build.0 = RelWithDebInfo|x64
		{D9890D88-F96A-3A3E-A23C-06B2F8BA3D26}.Debug|x64.ActiveCfg = Debug|x64
		{D9890D88-F96A-3A3E-A23C-06B2F8BA3D26}.Debug|x64.Build.0 = Debug|x64
		{D9890D88-F96A-3A3E-A23C-06B2F8BA3D26}.Release|x64.ActiveCfg = Release|x64
		{D9890D88-F96A-3A3E-A23C-06B2F8BA3D26}.Release|x64.Build.0 = Release|x64
		{D9890D88-F96A-3A3E-A23C-06B2F8BA3D26}.MinSizeRel|x64.ActiveCfg = MinSizeRel|x64
		{D9890D88-F96A-3A3E-A23C-06B2F8BA3D26}.MinSizeRel|x64.Build.0 = MinSizeRel|x64
		{D9890D88-F96A-3A3E-A23C-06B2F8BA3D26}.RelWithDebInfo|x64.ActiveCfg = RelWithDebInfo|x64
		{D9890D88-F96A-3A3E-A23C-06B2F8BA3D26}.RelWithDebInfo|x64.Build.0 = RelWithDebInfo|x64
		{DA6F017A-797F-3BB7-9B40-EE33A89EE2B7}.Debug|x64.ActiveCfg = Debug|x64
		{DA6F017A-797F-3BB7-9B40-EE33A89EE2B7}.Debug|x64.Build.0 = Debug|x64
		{DA6F017A-797F-3BB7-9B40-EE33A89EE2B7}.Release|x64.ActiveCfg = Release|x64
		{DA6F017A-797F-3BB7-9B40-EE33A89EE2B7}.Release|x64.Build.0 = Release|x64
		{DA6F017A-797F-3BB7-9B40-EE33A89EE2B7}.MinSizeRel|x64.ActiveCfg = MinSizeRel|x64
		{DA6F017A-797F-3BB7-9B40-EE33A89EE2B7}.MinSizeRel|x64.Build.0 = MinSizeRel|x64
		{DA6F017A-797F-3BB7-9B40-EE33A89EE2B7}.RelWithDebInfo|x64.ActiveCfg = RelWithDebInfo|x64
		{DA6F017A-797F-3BB7-9B40-EE33A89EE2B7}.RelWithDebInfo|x64.Build.0 = RelWithDebInfo|x64
		{83A499F2-72ED-3043-9E5C-4E8077001CC9}.Debug|x64.ActiveCfg = Debug|x64
		{83A499F2-72ED-3043-9E5C-4E8077001CC9}.Debug|x64.Build.0 = Debug|x64
		{83A499F2-72ED-3043-9E5C-4E8077001CC9}.Release|x64.ActiveCfg = Release|x64
		{83A499F2-72ED-3043-9E5C-4E8077001CC9}.Release|x64.Build.0 = Release|x64
		{83A499F2-72ED-3043-9E5C-4E8077001CC9}.MinSizeRel|x64.ActiveCfg = MinSizeRel|x64
		{83A499F2-72ED-3043-9E5C-4E8077001CC9}.MinSizeRel|x64.Build.0 = MinSizeRel|x64
		{83A499F2-72ED-3043-9E5C-4E8077001CC9}.RelWithDebInfo|x64.ActiveCfg = RelWithDebInfo|x64
		{83A499F2-72ED-3043-9E5C-4E8077001CC9}.RelWithDebInfo|x64.Build.0 = RelWithDebInfo|x64
		{59F787AB-40AE-3E9C-8DCA-FABB99F8A050}.Debug|x64.ActiveCfg = Debug|x64
		{59F787AB-40AE-3E9C-8DCA-FABB99F8A050}.Debug|x64.Build.0 = Debug|x64
		{59F787AB-40AE-3E9C-8DCA-FABB99F8A050}.Release|x64.ActiveCfg = Release|x64
		{59F787AB-40AE-3E9C-8DCA-FABB99F8A050}.Release|x64.Build.0 = Release|x64
		{59F787AB-40AE-3E9C-8DCA-FABB99F8A050}.MinSizeRel|x64.ActiveCfg = MinSizeRel|x64
		{59F787AB-40AE-3E9C-8DCA-FABB99F8A050}.MinSizeRel|x64.Build.0 = MinSizeRel|x64
		{59F787AB-40AE-3E9C-8DCA-FABB99F8A050}.RelWithDebInfo|x64.ActiveCfg = RelWithDebInfo|x64
		{59F787AB-40AE-3E9C-8DCA-FABB99F8A050}.RelWithDebInfo|x64.Build.0 = RelWithDebInfo|x64
		{B63144EB-837E-32D0-A860-97E679B864FE}.Debug|x64.ActiveCfg = Debug|x64
		{B63144EB-837E-32D0-A860-97E679B864FE}.Debug|x64.Build.0 = Debug|x64
		{B63144EB-837E-32D0-A860-97E679B864FE}.Release|x64.ActiveCfg = Release|x64
		{B63144EB-837E-32D0-A860-97E679B864FE}.Release|x64.Build.0 = Release|x64
		{B63144EB-837E-32D0-A860-97E679B864FE}.MinSizeRel|x64.ActiveCfg = MinSizeRel|x64
		{B63144EB-837E-32D0-A860-97E679B864FE}.MinSizeRel|x64.Build.0 = MinSizeRel|x64
		{B63144EB-837E-32D0-A860-97E679B864FE}.RelWithDebInfo|x64.ActiveCfg = RelWithDebInfo|x64
		{B63144EB-837E-32D0-A860-97E679B864FE}.RelWithDebInfo|x64.Build.0 = RelWithDebInfo|x64
		{D5118E26-BC64-3752-B95E-7BB2E60E507D}.Debug|x64.ActiveCfg = Debug|x64
		{D5118E26-BC64-3752-B95E-7BB2E60E507D}.Debug|x64.Build.0 = Debug|x64
		{D5118E26-BC64-3752-B95E-7BB2E60E507D}.Release|x64.ActiveCfg = Release|x64
		{D5118E26-BC64-3752-B95E-7BB2E60E507D}.Release|x64.Build.0 = Release|x64
		{D5118E26-BC64-3752-B95E-7BB2E60E507D}.MinSizeRel|x64.ActiveCfg = MinSizeRel|x64
		{D5118E26-BC64-3752-B95E-7BB2E60E507D}.MinSizeRel|x64.Build.0 = MinSizeRel|x64
		{D5118E26-BC64-3752-B95E-7BB2E60E507D}.RelWithDebInfo|x64.ActiveCfg = RelWithDebInfo|x64
		{D5118E26-BC64-3752-B95E-7BB2E60E507D}.RelWithDebInfo|x64.Build.0 = RelWithDebInfo|x64
		{6F349541-6857-3A2D-A7A8-A14E1F8EB425}.Debug|x64.ActiveCfg = Debug|x64
		{6F349541-6857-3A2D-A7A8-A14E1F8EB425}.Release|x64.ActiveCfg = Release|x64
		{6F349541-6857-3A2D-A7A8-A14E1F8EB425}.MinSizeRel|x64.ActiveCfg = MinSizeRel|x64
		{6F349541-6857-3A2D-A7A8-A14E1F8EB425}.RelWithDebInfo|x64.ActiveCfg = RelWithDebInfo|x64
		{56FE7D49-23C2-329E-9724-81A37A0AF4AF}.Debug|x64.ActiveCfg = Debug|x64
		{56FE7D49-23C2-329E-9724-81A37A0AF4AF}.Debug|x64.Build.0 = Debug|x64
		{56FE7D49-23C2-329E-9724-81A37A0AF4AF}.Release|x64.ActiveCfg = Release|x64
		{56FE7D49-23C2-329E-9724-81A37A0AF4AF}.Release|x64.Build.0 = Release|x64
		{56FE7D49-23C2-329E-9724-81A37A0AF4AF}.MinSizeRel|x64.ActiveCfg = MinSizeRel|x64
		{56FE7D49-23C2-329E-9724-81A37A0AF4AF}.MinSizeRel|x64.Build.0 = MinSizeRel|x64
		{56FE7D49-23C2-329E-9724-81A37A0AF4AF}.RelWithDebInfo|x64.ActiveCfg = RelWithDebInfo|x64
		{56FE7D49-23C2-329E-9724-81A37A0AF4AF}.RelWithDebInfo|x64.Build.0 = RelWithDebInfo|x64
		{80422242-3BA4-34C3-997A-37EBC551C1D7}.Debug|x64.ActiveCfg = Debug|x64
		{80422242-3BA4-34C3-997A-37EBC551C1D7}.Debug|x64.Build.0 = Debug|x64
		{80422242-3BA4-34C3-997A-37EBC551C1D7}.Release|x64.ActiveCfg = Release|x64
		{80422242-3BA4-34C3-997A-37EBC551C1D7}.Release|x64.Build.0 = Release|x64
		{80422242-3BA4-34C3-997A-37EBC551C1D7}.MinSizeRel|x64.ActiveCfg = MinSizeRel|x64
		{80422242-3BA4-34C3-997A-37EBC551C1D7}.MinSizeRel|x64.Build.0 = MinSizeRel|x64
		{80422242-3BA4-34C3-997A-37EBC551C1D7}.RelWithDebInfo|x64.ActiveCfg = RelWithDebInfo|x64
		{80422242-3BA4-34C3-997A-37EBC551C1D7}.RelWithDebInfo|x64.Build.0 = RelWithDebInfo|x64
		{876146ED-C997-350C-A348-224CABAC8A08}.Debug|x64.ActiveCfg = Debug|x64
		{876146ED-C997-350C-A348-224CABAC8A08}.Debug|x64.Build.0 = Debug|x64
		{876146ED-C997-350C-A348-224CABAC8A08}.Release|x64.ActiveCfg = Release|x64
		{876146ED-C997-350C-A348-224CABAC8A08}.Release|x64.Build.0 = Release|x64
		{876146ED-C997-350C-A348-224CABAC8A08}.MinSizeRel|x64.ActiveCfg = MinSizeRel|x64
		{876146ED-C997-350C-A348-224CABAC8A08}.MinSizeRel|x64.Build.0 = MinSizeRel|x64
		{876146ED-C997-350C-A348-224CABAC8A08}.RelWithDebInfo|x64.ActiveCfg = RelWithDebInfo|x64
		{876146ED-C997-350C-A348-224CABAC8A08}.RelWithDebInfo|x64.Build.0 = RelWithDebInfo|x64
		{729996BD-3B54-3E46-98FD-778DBAADDE2D}.Debug|x64.ActiveCfg = Debug|x64
		{729996BD-3B54-3E46-98FD-778DBAADDE2D}.Debug|x64.Build.0 = Debug|x64
		{729996BD-3B54-3E46-98FD-778DBAADDE2D}.Release|x64.ActiveCfg = Release|x64
		{729996BD-3B54-3E46-98FD-778DBAADDE2D}.Release|x64.Build.0 = Release|x64
		{729996BD-3B54-3E46-98FD-778DBAADDE2D}.MinSizeRel|x64.ActiveCfg = MinSizeRel|x64
		{729996BD-3B54-3E46-98FD-778DBAADDE2D}.MinSizeRel|x64.Build.0 = MinSizeRel|x64
		{729996BD-3B54-3E46-98FD-778DBAADDE2D}.RelWithDebInfo|x64.ActiveCfg = RelWithDebInfo|x64
		{729996BD-3B54-3E46-98FD-778DBAADDE2D}.RelWithDebInfo|x64.Build.0 = RelWithDebInfo|x64
		{0F3C66C6-81B2-3572-96B5-C4BDF1BC14DD}.Debug|x64.ActiveCfg = Debug|x64
		{0F3C66C6-81B2-3572-96B5-C4BDF1BC14DD}.Release|x64.ActiveCfg = Release|x64
		{0F3C66C6-81B2-3572-96B5-C4BDF1BC14DD}.MinSizeRel|x64.ActiveCfg = MinSizeRel|x64
		{0F3C66C6-81B2-3572-96B5-C4BDF1BC14DD}.RelWithDebInfo|x64.ActiveCfg = RelWithDebInfo|x64
		{97633782-1F21-35DC-8228-4F8261B1AAF5}.Debug|x64.ActiveCfg = Debug|x64
		{97633782-1F21-35DC-8228-4F8261B1AAF5}.Debug|x64.Build.0 = Debug|x64
		{97633782-1F21-35DC-8228-4F8261B1AAF5}.Release|x64.ActiveCfg = Release|x64
		{97633782-1F21-35DC-8228-4F8261B1AAF5}.Release|x64.Build.0 = Release|x64
		{97633782-1F21-35DC-8228-4F8261B1AAF5}.MinSizeRel|x64.ActiveCfg = MinSizeRel|x64
		{97633782-1F21-35DC-8228-4F8261B1AAF5}.MinSizeRel|x64.Build.0 = MinSizeRel|x64
		{97633782-1F21-35DC-8228-4F8261B1AAF5}.RelWithDebInfo|x64.ActiveCfg = RelWithDebInfo|x64
		{97633782-1F21-35DC-8228-4F8261B1AAF5}.RelWithDebInfo|x64.Build.0 = RelWithDebInfo|x64
		{0A4ACCDE-96EF-39A8-81E0-A8981F5E9F73}.Debug|x64.ActiveCfg = Debug|x64
		{0A4ACCDE-96EF-39A8-81E0-A8981F5E9F73}.Debug|x64.Build.0 = Debug|x64
		{0A4ACCDE-96EF-39A8-81E0-A8981F5E9F73}.Release|x64.ActiveCfg = Release|x64
		{0A4ACCDE-96EF-39A8-81E0-A8981F5E9F73}.Release|x64.Build.0 = Release|x64
		{0A4ACCDE-96EF-39A8-81E0-A8981F5E9F73}.MinSizeRel|x64.ActiveCfg = MinSizeRel|x64
		{0A4ACCDE-96EF-39A8-81E0-A8981F5E9F73}.MinSizeRel|x64.Build.0 = MinSizeRel|x64
		{0A4ACCDE-96EF-39A8-81E0-A8981F5E9F73}.RelWithDebInfo|x64.ActiveCfg = RelWithDebInfo|x64
		{0A4ACCDE-96EF-39A8-81E0-A8981F5E9F73}.RelWithDebInfo|x64.Build.0 = RelWithDebInfo|x64
		{9A3EF1E3-C821-3B39-A0F0-26361EEF9A5E}.Debug|x64.ActiveCfg = Debug|x64
		{9A3EF1E3-C821-3B39-A0F0-26361EEF9A5E}.Debug|x64.Build.0 = Debug|x64
		{9A3EF1E3-C821-3B39-A0F0-26361EEF9A5E}.Release|x64.ActiveCfg = Release|x64
		{9A3EF1E3-C821-3B39-A0F0-26361EEF9A5E}.Release|x64.Build.0 = Release|x64
		{9A3EF1E3-C821-3B39-A0F0-26361EEF9A5E}.MinSizeRel|x64.ActiveCfg = MinSizeRel|x64
		{9A3EF1E3-C821-3B39-A0F0-26361EEF9A5E}.MinSizeRel|x64.Build.0 = MinSizeRel|x64
		{9A3EF1E3-C821-3B39-A0F0-26361EEF9A5E}.RelWithDebInfo|x64.ActiveCfg = RelWithDebInfo|x64
		{9A3EF1E3-C821-3B39-A0F0-26361EEF9A5E}.RelWithDebInfo|x64.Build.0 = RelWithDebInfo|x64
		{9523721A-2FE3-3C2F-A109-D10D4F0B5BEF}.Debug|x64.ActiveCfg = Debug|x64
		{9523721A-2FE3-3C2F-A109-D10D4F0B5BEF}.Debug|x64.Build.0 = Debug|x64
		{9523721A-2FE3-3C2F-A109-D10D4F0B5BEF}.Release|x64.ActiveCfg = Release|x64
		{9523721A-2FE3-3C2F-A109-D10D4F0B5BEF}.Release|x64.Build.0 = Release|x64
		{9523721A-2FE3-3C2F-A109-D10D4F0B5BEF}.MinSizeRel|x64.ActiveCfg = MinSizeRel|x64
		{9523721A-2FE3-3C2F-A109-D10D4F0B5BEF}.MinSizeRel|x64.Build.0 = MinSizeRel|x64
		{9523721A-2FE3-3C2F-A109-D10D4F0B5BEF}.RelWithDebInfo|x64.ActiveCfg = RelWithDebInfo|x64
		{9523721A-2FE3-3C2F-A109-D10D4F0B5BEF}.RelWithDebInfo|x64.Build.0 = RelWithDebInfo|x64
		{A4239901-0381-35C6-B686-F4E21E431277}.Debug|x64.ActiveCfg = Debug|x64
		{A4239901-0381-35C6-B686-F4E21E431277}.Debug|x64.Build.0 = Debug|x64
		{A4239901-0381-35C6-B686-F4E21E431277}.Release|x64.ActiveCfg = Release|x64
		{A4239901-0381-35C6-B686-F4E21E431277}.Release|x64.Build.0 = Release|x64
		{A4239901-0381-35C6-B686-F4E21E431277}.MinSizeRel|x64.ActiveCfg = MinSizeRel|x64
		{A4239901-0381-35C6-B686-F4E21E431277}.MinSizeRel|x64.Build.0 = MinSizeRel|x64
		{A4239901-0381-35C6-B686-F4E21E431277}.RelWithDebInfo|x64.ActiveCfg = RelWithDebInfo|x64
		{A4239901-0381-35C6-B686-F4E21E431277}.RelWithDebInfo|x64.Build.0 = RelWithDebInfo|x64
		{7AF90EC4-DED1-39A7-A8BE-BBA630231BDD}.Debug|x64.ActiveCfg = Debug|x64
		{7AF90EC4-DED1-39A7-A8BE-BBA630231BDD}.Debug|x64.Build.0 = Debug|x64
		{7AF90EC4-DED1-39A7-A8BE-BBA630231BDD}.Release|x64.ActiveCfg = Release|x64
		{7AF90EC4-DED1-39A7-A8BE-BBA630231BDD}.Release|x64.Build.0 = Release|x64
		{7AF90EC4-DED1-39A7-A8BE-BBA630231BDD}.MinSizeRel|x64.ActiveCfg = MinSizeRel|x64
		{7AF90EC4-DED1-39A7-A8BE-BBA630231BDD}.MinSizeRel|x64.Build.0 = MinSizeRel|x64
		{7AF90EC4-DED1-39A7-A8BE-BBA630231BDD}.RelWithDebInfo|x64.ActiveCfg = RelWithDebInfo|x64
		{7AF90EC4-DED1-39A7-A8BE-BBA630231BDD}.RelWithDebInfo|x64.Build.0 = RelWithDebInfo|x64
		{152E729D-3F28-37C7-B988-368A811001DA}.Debug|x64.ActiveCfg = Debug|x64
		{152E729D-3F28-37C7-B988-368A811001DA}.Debug|x64.Build.0 = Debug|x64
		{152E729D-3F28-37C7-B988-368A811001DA}.Release|x64.ActiveCfg = Release|x64
		{152E729D-3F28-37C7-B988-368A811001DA}.Release|x64.Build.0 = Release|x64
		{152E729D-3F28-37C7-B988-368A811001DA}.MinSizeRel|x64.ActiveCfg = MinSizeRel|x64
		{152E729D-3F28-37C7-B988-368A811001DA}.MinSizeRel|x64.Build.0 = MinSizeRel|x64
		{152E729D-3F28-37C7-B988-368A811001DA}.RelWithDebInfo|x64.ActiveCfg = RelWithDebInfo|x64
		{152E729D-3F28-37C7-B988-368A811001DA}.RelWithDebInfo|x64.Build.0 = RelWithDebInfo|x64
		{0ABA4E67-B9C8-3927-836B-125E1DD53D2F}.Debug|x64.ActiveCfg = Debug|x64
		{0ABA4E67-B9C8-3927-836B-125E1DD53D2F}.Debug|x64.Build.0 = Debug|x64
		{0ABA4E67-B9C8-3927-836B-125E1DD53D2F}.Release|x64.ActiveCfg = Release|x64
		{0ABA4E67-B9C8-3927-836B-125E1DD53D2F}.Release|x64.Build.0 = Release|x64
		{0ABA4E67-B9C8-3927-836B-125E1DD53D2F}.MinSizeRel|x64.ActiveCfg = MinSizeRel|x64
		{0ABA4E67-B9C8-3927-836B-125E1DD53D2F}.MinSizeRel|x64.Build.0 = MinSizeRel|x64
		{0ABA4E67-B9C8-3927-836B-125E1DD53D2F}.RelWithDebInfo|x64.ActiveCfg = RelWithDebInfo|x64
		{0ABA4E67-B9C8-3927-836B-125E1DD53D2F}.RelWithDebInfo|x64.Build.0 = RelWithDebInfo|x64
		{041A89DF-FB17-3C12-BEF0-EF2FEA712BEE}.Debug|x64.ActiveCfg = Debug|x64
		{041A89DF-FB17-3C12-BEF0-EF2FEA712BEE}.Debug|x64.Build.0 = Debug|x64
		{041A89DF-FB17-3C12-BEF0-EF2FEA712BEE}.Release|x64.ActiveCfg = Release|x64
		{041A89DF-FB17-3C12-BEF0-EF2FEA712BEE}.Release|x64.Build.0 = Release|x64
		{041A89DF-FB17-3C12-BEF0-EF2FEA712BEE}.MinSizeRel|x64.ActiveCfg = MinSizeRel|x64
		{041A89DF-FB17-3C12-BEF0-EF2FEA712BEE}.MinSizeRel|x64.Build.0 = MinSizeRel|x64
		{041A89DF-FB17-3C12-BEF0-EF2FEA712BEE}.RelWithDebInfo|x64.ActiveCfg = RelWithDebInfo|x64
		{041A89DF-FB17-3C12-BEF0-EF2FEA712BEE}.RelWithDebInfo|x64.Build.0 = RelWithDebInfo|x64
		{4DC67C87-049D-3CA3-B8F3-05ED148F6FD2}.Debug|x64.ActiveCfg = Debug|x64
		{4DC67C87-049D-3CA3-B8F3-05ED148F6FD2}.Debug|x64.Build.0 = Debug|x64
		{4DC67C87-049D-3CA3-B8F3-05ED148F6FD2}.Release|x64.ActiveCfg = Release|x64
		{4DC67C87-049D-3CA3-B8F3-05ED148F6FD2}.Release|x64.Build.0 = Release|x64
		{4DC67C87-049D-3CA3-B8F3-05ED148F6FD2}.MinSizeRel|x64.ActiveCfg = MinSizeRel|x64
		{4DC67C87-049D-3CA3-B8F3-05ED148F6FD2}.MinSizeRel|x64.Build.0 = MinSizeRel|x64
		{4DC67C87-049D-3CA3-B8F3-05ED148F6FD2}.RelWithDebInfo|x64.ActiveCfg = RelWithDebInfo|x64
		{4DC67C87-049D-3CA3-B8F3-05ED148F6FD2}.RelWithDebInfo|x64.Build.0 = RelWithDebInfo|x64
		{0C1D1BAB-08E6-3D48-96F9-AD4D782B9460}.Debug|x64.ActiveCfg = Debug|x64
		{0C1D1BAB-08E6-3D48-96F9-AD4D782B9460}.Debug|x64.Build.0 = Debug|x64
		{0C1D1BAB-08E6-3D48-96F9-AD4D782B9460}.Release|x64.ActiveCfg = Release|x64
		{0C1D1BAB-08E6-3D48-96F9-AD4D782B9460}.Release|x64.Build.0 = Release|x64
		{0C1D1BAB-08E6-3D48-96F9-AD4D782B9460}.MinSizeRel|x64.ActiveCfg = MinSizeRel|x64
		{0C1D1BAB-08E6-3D48-96F9-AD4D782B9460}.MinSizeRel|x64.Build.0 = MinSizeRel|x64
		{0C1D1BAB-08E6-3D48-96F9-AD4D782B9460}.RelWithDebInfo|x64.ActiveCfg = RelWithDebInfo|x64
		{0C1D1BAB-08E6-3D48-96F9-AD4D782B9460}.RelWithDebInfo|x64.Build.0 = RelWithDebInfo|x64
		{A95424FC-1B0A-32C4-B1A1-EF66B5BFE71B}.Debug|x64.ActiveCfg = Debug|x64
		{A95424FC-1B0A-32C4-B1A1-EF66B5BFE71B}.Debug|x64.Build.0 = Debug|x64
		{A95424FC-1B0A-32C4-B1A1-EF66B5BFE71B}.Release|x64.ActiveCfg = Release|x64
		{A95424FC-1B0A-32C4-B1A1-EF66B5BFE71B}.Release|x64.Build.0 = Release|x64
		{A95424FC-1B0A-32C4-B1A1-EF66B5BFE71B}.MinSizeRel|x64.ActiveCfg = MinSizeRel|x64
		{A95424FC-1B0A-32C4-B1A1-EF66B5BFE71B}.MinSizeRel|x64.Build.0 = MinSizeRel|x64
		{A95424FC-1B0A-32C4-B1A1-EF66B5BFE71B}.RelWithDebInfo|x64.ActiveCfg = RelWithDebInfo|x64
		{A95424FC-1B0A-32C4-B1A1-EF66B5BFE71B}.RelWithDebInfo|x64.Build.0 = RelWithDebInfo|x64
		{FD518435-91AF-3CCC-8EB3-5CAE9FE4D690}.Debug|x64.ActiveCfg = Debug|x64
		{FD518435-91AF-3CCC-8EB3-5CAE9FE4D690}.Release|x64.ActiveCfg = Release|x64
		{FD518435-91AF-3CCC-8EB3-5CAE9FE4D690}.MinSizeRel|x64.ActiveCfg = MinSizeRel|x64
		{FD518435-91AF-3CCC-8EB3-5CAE9FE4D690}.RelWithDebInfo|x64.ActiveCfg = RelWithDebInfo|x64
		{8F9E5FC6-0610-35B4-BD66-E7D0933DBC36}.Debug|x64.ActiveCfg = Debug|x64
		{8F9E5FC6-0610-35B4-BD66-E7D0933DBC36}.Debug|x64.Build.0 = Debug|x64
		{8F9E5FC6-0610-35B4-BD66-E7D0933DBC36}.Release|x64.ActiveCfg = Release|x64
		{8F9E5FC6-0610-35B4-BD66-E7D0933DBC36}.Release|x64.Build.0 = Release|x64
		{8F9E5FC6-0610-35B4-BD66-E7D0933DBC36}.MinSizeRel|x64.ActiveCfg = MinSizeRel|x64
		{8F9E5FC6-0610-35B4-BD66-E7D0933DBC36}.MinSizeRel|x64.Build.0 = MinSizeRel|x64
		{8F9E5FC6-0610-35B4-BD66-E7D0933DBC36}.RelWithDebInfo|x64.ActiveCfg = RelWithDebInfo|x64
		{8F9E5FC6-0610-35B4-BD66-E7D0933DBC36}.RelWithDebInfo|x64.Build.0 = RelWithDebInfo|x64
		{A3BE1C1C-BA86-3EE0-B399-FAD62216D9C3}.Debug|x64.ActiveCfg = Debug|x64
		{A3BE1C1C-BA86-3EE0-B399-FAD62216D9C3}.Debug|x64.Build.0 = Debug|x64
		{A3BE1C1C-BA86-3EE0-B399-FAD62216D9C3}.Release|x64.ActiveCfg = Release|x64
		{A3BE1C1C-BA86-3EE0-B399-FAD62216D9C3}.Release|x64.Build.0 = Release|x64
		{A3BE1C1C-BA86-3EE0-B399-FAD62216D9C3}.MinSizeRel|x64.ActiveCfg = MinSizeRel|x64
		{A3BE1C1C-BA86-3EE0-B399-FAD62216D9C3}.MinSizeRel|x64.Build.0 = MinSizeRel|x64
		{A3BE1C1C-BA86-3EE0-B399-FAD62216D9C3}.RelWithDebInfo|x64.ActiveCfg = RelWithDebInfo|x64
		{A3BE1C1C-BA86-3EE0-B399-FAD62216D9C3}.RelWithDebInfo|x64.Build.0 = RelWithDebInfo|x64
		{AC77EE7E-25B4-31CB-88C9-18E9CE9736F1}.Debug|x64.ActiveCfg = Debug|x64
		{AC77EE7E-25B4-31CB-88C9-18E9CE9736F1}.Debug|x64.Build.0 = Debug|x64
		{AC77EE7E-25B4-31CB-88C9-18E9CE9736F1}.Release|x64.ActiveCfg = Release|x64
		{AC77EE7E-25B4-31CB-88C9-18E9CE9736F1}.Release|x64.Build.0 = Release|x64
		{AC77EE7E-25B4-31CB-88C9-18E9CE9736F1}.MinSizeRel|x64.ActiveCfg = MinSizeRel|x64
		{AC77EE7E-25B4-31CB-88C9-18E9CE9736F1}.MinSizeRel|x64.Build.0 = MinSizeRel|x64
		{AC77EE7E-25B4-31CB-88C9-18E9CE9736F1}.RelWithDebInfo|x64.ActiveCfg = RelWithDebInfo|x64
		{AC77EE7E-25B4-31CB-88C9-18E9CE9736F1}.RelWithDebInfo|x64.Build.0 = RelWithDebInfo|x64
		{4A5503D5-584B-3A61-8089-40D4B9DDC8E4}.Debug|x64.ActiveCfg = Debug|x64
		{4A5503D5-584B-3A61-8089-40D4B9DDC8E4}.Debug|x64.Build.0 = Debug|x64
		{4A5503D5-584B-3A61-8089-40D4B9DDC8E4}.Release|x64.ActiveCfg = Release|x64
		{4A5503D5-584B-3A61-8089-40D4B9DDC8E4}.Release|x64.Build.0 = Release|x64
		{4A5503D5-584B-3A61-8089-40D4B9DDC8E4}.MinSizeRel|x64.ActiveCfg = MinSizeRel|x64
		{4A5503D5-584B-3A61-8089-40D4B9DDC8E4}.MinSizeRel|x64.Build.0 = MinSizeRel|x64
		{4A5503D5-584B-3A61-8089-40D4B9DDC8E4}.RelWithDebInfo|x64.ActiveCfg = RelWithDebInfo|x64
		{4A5503D5-584B-3A61-8089-40D4B9DDC8E4}.RelWithDebInfo|x64.Build.0 = RelWithDebInfo|x64
		{529467B3-ED2B-3AFC-B10C-F32E3E3E2474}.Debug|x64.ActiveCfg = Debug|x64
		{529467B3-ED2B-3AFC-B10C-F32E3E3E2474}.Debug|x64.Build.0 = Debug|x64
		{529467B3-ED2B-3AFC-B10C-F32E3E3E2474}.Release|x64.ActiveCfg = Release|x64
		{529467B3-ED2B-3AFC-B10C-F32E3E3E2474}.Release|x64.Build.0 = Release|x64
		{529467B3-ED2B-3AFC-B10C-F32E3E3E2474}.MinSizeRel|x64.ActiveCfg = MinSizeRel|x64
		{529467B3-ED2B-3AFC-B10C-F32E3E3E2474}.MinSizeRel|x64.Build.0 = MinSizeRel|x64
		{529467B3-ED2B-3AFC-B10C-F32E3E3E2474}.RelWithDebInfo|x64.ActiveCfg = RelWithDebInfo|x64
		{529467B3-ED2B-3AFC-B10C-F32E3E3E2474}.RelWithDebInfo|x64.Build.0 = RelWithDebInfo|x64
		{C6EF544B-53A0-3F25-8211-62C8F0B84674}.Debug|x64.ActiveCfg = Debug|x64
		{C6EF544B-53A0-3F25-8211-62C8F0B84674}.Debug|x64.Build.0 = Debug|x64
		{C6EF544B-53A0-3F25-8211-62C8F0B84674}.Release|x64.ActiveCfg = Release|x64
		{C6EF544B-53A0-3F25-8211-62C8F0B84674}.Release|x64.Build.0 = Release|x64
		{C6EF544B-53A0-3F25-8211-62C8F0B84674}.MinSizeRel|x64.ActiveCfg = MinSizeRel|x64
		{C6EF544B-53A0-3F25-8211-62C8F0B84674}.MinSizeRel|x64.Build.0 = MinSizeRel|x64
		{C6EF544B-53A0-3F25-8211-62C8F0B84674}.RelWithDebInfo|x64.ActiveCfg = RelWithDebInfo|x64
		{C6EF544B-53A0-3F25-8211-62C8F0B84674}.RelWithDebInfo|x64.Build.0 = RelWithDebInfo|x64
		{992860F6-E850-3C11-9618-FBAA8E4CF6F4}.Debug|x64.ActiveCfg = Debug|x64
		{992860F6-E850-3C11-9618-FBAA8E4CF6F4}.Debug|x64.Build.0 = Debug|x64
		{992860F6-E850-3C11-9618-FBAA8E4CF6F4}.Release|x64.ActiveCfg = Release|x64
		{992860F6-E850-3C11-9618-FBAA8E4CF6F4}.Release|x64.Build.0 = Release|x64
		{992860F6-E850-3C11-9618-FBAA8E4CF6F4}.MinSizeRel|x64.ActiveCfg = MinSizeRel|x64
		{992860F6-E850-3C11-9618-FBAA8E4CF6F4}.MinSizeRel|x64.Build.0 = MinSizeRel|x64
		{992860F6-E850-3C11-9618-FBAA8E4CF6F4}.RelWithDebInfo|x64.ActiveCfg = RelWithDebInfo|x64
		{992860F6-E850-3C11-9618-FBAA8E4CF6F4}.RelWithDebInfo|x64.Build.0 = RelWithDebInfo|x64
		{9556AD0D-A974-30E6-82FF-94133C0FBB20}.Debug|x64.ActiveCfg = Debug|x64
		{9556AD0D-A974-30E6-82FF-94133C0FBB20}.Release|x64.ActiveCfg = Release|x64
		{9556AD0D-A974-30E6-82FF-94133C0FBB20}.MinSizeRel|x64.ActiveCfg = MinSizeRel|x64
		{9556AD0D-A974-30E6-82FF-94133C0FBB20}.RelWithDebInfo|x64.ActiveCfg = RelWithDebInfo|x64
		{37106D08-A15A-3228-A81F-B9B7718A4646}.Debug|x64.ActiveCfg = Debug|x64
		{37106D08-A15A-3228-A81F-B9B7718A4646}.Debug|x64.Build.0 = Debug|x64
		{37106D08-A15A-3228-A81F-B9B7718A4646}.Release|x64.ActiveCfg = Release|x64
		{37106D08-A15A-3228-A81F-B9B7718A4646}.Release|x64.Build.0 = Release|x64
		{37106D08-A15A-3228-A81F-B9B7718A4646}.MinSizeRel|x64.ActiveCfg = MinSizeRel|x64
		{37106D08-A15A-3228-A81F-B9B7718A4646}.MinSizeRel|x64.Build.0 = MinSizeRel|x64
		{37106D08-A15A-3228-A81F-B9B7718A4646}.RelWithDebInfo|x64.ActiveCfg = RelWithDebInfo|x64
		{37106D08-A15A-3228-A81F-B9B7718A4646}.RelWithDebInfo|x64.Build.0 = RelWithDebInfo|x64
		{325F9477-359B-3097-9F72-7238F53F1C9A}.Debug|x64.ActiveCfg = Debug|x64
		{325F9477-359B-3097-9F72-7238F53F1C9A}.Debug|x64.Build.0 = Debug|x64
		{325F9477-359B-3097-9F72-7238F53F1C9A}.Release|x64.ActiveCfg = Release|x64
		{325F9477-359B-3097-9F72-7238F53F1C9A}.Release|x64.Build.0 = Release|x64
		{325F9477-359B-3097-9F72-7238F53F1C9A}.MinSizeRel|x64.ActiveCfg = MinSizeRel|x64
		{325F9477-359B-3097-9F72-7238F53F1C9A}.MinSizeRel|x64.Build.0 = MinSizeRel|x64
		{325F9477-359B-3097-9F72-7238F53F1C9A}.RelWithDebInfo|x64.ActiveCfg = RelWithDebInfo|x64
		{325F9477-359B-3097-9F72-7238F53F1C9A}.RelWithDebInfo|x64.Build.0 = RelWithDebInfo|x64
		{7DD403D2-4CF3-3898-9066-3851C7518C22}.Debug|x64.ActiveCfg = Debug|x64
		{7DD403D2-4CF3-3898-9066-3851C7518C22}.Debug|x64.Build.0 = Debug|x64
		{7DD403D2-4CF3-3898-9066-3851C7518C22}.Release|x64.ActiveCfg = Release|x64
		{7DD403D2-4CF3-3898-9066-3851C7518C22}.Release|x64.Build.0 = Release|x64
		{7DD403D2-4CF3-3898-9066-3851C7518C22}.MinSizeRel|x64.ActiveCfg = MinSizeRel|x64
		{7DD403D2-4CF3-3898-9066-3851C7518C22}.MinSizeRel|x64.Build.0 = MinSizeRel|x64
		{7DD403D2-4CF3-3898-9066-3851C7518C22}.RelWithDebInfo|x64.ActiveCfg = RelWithDebInfo|x64
		{7DD403D2-4CF3-3898-9066-3851C7518C22}.RelWithDebInfo|x64.Build.0 = RelWithDebInfo|x64
	EndGlobalSection
	GlobalSection(NestedProjects) = preSolution
		{ABA797C4-2734-350F-9EBF-0FF9C37BDC11} = {79689B17-BFEA-3D1B-B469-1AD68084B570}
		{6F349541-6857-3A2D-A7A8-A14E1F8EB425} = {79689B17-BFEA-3D1B-B469-1AD68084B570}
		{56FE7D49-23C2-329E-9724-81A37A0AF4AF} = {79689B17-BFEA-3D1B-B469-1AD68084B570}
		{E698875E-BADE-3094-B480-F433CCEA6AB5} = {CAFAFE9C-CDA7-323E-8581-E61D33522A8E}
		{79F143AA-931F-30AB-BDD5-EB7BDF5CF1D1} = {CAFAFE9C-CDA7-323E-8581-E61D33522A8E}
		{A4239901-0381-35C6-B686-F4E21E431277} = {CAFAFE9C-CDA7-323E-8581-E61D33522A8E}
		{80422242-3BA4-34C3-997A-37EBC551C1D7} = {E698875E-BADE-3094-B480-F433CCEA6AB5}
		{9523721A-2FE3-3C2F-A109-D10D4F0B5BEF} = {E698875E-BADE-3094-B480-F433CCEA6AB5}
		{152E729D-3F28-37C7-B988-368A811001DA} = {E698875E-BADE-3094-B480-F433CCEA6AB5}
		{A95424FC-1B0A-32C4-B1A1-EF66B5BFE71B} = {E698875E-BADE-3094-B480-F433CCEA6AB5}
		{AC77EE7E-25B4-31CB-88C9-18E9CE9736F1} = {E698875E-BADE-3094-B480-F433CCEA6AB5}
		{4A5503D5-584B-3A61-8089-40D4B9DDC8E4} = {E698875E-BADE-3094-B480-F433CCEA6AB5}
		{325F9477-359B-3097-9F72-7238F53F1C9A} = {E698875E-BADE-3094-B480-F433CCEA6AB5}
		{876146ED-C997-350C-A348-224CABAC8A08} = {79F143AA-931F-30AB-BDD5-EB7BDF5CF1D1}
		{729996BD-3B54-3E46-98FD-778DBAADDE2D} = {79F143AA-931F-30AB-BDD5-EB7BDF5CF1D1}
		{97633782-1F21-35DC-8228-4F8261B1AAF5} = {79F143AA-931F-30AB-BDD5-EB7BDF5CF1D1}
		{0A4ACCDE-96EF-39A8-81E0-A8981F5E9F73} = {79F143AA-931F-30AB-BDD5-EB7BDF5CF1D1}
		{9A3EF1E3-C821-3B39-A0F0-26361EEF9A5E} = {79F143AA-931F-30AB-BDD5-EB7BDF5CF1D1}
		{7AF90EC4-DED1-39A7-A8BE-BBA630231BDD} = {79F143AA-931F-30AB-BDD5-EB7BDF5CF1D1}
		{0ABA4E67-B9C8-3927-836B-125E1DD53D2F} = {79F143AA-931F-30AB-BDD5-EB7BDF5CF1D1}
		{041A89DF-FB17-3C12-BEF0-EF2FEA712BEE} = {79F143AA-931F-30AB-BDD5-EB7BDF5CF1D1}
		{4DC67C87-049D-3CA3-B8F3-05ED148F6FD2} = {79F143AA-931F-30AB-BDD5-EB7BDF5CF1D1}
		{0C1D1BAB-08E6-3D48-96F9-AD4D782B9460} = {79F143AA-931F-30AB-BDD5-EB7BDF5CF1D1}
		{8F9E5FC6-0610-35B4-BD66-E7D0933DBC36} = {79F143AA-931F-30AB-BDD5-EB7BDF5CF1D1}
		{A3BE1C1C-BA86-3EE0-B399-FAD62216D9C3} = {79F143AA-931F-30AB-BDD5-EB7BDF5CF1D1}
		{529467B3-ED2B-3AFC-B10C-F32E3E3E2474} = {79F143AA-931F-30AB-BDD5-EB7BDF5CF1D1}
		{C6EF544B-53A0-3F25-8211-62C8F0B84674} = {79F143AA-931F-30AB-BDD5-EB7BDF5CF1D1}
		{992860F6-E850-3C11-9618-FBAA8E4CF6F4} = {79F143AA-931F-30AB-BDD5-EB7BDF5CF1D1}
		{7DD403D2-4CF3-3898-9066-3851C7518C22} = {79F143AA-931F-30AB-BDD5-EB7BDF5CF1D1}
	EndGlobalSection
	GlobalSection(ExtensibilityGlobals) = postSolution
		SolutionGuid = {165CE688-F71C-3F3A-95FF-2F4D4AF126B6}
	EndGlobalSection
	GlobalSection(ExtensibilityAddIns) = postSolution
	EndGlobalSection
EndGlobal
