<?xml version="1.0" encoding="UTF-8"?>
<Project ToolsVersion="14.0" xmlns="http://schemas.microsoft.com/developer/msbuild/2003">
  <ItemGroup>
    <ClCompile Include="C:\155902\ITAM\GPC\OPENGL\openGL\OGLPG-9th-Edition\OGLPG-9th-Edition\src\09-simpletess\09-simpletess.cpp">
      <Filter>Source Files</Filter>
    </ClCompile>
  </ItemGroup>
  <ItemGroup>
    <ClInclude Include="C:\155902\ITAM\GPC\OPENGL\openGL\OGLPG-9th-Edition\OGLPG-9th-Edition\include\vgl.h">
      <Filter>Header Files</Filter>
    </ClInclude>
    <ClInclude Include="C:\155902\ITAM\GPC\OPENGL\openGL\OGLPG-9th-Edition\OGLPG-9th-Edition\include\vapp.h">
      <Filter>Header Files</Filter>
    </ClInclude>
  </ItemGroup>
  <ItemGroup>
    <CustomBuild Include="C:\155902\ITAM\GPC\OPENGL\openGL\OGLPG-9th-Edition\OGLPG-9th-Edition\CMakeLists.txt" />
  </ItemGroup>
  <ItemGroup>
    <Filter Include="Source Files">
      <UniqueIdentifier>{BB15E4C3-7CF9-3492-B2ED-4BE705B6386D}</UniqueIdentifier>
    </Filter>
    <Filter Include="Header Files">
      <UniqueIdentifier>{96D50371-094C-3D06-863A-B0A96FA2CE13}</UniqueIdentifier>
    </Filter>
  </ItemGroup>
</Project>
