Microsoft Visual Studio Solution File, Format Version 12.00
# Visual Studio 14
Project("{2150E333-8FDC-42A3-9474-1A3956D46DE8}") = "CMakePredefinedTargets", "CMakePredefinedTargets", "{FDB26E47-BE7C-3EB4-B029-883FF47AE7A6}"
EndProject
Project("{2150E333-8FDC-42A3-9474-1A3956D46DE8}") = "GLFW3", "GLFW3", "{7D8405B4-0F69-3B72-837C-BA9851888327}"
EndProject
Project("{2150E333-8FDC-42A3-9474-1A3956D46DE8}") = "Examples", "GLFW3\Examples", "{F22C11D1-4959-3EC5-A90A-ABF3076D7D80}"
EndProject
Project("{2150E333-8FDC-42A3-9474-1A3956D46DE8}") = "Tests", "GLFW3\Tests", "{49C2E9CB-32F4-34DE-817B-0B9F33711B89}"
EndProject
Project("{8BC9CEB8-8B4A-11D0-8D11-00A0C91BC942}") = "ALL_BUILD", "ALL_BUILD.vcxproj", "{114C6DD0-DC13-3DC1-923F-1E660B29AB83}"
	ProjectSection(ProjectDependencies) = postProject
		{D5945371-E905-3DE1-BF38-516C5FFEEB4E} = {D5945371-E905-3DE1-BF38-516C5FFEEB4E}
		{C0A37D3B-AF39-3CFE-98B8-CB9D5CE45823} = {C0A37D3B-AF39-3CFE-98B8-CB9D5CE45823}
		{C338975E-98CB-3666-AFB6-B33E7E6CD3A9} = {C338975E-98CB-3666-AFB6-B33E7E6CD3A9}
		{C2289CC9-539B-3AA6-AD49-5E141E3B8B2C} = {C2289CC9-539B-3AA6-AD49-5E141E3B8B2C}
		{ABA283C6-5F1B-35C2-8570-AE515DA60C5C} = {ABA283C6-5F1B-35C2-8570-AE515DA60C5C}
		{540BD4D9-9477-3BA9-AE80-A61A79478137} = {540BD4D9-9477-3BA9-AE80-A61A79478137}
		{F8C3C8A1-D57F-3DB0-8337-920F42F4A013} = {F8C3C8A1-D57F-3DB0-8337-920F42F4A013}
		{BCC61F08-1EA7-3B44-B8D2-CED6A78D5EA4} = {BCC61F08-1EA7-3B44-B8D2-CED6A78D5EA4}
		{32CC5D45-3655-36CF-8EF2-148A38961F66} = {32CC5D45-3655-36CF-8EF2-148A38961F66}
		{A53821EF-8997-34E4-8EFE-D948D1CC1918} = {A53821EF-8997-34E4-8EFE-D948D1CC1918}
		{3B440E71-9D0D-384A-B5E4-56B520580201} = {3B440E71-9D0D-384A-B5E4-56B520580201}
		{56BD87C7-1FDD-3F20-8BF1-0CBC25C1809A} = {56BD87C7-1FDD-3F20-8BF1-0CBC25C1809A}
		{3E0B95A4-7B52-329A-B1F1-3D47E618E3D1} = {3E0B95A4-7B52-329A-B1F1-3D47E618E3D1}
		{E8110E3B-1A9A-319F-84B7-D7E19E1E8D04} = {E8110E3B-1A9A-319F-84B7-D7E19E1E8D04}
		{A52C1E09-F888-3BFF-A37F-230F5F26DC02} = {A52C1E09-F888-3BFF-A37F-230F5F26DC02}
		{E8FC7B80-7B19-3904-A259-7C6174F5D7A9} = {E8FC7B80-7B19-3904-A259-7C6174F5D7A9}
		{7E59EEE2-1320-32E3-A957-D65573484147} = {7E59EEE2-1320-32E3-A957-D65573484147}
		{F1EC9593-E04F-3132-B62F-5C9A61BCCBCE} = {F1EC9593-E04F-3132-B62F-5C9A61BCCBCE}
		{FACCED43-D35A-3B47-ACAE-5D1F5D0C7AE2} = {FACCED43-D35A-3B47-ACAE-5D1F5D0C7AE2}
		{4C41C22E-27AA-33CE-970F-D819A87DB919} = {4C41C22E-27AA-33CE-970F-D819A87DB919}
		{D66BA7B0-8C7F-3706-A75E-3D1DDD4480B6} = {D66BA7B0-8C7F-3706-A75E-3D1DDD4480B6}
		{3F687601-CE32-366C-B05C-41CC230AB326} = {3F687601-CE32-366C-B05C-41CC230AB326}
		{BD3FAD34-B31A-3A69-B039-60B0F3FB69CA} = {BD3FAD34-B31A-3A69-B039-60B0F3FB69CA}
		{15ABD270-527A-3001-9C3D-B0F81DDB60C8} = {15ABD270-527A-3001-9C3D-B0F81DDB60C8}
		{58E58B99-4AED-3F0F-9F72-4BBF02EF30F3} = {58E58B99-4AED-3F0F-9F72-4BBF02EF30F3}
		{F590309C-A6D6-36D9-8C12-D9D063E539E7} = {F590309C-A6D6-36D9-8C12-D9D063E539E7}
		{C03E2A90-A0C7-3016-A0E7-D64CE2C16F86} = {C03E2A90-A0C7-3016-A0E7-D64CE2C16F86}
		{D1B52217-79D7-3AF8-B49A-142041D23792} = {D1B52217-79D7-3AF8-B49A-142041D23792}
		{75F6BF2C-2A13-31B1-81CC-818084180B0D} = {75F6BF2C-2A13-31B1-81CC-818084180B0D}
		{DBB83621-1366-397E-AB83-55156F8101EC} = {DBB83621-1366-397E-AB83-55156F8101EC}
		{94FD2DC3-0132-308A-8102-31CE046CD2DC} = {94FD2DC3-0132-308A-8102-31CE046CD2DC}
		{52FDE7ED-E3CD-3A9A-A9DA-49C272BB708D} = {52FDE7ED-E3CD-3A9A-A9DA-49C272BB708D}
		{90D6AAB3-28E2-3903-B502-4F452ACA3964} = {90D6AAB3-28E2-3903-B502-4F452ACA3964}
		{E2A14546-C050-3D0E-8884-2ADF22678AB6} = {E2A14546-C050-3D0E-8884-2ADF22678AB6}
		{A6478D2D-258D-33AE-BC2B-80AFC5425F1F} = {A6478D2D-258D-33AE-BC2B-80AFC5425F1F}
		{CA88D4CC-2F68-3638-BDEE-A0CC74C67AB6} = {CA88D4CC-2F68-3638-BDEE-A0CC74C67AB6}
		{0A706C52-2B8C-3310-BA7A-E395D9569A7F} = {0A706C52-2B8C-3310-BA7A-E395D9569A7F}
		{52784785-943D-39FA-B51F-B6A7EA418004} = {52784785-943D-39FA-B51F-B6A7EA418004}
		{1AB2C7E9-FBCA-3E58-9B60-3ECCE783DD59} = {1AB2C7E9-FBCA-3E58-9B60-3ECCE783DD59}
		{AD3D5DFC-3DAE-3C09-8F65-C8E8F527E0A5} = {AD3D5DFC-3DAE-3C09-8F65-C8E8F527E0A5}
		{05D919EE-91DA-34DD-AC53-A996FFCBEF95} = {05D919EE-91DA-34DD-AC53-A996FFCBEF95}
		{60A87A37-C4CC-3F59-9B6E-08A5CD3BB1C8} = {60A87A37-C4CC-3F59-9B6E-08A5CD3BB1C8}
		{5D8D2DDC-CB23-38C3-92D4-A3E4B915B651} = {5D8D2DDC-CB23-38C3-92D4-A3E4B915B651}
		{68C2352B-E787-3E11-957C-EF9BEFD9AEF1} = {68C2352B-E787-3E11-957C-EF9BEFD9AEF1}
		{2F3A8590-CBF3-3736-B996-F072F749EE80} = {2F3A8590-CBF3-3736-B996-F072F749EE80}
		{4A2ED55D-3DEC-3985-BA03-18E2194C792B} = {4A2ED55D-3DEC-3985-BA03-18E2194C792B}
		{F2315B49-4C4F-3F93-8B80-E95AD75708E6} = {F2315B49-4C4F-3F93-8B80-E95AD75708E6}
		{2E801CA1-3373-3ECC-B83D-C0A1D1A69A1D} = {2E801CA1-3373-3ECC-B83D-C0A1D1A69A1D}
		{89FF02E9-673D-3B42-BCF2-1D8554BC8B07} = {89FF02E9-673D-3B42-BCF2-1D8554BC8B07}
		{F4C15674-10AA-328D-B31B-7112649D759F} = {F4C15674-10AA-328D-B31B-7112649D759F}
		{0481F742-0074-310C-87AC-DD4630F1FA3C} = {0481F742-0074-310C-87AC-DD4630F1FA3C}
		{338AB0C0-6C65-3F4A-A81F-C107D145994C} = {338AB0C0-6C65-3F4A-A81F-C107D145994C}
		{76F4ADF9-B197-315D-9BF0-588275A910E6} = {76F4ADF9-B197-315D-9BF0-588275A910E6}
		{863820F2-C393-3E3F-8DAC-620B219BEB0C} = {863820F2-C393-3E3F-8DAC-620B219BEB0C}
		{8C610C92-F4B1-3D50-94D7-F6795914CFDC} = {8C610C92-F4B1-3D50-94D7-F6795914CFDC}
		{A1F1C4A8-8BCF-3F8B-909F-606AF5136EC3} = {A1F1C4A8-8BCF-3F8B-909F-606AF5136EC3}
		{ACC9BF76-7092-39BD-B85D-C55467CF014A} = {ACC9BF76-7092-39BD-B85D-C55467CF014A}
		{6D7CE960-1606-3E91-8B6A-EE0A1E16A34A} = {6D7CE960-1606-3E91-8B6A-EE0A1E16A34A}
	EndProjectSection
EndProject
Project("{8BC9CEB8-8B4A-11D0-8D11-00A0C91BC942}") = "01-keypress", "01-keypress.vcxproj", "{D5945371-E905-3DE1-BF38-516C5FFEEB4E}"
	ProjectSection(ProjectDependencies) = postProject
		{90D6AAB3-28E2-3903-B502-4F452ACA3964} = {90D6AAB3-28E2-3903-B502-4F452ACA3964}
		{A1F1C4A8-8BCF-3F8B-909F-606AF5136EC3} = {A1F1C4A8-8BCF-3F8B-909F-606AF5136EC3}
	EndProjectSection
EndProject
Project("{8BC9CEB8-8B4A-11D0-8D11-00A0C91BC942}") = "01-triangles", "01-triangles.vcxproj", "{C0A37D3B-AF39-3CFE-98B8-CB9D5CE45823}"
	ProjectSection(ProjectDependencies) = postProject
		{90D6AAB3-28E2-3903-B502-4F452ACA3964} = {90D6AAB3-28E2-3903-B502-4F452ACA3964}
		{A1F1C4A8-8BCF-3F8B-909F-606AF5136EC3} = {A1F1C4A8-8BCF-3F8B-909F-606AF5136EC3}
	EndProjectSection
EndProject
Project("{8BC9CEB8-8B4A-11D0-8D11-00A0C91BC942}") = "03-drawcommands", "03-drawcommands.vcxproj", "{C338975E-98CB-3666-AFB6-B33E7E6CD3A9}"
	ProjectSection(ProjectDependencies) = postProject
		{90D6AAB3-28E2-3903-B502-4F452ACA3964} = {90D6AAB3-28E2-3903-B502-4F452ACA3964}
		{A1F1C4A8-8BCF-3F8B-909F-606AF5136EC3} = {A1F1C4A8-8BCF-3F8B-909F-606AF5136EC3}
	EndProjectSection
EndProject
Project("{8BC9CEB8-8B4A-11D0-8D11-00A0C91BC942}") = "03-instancing", "03-instancing.vcxproj", "{C2289CC9-539B-3AA6-AD49-5E141E3B8B2C}"
	ProjectSection(ProjectDependencies) = postProject
		{90D6AAB3-28E2-3903-B502-4F452ACA3964} = {90D6AAB3-28E2-3903-B502-4F452ACA3964}
		{A1F1C4A8-8BCF-3F8B-909F-606AF5136EC3} = {A1F1C4A8-8BCF-3F8B-909F-606AF5136EC3}
	EndProjectSection
EndProject
Project("{8BC9CEB8-8B4A-11D0-8D11-00A0C91BC942}") = "03-instancing2", "03-instancing2.vcxproj", "{ABA283C6-5F1B-35C2-8570-AE515DA60C5C}"
	ProjectSection(ProjectDependencies) = postProject
		{90D6AAB3-28E2-3903-B502-4F452ACA3964} = {90D6AAB3-28E2-3903-B502-4F452ACA3964}
		{A1F1C4A8-8BCF-3F8B-909F-606AF5136EC3} = {A1F1C4A8-8BCF-3F8B-909F-606AF5136EC3}
	EndProjectSection
EndProject
Project("{8BC9CEB8-8B4A-11D0-8D11-00A0C91BC942}") = "03-instancing3", "03-instancing3.vcxproj", "{540BD4D9-9477-3BA9-AE80-A61A79478137}"
	ProjectSection(ProjectDependencies) = postProject
		{90D6AAB3-28E2-3903-B502-4F452ACA3964} = {90D6AAB3-28E2-3903-B502-4F452ACA3964}
		{A1F1C4A8-8BCF-3F8B-909F-606AF5136EC3} = {A1F1C4A8-8BCF-3F8B-909F-606AF5136EC3}
	EndProjectSection
EndProject
Project("{8BC9CEB8-8B4A-11D0-8D11-00A0C91BC942}") = "03-pointsprites", "03-pointsprites.vcxproj", "{F8C3C8A1-D57F-3DB0-8337-920F42F4A013}"
	ProjectSection(ProjectDependencies) = postProject
		{90D6AAB3-28E2-3903-B502-4F452ACA3964} = {90D6AAB3-28E2-3903-B502-4F452ACA3964}
		{A1F1C4A8-8BCF-3F8B-909F-606AF5136EC3} = {A1F1C4A8-8BCF-3F8B-909F-606AF5136EC3}
	EndProjectSection
EndProject
Project("{8BC9CEB8-8B4A-11D0-8D11-00A0C91BC942}") = "03-primitiverestart", "03-primitiverestart.vcxproj", "{BCC61F08-1EA7-3B44-B8D2-CED6A78D5EA4}"
	ProjectSection(ProjectDependencies) = postProject
		{90D6AAB3-28E2-3903-B502-4F452ACA3964} = {90D6AAB3-28E2-3903-B502-4F452ACA3964}
		{A1F1C4A8-8BCF-3F8B-909F-606AF5136EC3} = {A1F1C4A8-8BCF-3F8B-909F-606AF5136EC3}
	EndProjectSection
EndProject
Project("{8BC9CEB8-8B4A-11D0-8D11-00A0C91BC942}") = "03-xfb", "03-xfb.vcxproj", "{32CC5D45-3655-36CF-8EF2-148A38961F66}"
	ProjectSection(ProjectDependencies) = postProject
		{90D6AAB3-28E2-3903-B502-4F452ACA3964} = {90D6AAB3-28E2-3903-B502-4F452ACA3964}
		{A1F1C4A8-8BCF-3F8B-909F-606AF5136EC3} = {A1F1C4A8-8BCF-3F8B-909F-606AF5136EC3}
	EndProjectSection
EndProject
Project("{8BC9CEB8-8B4A-11D0-8D11-00A0C91BC942}") = "04-gouraud", "04-gouraud.vcxproj", "{A53821EF-8997-34E4-8EFE-D948D1CC1918}"
	ProjectSection(ProjectDependencies) = postProject
		{90D6AAB3-28E2-3903-B502-4F452ACA3964} = {90D6AAB3-28E2-3903-B502-4F452ACA3964}
		{A1F1C4A8-8BCF-3F8B-909F-606AF5136EC3} = {A1F1C4A8-8BCF-3F8B-909F-606AF5136EC3}
	EndProjectSection
EndProject
Project("{8BC9CEB8-8B4A-11D0-8D11-00A0C91BC942}") = "04-gouraud-float", "04-gouraud-float.vcxproj", "{3B440E71-9D0D-384A-B5E4-56B520580201}"
	ProjectSection(ProjectDependencies) = postProject
		{90D6AAB3-28E2-3903-B502-4F452ACA3964} = {90D6AAB3-28E2-3903-B502-4F452ACA3964}
		{A1F1C4A8-8BCF-3F8B-909F-606AF5136EC3} = {A1F1C4A8-8BCF-3F8B-909F-606AF5136EC3}
	EndProjectSection
EndProject
Project("{8BC9CEB8-8B4A-11D0-8D11-00A0C91BC942}") = "04-shadowmap", "04-shadowmap.vcxproj", "{56BD87C7-1FDD-3F20-8BF1-0CBC25C1809A}"
	ProjectSection(ProjectDependencies) = postProject
		{90D6AAB3-28E2-3903-B502-4F452ACA3964} = {90D6AAB3-28E2-3903-B502-4F452ACA3964}
		{A1F1C4A8-8BCF-3F8B-909F-606AF5136EC3} = {A1F1C4A8-8BCF-3F8B-909F-606AF5136EC3}
	EndProjectSection
EndProject
Project("{8BC9CEB8-8B4A-11D0-8D11-00A0C91BC942}") = "06-cubemap", "06-cubemap.vcxproj", "{3E0B95A4-7B52-329A-B1F1-3D47E618E3D1}"
	ProjectSection(ProjectDependencies) = postProject
		{90D6AAB3-28E2-3903-B502-4F452ACA3964} = {90D6AAB3-28E2-3903-B502-4F452ACA3964}
		{A1F1C4A8-8BCF-3F8B-909F-606AF5136EC3} = {A1F1C4A8-8BCF-3F8B-909F-606AF5136EC3}
	EndProjectSection
EndProject
Project("{8BC9CEB8-8B4A-11D0-8D11-00A0C91BC942}") = "06-load-texture", "06-load-texture.vcxproj", "{E8110E3B-1A9A-319F-84B7-D7E19E1E8D04}"
	ProjectSection(ProjectDependencies) = postProject
		{90D6AAB3-28E2-3903-B502-4F452ACA3964} = {90D6AAB3-28E2-3903-B502-4F452ACA3964}
		{A1F1C4A8-8BCF-3F8B-909F-606AF5136EC3} = {A1F1C4A8-8BCF-3F8B-909F-606AF5136EC3}
	EndProjectSection
EndProject
Project("{8BC9CEB8-8B4A-11D0-8D11-00A0C91BC942}") = "06-mipfilters", "06-mipfilters.vcxproj", "{A52C1E09-F888-3BFF-A37F-230F5F26DC02}"
	ProjectSection(ProjectDependencies) = postProject
		{90D6AAB3-28E2-3903-B502-4F452ACA3964} = {90D6AAB3-28E2-3903-B502-4F452ACA3964}
		{A1F1C4A8-8BCF-3F8B-909F-606AF5136EC3} = {A1F1C4A8-8BCF-3F8B-909F-606AF5136EC3}
	EndProjectSection
EndProject
Project("{8BC9CEB8-8B4A-11D0-8D11-00A0C91BC942}") = "06-multitexture", "06-multitexture.vcxproj", "{E8FC7B80-7B19-3904-A259-7C6174F5D7A9}"
	ProjectSection(ProjectDependencies) = postProject
		{90D6AAB3-28E2-3903-B502-4F452ACA3964} = {90D6AAB3-28E2-3903-B502-4F452ACA3964}
		{A1F1C4A8-8BCF-3F8B-909F-606AF5136EC3} = {A1F1C4A8-8BCF-3F8B-909F-606AF5136EC3}
	EndProjectSection
EndProject
Project("{8BC9CEB8-8B4A-11D0-8D11-00A0C91BC942}") = "06-statictexture", "06-statictexture.vcxproj", "{7E59EEE2-1320-32E3-A957-D65573484147}"
	ProjectSection(ProjectDependencies) = postProject
		{90D6AAB3-28E2-3903-B502-4F452ACA3964} = {90D6AAB3-28E2-3903-B502-4F452ACA3964}
		{A1F1C4A8-8BCF-3F8B-909F-606AF5136EC3} = {A1F1C4A8-8BCF-3F8B-909F-606AF5136EC3}
	EndProjectSection
EndProject
Project("{8BC9CEB8-8B4A-11D0-8D11-00A0C91BC942}") = "06-texturewrapping", "06-texturewrapping.vcxproj", "{F1EC9593-E04F-3132-B62F-5C9A61BCCBCE}"
	ProjectSection(ProjectDependencies) = postProject
		{90D6AAB3-28E2-3903-B502-4F452ACA3964} = {90D6AAB3-28E2-3903-B502-4F452ACA3964}
		{A1F1C4A8-8BCF-3F8B-909F-606AF5136EC3} = {A1F1C4A8-8BCF-3F8B-909F-606AF5136EC3}
	EndProjectSection
EndProject
Project("{8BC9CEB8-8B4A-11D0-8D11-00A0C91BC942}") = "06-volumetexturing", "06-volumetexturing.vcxproj", "{FACCED43-D35A-3B47-ACAE-5D1F5D0C7AE2}"
	ProjectSection(ProjectDependencies) = postProject
		{90D6AAB3-28E2-3903-B502-4F452ACA3964} = {90D6AAB3-28E2-3903-B502-4F452ACA3964}
		{A1F1C4A8-8BCF-3F8B-909F-606AF5136EC3} = {A1F1C4A8-8BCF-3F8B-909F-606AF5136EC3}
	EndProjectSection
EndProject
Project("{8BC9CEB8-8B4A-11D0-8D11-00A0C91BC942}") = "08-lightmodels", "08-lightmodels.vcxproj", "{4C41C22E-27AA-33CE-970F-D819A87DB919}"
	ProjectSection(ProjectDependencies) = postProject
		{90D6AAB3-28E2-3903-B502-4F452ACA3964} = {90D6AAB3-28E2-3903-B502-4F452ACA3964}
		{A1F1C4A8-8BCF-3F8B-909F-606AF5136EC3} = {A1F1C4A8-8BCF-3F8B-909F-606AF5136EC3}
	EndProjectSection
EndProject
Project("{8BC9CEB8-8B4A-11D0-8D11-00A0C91BC942}") = "09-simpletess", "09-simpletess.vcxproj", "{D66BA7B0-8C7F-3706-A75E-3D1DDD4480B6}"
	ProjectSection(ProjectDependencies) = postProject
		{90D6AAB3-28E2-3903-B502-4F452ACA3964} = {90D6AAB3-28E2-3903-B502-4F452ACA3964}
		{A1F1C4A8-8BCF-3F8B-909F-606AF5136EC3} = {A1F1C4A8-8BCF-3F8B-909F-606AF5136EC3}
	EndProjectSection
EndProject
Project("{8BC9CEB8-8B4A-11D0-8D11-00A0C91BC942}") = "09-teapot", "09-teapot.vcxproj", "{3F687601-CE32-366C-B05C-41CC230AB326}"
	ProjectSection(ProjectDependencies) = postProject
		{90D6AAB3-28E2-3903-B502-4F452ACA3964} = {90D6AAB3-28E2-3903-B502-4F452ACA3964}
		{A1F1C4A8-8BCF-3F8B-909F-606AF5136EC3} = {A1F1C4A8-8BCF-3F8B-909F-606AF5136EC3}
	EndProjectSection
EndProject
Project("{8BC9CEB8-8B4A-11D0-8D11-00A0C91BC942}") = "10-draw-xfb", "10-draw-xfb.vcxproj", "{BD3FAD34-B31A-3A69-B039-60B0F3FB69CA}"
	ProjectSection(ProjectDependencies) = postProject
		{90D6AAB3-28E2-3903-B502-4F452ACA3964} = {90D6AAB3-28E2-3903-B502-4F452ACA3964}
		{A1F1C4A8-8BCF-3F8B-909F-606AF5136EC3} = {A1F1C4A8-8BCF-3F8B-909F-606AF5136EC3}
	EndProjectSection
EndProject
Project("{8BC9CEB8-8B4A-11D0-8D11-00A0C91BC942}") = "10-fur", "10-fur.vcxproj", "{15ABD270-527A-3001-9C3D-B0F81DDB60C8}"
	ProjectSection(ProjectDependencies) = postProject
		{90D6AAB3-28E2-3903-B502-4F452ACA3964} = {90D6AAB3-28E2-3903-B502-4F452ACA3964}
		{A1F1C4A8-8BCF-3F8B-909F-606AF5136EC3} = {A1F1C4A8-8BCF-3F8B-909F-606AF5136EC3}
	EndProjectSection
EndProject
Project("{8BC9CEB8-8B4A-11D0-8D11-00A0C91BC942}") = "10-viewport-array", "10-viewport-array.vcxproj", "{58E58B99-4AED-3F0F-9F72-4BBF02EF30F3}"
	ProjectSection(ProjectDependencies) = postProject
		{90D6AAB3-28E2-3903-B502-4F452ACA3964} = {90D6AAB3-28E2-3903-B502-4F452ACA3964}
		{A1F1C4A8-8BCF-3F8B-909F-606AF5136EC3} = {A1F1C4A8-8BCF-3F8B-909F-606AF5136EC3}
	EndProjectSection
EndProject
Project("{8BC9CEB8-8B4A-11D0-8D11-00A0C91BC942}") = "11-doublewrite", "11-doublewrite.vcxproj", "{F590309C-A6D6-36D9-8C12-D9D063E539E7}"
	ProjectSection(ProjectDependencies) = postProject
		{90D6AAB3-28E2-3903-B502-4F452ACA3964} = {90D6AAB3-28E2-3903-B502-4F452ACA3964}
		{A1F1C4A8-8BCF-3F8B-909F-606AF5136EC3} = {A1F1C4A8-8BCF-3F8B-909F-606AF5136EC3}
	EndProjectSection
EndProject
Project("{8BC9CEB8-8B4A-11D0-8D11-00A0C91BC942}") = "11-oit", "11-oit.vcxproj", "{C03E2A90-A0C7-3016-A0E7-D64CE2C16F86}"
	ProjectSection(ProjectDependencies) = postProject
		{90D6AAB3-28E2-3903-B502-4F452ACA3964} = {90D6AAB3-28E2-3903-B502-4F452ACA3964}
		{A1F1C4A8-8BCF-3F8B-909F-606AF5136EC3} = {A1F1C4A8-8BCF-3F8B-909F-606AF5136EC3}
	EndProjectSection
EndProject
Project("{8BC9CEB8-8B4A-11D0-8D11-00A0C91BC942}") = "11-overdrawcount", "11-overdrawcount.vcxproj", "{D1B52217-79D7-3AF8-B49A-142041D23792}"
	ProjectSection(ProjectDependencies) = postProject
		{90D6AAB3-28E2-3903-B502-4F452ACA3964} = {90D6AAB3-28E2-3903-B502-4F452ACA3964}
		{A1F1C4A8-8BCF-3F8B-909F-606AF5136EC3} = {A1F1C4A8-8BCF-3F8B-909F-606AF5136EC3}
	EndProjectSection
EndProject
Project("{8BC9CEB8-8B4A-11D0-8D11-00A0C91BC942}") = "12-imageprocessing", "12-imageprocessing.vcxproj", "{75F6BF2C-2A13-31B1-81CC-818084180B0D}"
	ProjectSection(ProjectDependencies) = postProject
		{90D6AAB3-28E2-3903-B502-4F452ACA3964} = {90D6AAB3-28E2-3903-B502-4F452ACA3964}
		{A1F1C4A8-8BCF-3F8B-909F-606AF5136EC3} = {A1F1C4A8-8BCF-3F8B-909F-606AF5136EC3}
	EndProjectSection
EndProject
Project("{8BC9CEB8-8B4A-11D0-8D11-00A0C91BC942}") = "12-particlesimulator", "12-particlesimulator.vcxproj", "{DBB83621-1366-397E-AB83-55156F8101EC}"
	ProjectSection(ProjectDependencies) = postProject
		{90D6AAB3-28E2-3903-B502-4F452ACA3964} = {90D6AAB3-28E2-3903-B502-4F452ACA3964}
		{A1F1C4A8-8BCF-3F8B-909F-606AF5136EC3} = {A1F1C4A8-8BCF-3F8B-909F-606AF5136EC3}
	EndProjectSection
EndProject
Project("{8BC9CEB8-8B4A-11D0-8D11-00A0C91BC942}") = "12-raytracer", "12-raytracer.vcxproj", "{94FD2DC3-0132-308A-8102-31CE046CD2DC}"
	ProjectSection(ProjectDependencies) = postProject
		{90D6AAB3-28E2-3903-B502-4F452ACA3964} = {90D6AAB3-28E2-3903-B502-4F452ACA3964}
		{A1F1C4A8-8BCF-3F8B-909F-606AF5136EC3} = {A1F1C4A8-8BCF-3F8B-909F-606AF5136EC3}
	EndProjectSection
EndProject
Project("{8BC9CEB8-8B4A-11D0-8D11-00A0C91BC942}") = "12-simplecompute", "12-simplecompute.vcxproj", "{52FDE7ED-E3CD-3A9A-A9DA-49C272BB708D}"
	ProjectSection(ProjectDependencies) = postProject
		{90D6AAB3-28E2-3903-B502-4F452ACA3964} = {90D6AAB3-28E2-3903-B502-4F452ACA3964}
		{A1F1C4A8-8BCF-3F8B-909F-606AF5136EC3} = {A1F1C4A8-8BCF-3F8B-909F-606AF5136EC3}
	EndProjectSection
EndProject
Project("{8BC9CEB8-8B4A-11D0-8D11-00A0C91BC942}") = "INSTALL", "INSTALL.vcxproj", "{CD6DFD5B-92A3-32B7-9C68-DCAD963E1526}"
	ProjectSection(ProjectDependencies) = postProject
		{114C6DD0-DC13-3DC1-923F-1E660B29AB83} = {114C6DD0-DC13-3DC1-923F-1E660B29AB83}
		{90D6AAB3-28E2-3903-B502-4F452ACA3964} = {90D6AAB3-28E2-3903-B502-4F452ACA3964}
	EndProjectSection
EndProject
Project("{8BC9CEB8-8B4A-11D0-8D11-00A0C91BC942}") = "ZERO_CHECK", "ZERO_CHECK.vcxproj", "{90D6AAB3-28E2-3903-B502-4F452ACA3964}"
	ProjectSection(ProjectDependencies) = postProject
	EndProjectSection
EndProject
Project("{8BC9CEB8-8B4A-11D0-8D11-00A0C91BC942}") = "boing", "lib\glfw\examples\boing.vcxproj", "{E2A14546-C050-3D0E-8884-2ADF22678AB6}"
	ProjectSection(ProjectDependencies) = postProject
		{90D6AAB3-28E2-3903-B502-4F452ACA3964} = {90D6AAB3-28E2-3903-B502-4F452ACA3964}
		{05D919EE-91DA-34DD-AC53-A996FFCBEF95} = {05D919EE-91DA-34DD-AC53-A996FFCBEF95}
	EndProjectSection
EndProject
Project("{8BC9CEB8-8B4A-11D0-8D11-00A0C91BC942}") = "clipboard", "lib\glfw\tests\clipboard.vcxproj", "{A6478D2D-258D-33AE-BC2B-80AFC5425F1F}"
	ProjectSection(ProjectDependencies) = postProject
		{90D6AAB3-28E2-3903-B502-4F452ACA3964} = {90D6AAB3-28E2-3903-B502-4F452ACA3964}
		{05D919EE-91DA-34DD-AC53-A996FFCBEF95} = {05D919EE-91DA-34DD-AC53-A996FFCBEF95}
	EndProjectSection
EndProject
Project("{8BC9CEB8-8B4A-11D0-8D11-00A0C91BC942}") = "cursor", "lib\glfw\tests\cursor.vcxproj", "{CA88D4CC-2F68-3638-BDEE-A0CC74C67AB6}"
	ProjectSection(ProjectDependencies) = postProject
		{90D6AAB3-28E2-3903-B502-4F452ACA3964} = {90D6AAB3-28E2-3903-B502-4F452ACA3964}
		{05D919EE-91DA-34DD-AC53-A996FFCBEF95} = {05D919EE-91DA-34DD-AC53-A996FFCBEF95}
	EndProjectSection
EndProject
Project("{8BC9CEB8-8B4A-11D0-8D11-00A0C91BC942}") = "debug", "debug.vcxproj", "{33986F6A-CAF2-36C9-8081-0E5FE8143C7C}"
	ProjectSection(ProjectDependencies) = postProject
		{90D6AAB3-28E2-3903-B502-4F452ACA3964} = {90D6AAB3-28E2-3903-B502-4F452ACA3964}
	EndProjectSection
EndProject
Project("{8BC9CEB8-8B4A-11D0-8D11-00A0C91BC942}") = "empty", "lib\glfw\tests\empty.vcxproj", "{0A706C52-2B8C-3310-BA7A-E395D9569A7F}"
	ProjectSection(ProjectDependencies) = postProject
		{90D6AAB3-28E2-3903-B502-4F452ACA3964} = {90D6AAB3-28E2-3903-B502-4F452ACA3964}
		{05D919EE-91DA-34DD-AC53-A996FFCBEF95} = {05D919EE-91DA-34DD-AC53-A996FFCBEF95}
	EndProjectSection
EndProject
Project("{8BC9CEB8-8B4A-11D0-8D11-00A0C91BC942}") = "events", "lib\glfw\tests\events.vcxproj", "{52784785-943D-39FA-B51F-B6A7EA418004}"
	ProjectSection(ProjectDependencies) = postProject
		{90D6AAB3-28E2-3903-B502-4F452ACA3964} = {90D6AAB3-28E2-3903-B502-4F452ACA3964}
		{05D919EE-91DA-34DD-AC53-A996FFCBEF95} = {05D919EE-91DA-34DD-AC53-A996FFCBEF95}
	EndProjectSection
EndProject
Project("{8BC9CEB8-8B4A-11D0-8D11-00A0C91BC942}") = "gamma", "lib\glfw\tests\gamma.vcxproj", "{1AB2C7E9-FBCA-3E58-9B60-3ECCE783DD59}"
	ProjectSection(ProjectDependencies) = postProject
		{90D6AAB3-28E2-3903-B502-4F452ACA3964} = {90D6AAB3-28E2-3903-B502-4F452ACA3964}
		{05D919EE-91DA-34DD-AC53-A996FFCBEF95} = {05D919EE-91DA-34DD-AC53-A996FFCBEF95}
	EndProjectSection
EndProject
Project("{8BC9CEB8-8B4A-11D0-8D11-00A0C91BC942}") = "gears", "lib\glfw\examples\gears.vcxproj", "{AD3D5DFC-3DAE-3C09-8F65-C8E8F527E0A5}"
	ProjectSection(ProjectDependencies) = postProject
		{90D6AAB3-28E2-3903-B502-4F452ACA3964} = {90D6AAB3-28E2-3903-B502-4F452ACA3964}
		{05D919EE-91DA-34DD-AC53-A996FFCBEF95} = {05D919EE-91DA-34DD-AC53-A996FFCBEF95}
	EndProjectSection
EndProject
Project("{8BC9CEB8-8B4A-11D0-8D11-00A0C91BC942}") = "glfw", "lib\glfw\src\glfw.vcxproj", "{05D919EE-91DA-34DD-AC53-A996FFCBEF95}"
	ProjectSection(ProjectDependencies) = postProject
		{90D6AAB3-28E2-3903-B502-4F452ACA3964} = {90D6AAB3-28E2-3903-B502-4F452ACA3964}
	EndProjectSection
EndProject
Project("{8BC9CEB8-8B4A-11D0-8D11-00A0C91BC942}") = "glfwinfo", "lib\glfw\tests\glfwinfo.vcxproj", "{60A87A37-C4CC-3F59-9B6E-08A5CD3BB1C8}"
	ProjectSection(ProjectDependencies) = postProject
		{90D6AAB3-28E2-3903-B502-4F452ACA3964} = {90D6AAB3-28E2-3903-B502-4F452ACA3964}
		{05D919EE-91DA-34DD-AC53-A996FFCBEF95} = {05D919EE-91DA-34DD-AC53-A996FFCBEF95}
	EndProjectSection
EndProject
Project("{8BC9CEB8-8B4A-11D0-8D11-00A0C91BC942}") = "heightmap", "lib\glfw\examples\heightmap.vcxproj", "{5D8D2DDC-CB23-38C3-92D4-A3E4B915B651}"
	ProjectSection(ProjectDependencies) = postProject
		{90D6AAB3-28E2-3903-B502-4F452ACA3964} = {90D6AAB3-28E2-3903-B502-4F452ACA3964}
		{05D919EE-91DA-34DD-AC53-A996FFCBEF95} = {05D919EE-91DA-34DD-AC53-A996FFCBEF95}
	EndProjectSection
EndProject
Project("{8BC9CEB8-8B4A-11D0-8D11-00A0C91BC942}") = "iconify", "lib\glfw\tests\iconify.vcxproj", "{68C2352B-E787-3E11-957C-EF9BEFD9AEF1}"
	ProjectSection(ProjectDependencies) = postProject
		{90D6AAB3-28E2-3903-B502-4F452ACA3964} = {90D6AAB3-28E2-3903-B502-4F452ACA3964}
		{05D919EE-91DA-34DD-AC53-A996FFCBEF95} = {05D919EE-91DA-34DD-AC53-A996FFCBEF95}
	EndProjectSection
EndProject
Project("{8BC9CEB8-8B4A-11D0-8D11-00A0C91BC942}") = "joysticks", "lib\glfw\tests\joysticks.vcxproj", "{2F3A8590-CBF3-3736-B996-F072F749EE80}"
	ProjectSection(ProjectDependencies) = postProject
		{90D6AAB3-28E2-3903-B502-4F452ACA3964} = {90D6AAB3-28E2-3903-B502-4F452ACA3964}
		{05D919EE-91DA-34DD-AC53-A996FFCBEF95} = {05D919EE-91DA-34DD-AC53-A996FFCBEF95}
	EndProjectSection
EndProject
Project("{8BC9CEB8-8B4A-11D0-8D11-00A0C91BC942}") = "monitors", "lib\glfw\tests\monitors.vcxproj", "{4A2ED55D-3DEC-3985-BA03-18E2194C792B}"
	ProjectSection(ProjectDependencies) = postProject
		{90D6AAB3-28E2-3903-B502-4F452ACA3964} = {90D6AAB3-28E2-3903-B502-4F452ACA3964}
		{05D919EE-91DA-34DD-AC53-A996FFCBEF95} = {05D919EE-91DA-34DD-AC53-A996FFCBEF95}
	EndProjectSection
EndProject
Project("{8BC9CEB8-8B4A-11D0-8D11-00A0C91BC942}") = "msaa", "lib\glfw\tests\msaa.vcxproj", "{F2315B49-4C4F-3F93-8B80-E95AD75708E6}"
	ProjectSection(ProjectDependencies) = postProject
		{90D6AAB3-28E2-3903-B502-4F452ACA3964} = {90D6AAB3-28E2-3903-B502-4F452ACA3964}
		{05D919EE-91DA-34DD-AC53-A996FFCBEF95} = {05D919EE-91DA-34DD-AC53-A996FFCBEF95}
	EndProjectSection
EndProject
Project("{8BC9CEB8-8B4A-11D0-8D11-00A0C91BC942}") = "particles", "lib\glfw\examples\particles.vcxproj", "{2E801CA1-3373-3ECC-B83D-C0A1D1A69A1D}"
	ProjectSection(ProjectDependencies) = postProject
		{90D6AAB3-28E2-3903-B502-4F452ACA3964} = {90D6AAB3-28E2-3903-B502-4F452ACA3964}
		{05D919EE-91DA-34DD-AC53-A996FFCBEF95} = {05D919EE-91DA-34DD-AC53-A996FFCBEF95}
	EndProjectSection
EndProject
Project("{8BC9CEB8-8B4A-11D0-8D11-00A0C91BC942}") = "release", "release.vcxproj", "{2F682EA6-E7ED-3B66-8BB8-D234AD5A1897}"
	ProjectSection(ProjectDependencies) = postProject
		{90D6AAB3-28E2-3903-B502-4F452ACA3964} = {90D6AAB3-28E2-3903-B502-4F452ACA3964}
	EndProjectSection
EndProject
Project("{8BC9CEB8-8B4A-11D0-8D11-00A0C91BC942}") = "reopen", "lib\glfw\tests\reopen.vcxproj", "{89FF02E9-673D-3B42-BCF2-1D8554BC8B07}"
	ProjectSection(ProjectDependencies) = postProject
		{90D6AAB3-28E2-3903-B502-4F452ACA3964} = {90D6AAB3-28E2-3903-B502-4F452ACA3964}
		{05D919EE-91DA-34DD-AC53-A996FFCBEF95} = {05D919EE-91DA-34DD-AC53-A996FFCBEF95}
	EndProjectSection
EndProject
Project("{8BC9CEB8-8B4A-11D0-8D11-00A0C91BC942}") = "sharing", "lib\glfw\tests\sharing.vcxproj", "{F4C15674-10AA-328D-B31B-7112649D759F}"
	ProjectSection(ProjectDependencies) = postProject
		{90D6AAB3-28E2-3903-B502-4F452ACA3964} = {90D6AAB3-28E2-3903-B502-4F452ACA3964}
		{05D919EE-91DA-34DD-AC53-A996FFCBEF95} = {05D919EE-91DA-34DD-AC53-A996FFCBEF95}
	EndProjectSection
EndProject
Project("{8BC9CEB8-8B4A-11D0-8D11-00A0C91BC942}") = "simple", "lib\glfw\examples\simple.vcxproj", "{0481F742-0074-310C-87AC-DD4630F1FA3C}"
	ProjectSection(ProjectDependencies) = postProject
		{90D6AAB3-28E2-3903-B502-4F452ACA3964} = {90D6AAB3-28E2-3903-B502-4F452ACA3964}
		{05D919EE-91DA-34DD-AC53-A996FFCBEF95} = {05D919EE-91DA-34DD-AC53-A996FFCBEF95}
	EndProjectSection
EndProject
Project("{8BC9CEB8-8B4A-11D0-8D11-00A0C91BC942}") = "splitview", "lib\glfw\examples\splitview.vcxproj", "{338AB0C0-6C65-3F4A-A81F-C107D145994C}"
	ProjectSection(ProjectDependencies) = postProject
		{90D6AAB3-28E2-3903-B502-4F452ACA3964} = {90D6AAB3-28E2-3903-B502-4F452ACA3964}
		{05D919EE-91DA-34DD-AC53-A996FFCBEF95} = {05D919EE-91DA-34DD-AC53-A996FFCBEF95}
	EndProjectSection
EndProject
Project("{8BC9CEB8-8B4A-11D0-8D11-00A0C91BC942}") = "tearing", "lib\glfw\tests\tearing.vcxproj", "{76F4ADF9-B197-315D-9BF0-588275A910E6}"
	ProjectSection(ProjectDependencies) = postProject
		{90D6AAB3-28E2-3903-B502-4F452ACA3964} = {90D6AAB3-28E2-3903-B502-4F452ACA3964}
		{05D919EE-91DA-34DD-AC53-A996FFCBEF95} = {05D919EE-91DA-34DD-AC53-A996FFCBEF95}
	EndProjectSection
EndProject
Project("{8BC9CEB8-8B4A-11D0-8D11-00A0C91BC942}") = "threads", "lib\glfw\tests\threads.vcxproj", "{863820F2-C393-3E3F-8DAC-620B219BEB0C}"
	ProjectSection(ProjectDependencies) = postProject
		{90D6AAB3-28E2-3903-B502-4F452ACA3964} = {90D6AAB3-28E2-3903-B502-4F452ACA3964}
		{05D919EE-91DA-34DD-AC53-A996FFCBEF95} = {05D919EE-91DA-34DD-AC53-A996FFCBEF95}
	EndProjectSection
EndProject
Project("{8BC9CEB8-8B4A-11D0-8D11-00A0C91BC942}") = "title", "lib\glfw\tests\title.vcxproj", "{8C610C92-F4B1-3D50-94D7-F6795914CFDC}"
	ProjectSection(ProjectDependencies) = postProject
		{90D6AAB3-28E2-3903-B502-4F452ACA3964} = {90D6AAB3-28E2-3903-B502-4F452ACA3964}
		{05D919EE-91DA-34DD-AC53-A996FFCBEF95} = {05D919EE-91DA-34DD-AC53-A996FFCBEF95}
	EndProjectSection
EndProject
Project("{8BC9CEB8-8B4A-11D0-8D11-00A0C91BC942}") = "uninstall", "lib\glfw\uninstall.vcxproj", "{9781FA1F-C791-3702-808F-AD0BC49D7CDC}"
	ProjectSection(ProjectDependencies) = postProject
		{90D6AAB3-28E2-3903-B502-4F452ACA3964} = {90D6AAB3-28E2-3903-B502-4F452ACA3964}
	EndProjectSection
EndProject
Project("{8BC9CEB8-8B4A-11D0-8D11-00A0C91BC942}") = "vermilion", "vermilion.vcxproj", "{A1F1C4A8-8BCF-3F8B-909F-606AF5136EC3}"
	ProjectSection(ProjectDependencies) = postProject
		{90D6AAB3-28E2-3903-B502-4F452ACA3964} = {90D6AAB3-28E2-3903-B502-4F452ACA3964}
	EndProjectSection
EndProject
Project("{8BC9CEB8-8B4A-11D0-8D11-00A0C91BC942}") = "wave", "lib\glfw\examples\wave.vcxproj", "{ACC9BF76-7092-39BD-B85D-C55467CF014A}"
	ProjectSection(ProjectDependencies) = postProject
		{90D6AAB3-28E2-3903-B502-4F452ACA3964} = {90D6AAB3-28E2-3903-B502-4F452ACA3964}
		{05D919EE-91DA-34DD-AC53-A996FFCBEF95} = {05D919EE-91DA-34DD-AC53-A996FFCBEF95}
	EndProjectSection
EndProject
Project("{8BC9CEB8-8B4A-11D0-8D11-00A0C91BC942}") = "windows", "lib\glfw\tests\windows.vcxproj", "{6D7CE960-1606-3E91-8B6A-EE0A1E16A34A}"
	ProjectSection(ProjectDependencies) = postProject
		{90D6AAB3-28E2-3903-B502-4F452ACA3964} = {90D6AAB3-28E2-3903-B502-4F452ACA3964}
		{05D919EE-91DA-34DD-AC53-A996FFCBEF95} = {05D919EE-91DA-34DD-AC53-A996FFCBEF95}
	EndProjectSection
EndProject
Global
	GlobalSection(SolutionConfigurationPlatforms) = preSolution
		Debug|x64 = Debug|x64
		Release|x64 = Release|x64
		MinSizeRel|x64 = MinSizeRel|x64
		RelWithDebInfo|x64 = RelWithDebInfo|x64
	EndGlobalSection
	GlobalSection(ProjectConfigurationPlatforms) = postSolution
		{114C6DD0-DC13-3DC1-923F-1E660B29AB83}.Debug|x64.ActiveCfg = Debug|x64
		{114C6DD0-DC13-3DC1-923F-1E660B29AB83}.Debug|x64.Build.0 = Debug|x64
		{114C6DD0-DC13-3DC1-923F-1E660B29AB83}.Release|x64.ActiveCfg = Release|x64
		{114C6DD0-DC13-3DC1-923F-1E660B29AB83}.Release|x64.Build.0 = Release|x64
		{114C6DD0-DC13-3DC1-923F-1E660B29AB83}.MinSizeRel|x64.ActiveCfg = MinSizeRel|x64
		{114C6DD0-DC13-3DC1-923F-1E660B29AB83}.MinSizeRel|x64.Build.0 = MinSizeRel|x64
		{114C6DD0-DC13-3DC1-923F-1E660B29AB83}.RelWithDebInfo|x64.ActiveCfg = RelWithDebInfo|x64
		{114C6DD0-DC13-3DC1-923F-1E660B29AB83}.RelWithDebInfo|x64.Build.0 = RelWithDebInfo|x64
		{D5945371-E905-3DE1-BF38-516C5FFEEB4E}.Debug|x64.ActiveCfg = Debug|x64
		{D5945371-E905-3DE1-BF38-516C5FFEEB4E}.Debug|x64.Build.0 = Debug|x64
		{D5945371-E905-3DE1-BF38-516C5FFEEB4E}.Release|x64.ActiveCfg = Release|x64
		{D5945371-E905-3DE1-BF38-516C5FFEEB4E}.Release|x64.Build.0 = Release|x64
		{D5945371-E905-3DE1-BF38-516C5FFEEB4E}.MinSizeRel|x64.ActiveCfg = MinSizeRel|x64
		{D5945371-E905-3DE1-BF38-516C5FFEEB4E}.MinSizeRel|x64.Build.0 = MinSizeRel|x64
		{D5945371-E905-3DE1-BF38-516C5FFEEB4E}.RelWithDebInfo|x64.ActiveCfg = RelWithDebInfo|x64
		{D5945371-E905-3DE1-BF38-516C5FFEEB4E}.RelWithDebInfo|x64.Build.0 = RelWithDebInfo|x64
		{C0A37D3B-AF39-3CFE-98B8-CB9D5CE45823}.Debug|x64.ActiveCfg = Debug|x64
		{C0A37D3B-AF39-3CFE-98B8-CB9D5CE45823}.Debug|x64.Build.0 = Debug|x64
		{C0A37D3B-AF39-3CFE-98B8-CB9D5CE45823}.Release|x64.ActiveCfg = Release|x64
		{C0A37D3B-AF39-3CFE-98B8-CB9D5CE45823}.Release|x64.Build.0 = Release|x64
		{C0A37D3B-AF39-3CFE-98B8-CB9D5CE45823}.MinSizeRel|x64.ActiveCfg = MinSizeRel|x64
		{C0A37D3B-AF39-3CFE-98B8-CB9D5CE45823}.MinSizeRel|x64.Build.0 = MinSizeRel|x64
		{C0A37D3B-AF39-3CFE-98B8-CB9D5CE45823}.RelWithDebInfo|x64.ActiveCfg = RelWithDebInfo|x64
		{C0A37D3B-AF39-3CFE-98B8-CB9D5CE45823}.RelWithDebInfo|x64.Build.0 = RelWithDebInfo|x64
		{C338975E-98CB-3666-AFB6-B33E7E6CD3A9}.Debug|x64.ActiveCfg = Debug|x64
		{C338975E-98CB-3666-AFB6-B33E7E6CD3A9}.Debug|x64.Build.0 = Debug|x64
		{C338975E-98CB-3666-AFB6-B33E7E6CD3A9}.Release|x64.ActiveCfg = Release|x64
		{C338975E-98CB-3666-AFB6-B33E7E6CD3A9}.Release|x64.Build.0 = Release|x64
		{C338975E-98CB-3666-AFB6-B33E7E6CD3A9}.MinSizeRel|x64.ActiveCfg = MinSizeRel|x64
		{C338975E-98CB-3666-AFB6-B33E7E6CD3A9}.MinSizeRel|x64.Build.0 = MinSizeRel|x64
		{C338975E-98CB-3666-AFB6-B33E7E6CD3A9}.RelWithDebInfo|x64.ActiveCfg = RelWithDebInfo|x64
		{C338975E-98CB-3666-AFB6-B33E7E6CD3A9}.RelWithDebInfo|x64.Build.0 = RelWithDebInfo|x64
		{C2289CC9-539B-3AA6-AD49-5E141E3B8B2C}.Debug|x64.ActiveCfg = Debug|x64
		{C2289CC9-539B-3AA6-AD49-5E141E3B8B2C}.Debug|x64.Build.0 = Debug|x64
		{C2289CC9-539B-3AA6-AD49-5E141E3B8B2C}.Release|x64.ActiveCfg = Release|x64
		{C2289CC9-539B-3AA6-AD49-5E141E3B8B2C}.Release|x64.Build.0 = Release|x64
		{C2289CC9-539B-3AA6-AD49-5E141E3B8B2C}.MinSizeRel|x64.ActiveCfg = MinSizeRel|x64
		{C2289CC9-539B-3AA6-AD49-5E141E3B8B2C}.MinSizeRel|x64.Build.0 = MinSizeRel|x64
		{C2289CC9-539B-3AA6-AD49-5E141E3B8B2C}.RelWithDebInfo|x64.ActiveCfg = RelWithDebInfo|x64
		{C2289CC9-539B-3AA6-AD49-5E141E3B8B2C}.RelWithDebInfo|x64.Build.0 = RelWithDebInfo|x64
		{ABA283C6-5F1B-35C2-8570-AE515DA60C5C}.Debug|x64.ActiveCfg = Debug|x64
		{ABA283C6-5F1B-35C2-8570-AE515DA60C5C}.Debug|x64.Build.0 = Debug|x64
		{ABA283C6-5F1B-35C2-8570-AE515DA60C5C}.Release|x64.ActiveCfg = Release|x64
		{ABA283C6-5F1B-35C2-8570-AE515DA60C5C}.Release|x64.Build.0 = Release|x64
		{ABA283C6-5F1B-35C2-8570-AE515DA60C5C}.MinSizeRel|x64.ActiveCfg = MinSizeRel|x64
		{ABA283C6-5F1B-35C2-8570-AE515DA60C5C}.MinSizeRel|x64.Build.0 = MinSizeRel|x64
		{ABA283C6-5F1B-35C2-8570-AE515DA60C5C}.RelWithDebInfo|x64.ActiveCfg = RelWithDebInfo|x64
		{ABA283C6-5F1B-35C2-8570-AE515DA60C5C}.RelWithDebInfo|x64.Build.0 = RelWithDebInfo|x64
		{540BD4D9-9477-3BA9-AE80-A61A79478137}.Debug|x64.ActiveCfg = Debug|x64
		{540BD4D9-9477-3BA9-AE80-A61A79478137}.Debug|x64.Build.0 = Debug|x64
		{540BD4D9-9477-3BA9-AE80-A61A79478137}.Release|x64.ActiveCfg = Release|x64
		{540BD4D9-9477-3BA9-AE80-A61A79478137}.Release|x64.Build.0 = Release|x64
		{540BD4D9-9477-3BA9-AE80-A61A79478137}.MinSizeRel|x64.ActiveCfg = MinSizeRel|x64
		{540BD4D9-9477-3BA9-AE80-A61A79478137}.MinSizeRel|x64.Build.0 = MinSizeRel|x64
		{540BD4D9-9477-3BA9-AE80-A61A79478137}.RelWithDebInfo|x64.ActiveCfg = RelWithDebInfo|x64
		{540BD4D9-9477-3BA9-AE80-A61A79478137}.RelWithDebInfo|x64.Build.0 = RelWithDebInfo|x64
		{F8C3C8A1-D57F-3DB0-8337-920F42F4A013}.Debug|x64.ActiveCfg = Debug|x64
		{F8C3C8A1-D57F-3DB0-8337-920F42F4A013}.Debug|x64.Build.0 = Debug|x64
		{F8C3C8A1-D57F-3DB0-8337-920F42F4A013}.Release|x64.ActiveCfg = Release|x64
		{F8C3C8A1-D57F-3DB0-8337-920F42F4A013}.Release|x64.Build.0 = Release|x64
		{F8C3C8A1-D57F-3DB0-8337-920F42F4A013}.MinSizeRel|x64.ActiveCfg = MinSizeRel|x64
		{F8C3C8A1-D57F-3DB0-8337-920F42F4A013}.MinSizeRel|x64.Build.0 = MinSizeRel|x64
		{F8C3C8A1-D57F-3DB0-8337-920F42F4A013}.RelWithDebInfo|x64.ActiveCfg = RelWithDebInfo|x64
		{F8C3C8A1-D57F-3DB0-8337-920F42F4A013}.RelWithDebInfo|x64.Build.0 = RelWithDebInfo|x64
		{BCC61F08-1EA7-3B44-B8D2-CED6A78D5EA4}.Debug|x64.ActiveCfg = Debug|x64
		{BCC61F08-1EA7-3B44-B8D2-CED6A78D5EA4}.Debug|x64.Build.0 = Debug|x64
		{BCC61F08-1EA7-3B44-B8D2-CED6A78D5EA4}.Release|x64.ActiveCfg = Release|x64
		{BCC61F08-1EA7-3B44-B8D2-CED6A78D5EA4}.Release|x64.Build.0 = Release|x64
		{BCC61F08-1EA7-3B44-B8D2-CED6A78D5EA4}.MinSizeRel|x64.ActiveCfg = MinSizeRel|x64
		{BCC61F08-1EA7-3B44-B8D2-CED6A78D5EA4}.MinSizeRel|x64.Build.0 = MinSizeRel|x64
		{BCC61F08-1EA7-3B44-B8D2-CED6A78D5EA4}.RelWithDebInfo|x64.ActiveCfg = RelWithDebInfo|x64
		{BCC61F08-1EA7-3B44-B8D2-CED6A78D5EA4}.RelWithDebInfo|x64.Build.0 = RelWithDebInfo|x64
		{32CC5D45-3655-36CF-8EF2-148A38961F66}.Debug|x64.ActiveCfg = Debug|x64
		{32CC5D45-3655-36CF-8EF2-148A38961F66}.Debug|x64.Build.0 = Debug|x64
		{32CC5D45-3655-36CF-8EF2-148A38961F66}.Release|x64.ActiveCfg = Release|x64
		{32CC5D45-3655-36CF-8EF2-148A38961F66}.Release|x64.Build.0 = Release|x64
		{32CC5D45-3655-36CF-8EF2-148A38961F66}.MinSizeRel|x64.ActiveCfg = MinSizeRel|x64
		{32CC5D45-3655-36CF-8EF2-148A38961F66}.MinSizeRel|x64.Build.0 = MinSizeRel|x64
		{32CC5D45-3655-36CF-8EF2-148A38961F66}.RelWithDebInfo|x64.ActiveCfg = RelWithDebInfo|x64
		{32CC5D45-3655-36CF-8EF2-148A38961F66}.RelWithDebInfo|x64.Build.0 = RelWithDebInfo|x64
		{A53821EF-8997-34E4-8EFE-D948D1CC1918}.Debug|x64.ActiveCfg = Debug|x64
		{A53821EF-8997-34E4-8EFE-D948D1CC1918}.Debug|x64.Build.0 = Debug|x64
		{A53821EF-8997-34E4-8EFE-D948D1CC1918}.Release|x64.ActiveCfg = Release|x64
		{A53821EF-8997-34E4-8EFE-D948D1CC1918}.Release|x64.Build.0 = Release|x64
		{A53821EF-8997-34E4-8EFE-D948D1CC1918}.MinSizeRel|x64.ActiveCfg = MinSizeRel|x64
		{A53821EF-8997-34E4-8EFE-D948D1CC1918}.MinSizeRel|x64.Build.0 = MinSizeRel|x64
		{A53821EF-8997-34E4-8EFE-D948D1CC1918}.RelWithDebInfo|x64.ActiveCfg = RelWithDebInfo|x64
		{A53821EF-8997-34E4-8EFE-D948D1CC1918}.RelWithDebInfo|x64.Build.0 = RelWithDebInfo|x64
		{3B440E71-9D0D-384A-B5E4-56B520580201}.Debug|x64.ActiveCfg = Debug|x64
		{3B440E71-9D0D-384A-B5E4-56B520580201}.Debug|x64.Build.0 = Debug|x64
		{3B440E71-9D0D-384A-B5E4-56B520580201}.Release|x64.ActiveCfg = Release|x64
		{3B440E71-9D0D-384A-B5E4-56B520580201}.Release|x64.Build.0 = Release|x64
		{3B440E71-9D0D-384A-B5E4-56B520580201}.MinSizeRel|x64.ActiveCfg = MinSizeRel|x64
		{3B440E71-9D0D-384A-B5E4-56B520580201}.MinSizeRel|x64.Build.0 = MinSizeRel|x64
		{3B440E71-9D0D-384A-B5E4-56B520580201}.RelWithDebInfo|x64.ActiveCfg = RelWithDebInfo|x64
		{3B440E71-9D0D-384A-B5E4-56B520580201}.RelWithDebInfo|x64.Build.0 = RelWithDebInfo|x64
		{56BD87C7-1FDD-3F20-8BF1-0CBC25C1809A}.Debug|x64.ActiveCfg = Debug|x64
		{56BD87C7-1FDD-3F20-8BF1-0CBC25C1809A}.Debug|x64.Build.0 = Debug|x64
		{56BD87C7-1FDD-3F20-8BF1-0CBC25C1809A}.Release|x64.ActiveCfg = Release|x64
		{56BD87C7-1FDD-3F20-8BF1-0CBC25C1809A}.Release|x64.Build.0 = Release|x64
		{56BD87C7-1FDD-3F20-8BF1-0CBC25C1809A}.MinSizeRel|x64.ActiveCfg = MinSizeRel|x64
		{56BD87C7-1FDD-3F20-8BF1-0CBC25C1809A}.MinSizeRel|x64.Build.0 = MinSizeRel|x64
		{56BD87C7-1FDD-3F20-8BF1-0CBC25C1809A}.RelWithDebInfo|x64.ActiveCfg = RelWithDebInfo|x64
		{56BD87C7-1FDD-3F20-8BF1-0CBC25C1809A}.RelWithDebInfo|x64.Build.0 = RelWithDebInfo|x64
		{3E0B95A4-7B52-329A-B1F1-3D47E618E3D1}.Debug|x64.ActiveCfg = Debug|x64
		{3E0B95A4-7B52-329A-B1F1-3D47E618E3D1}.Debug|x64.Build.0 = Debug|x64
		{3E0B95A4-7B52-329A-B1F1-3D47E618E3D1}.Release|x64.ActiveCfg = Release|x64
		{3E0B95A4-7B52-329A-B1F1-3D47E618E3D1}.Release|x64.Build.0 = Release|x64
		{3E0B95A4-7B52-329A-B1F1-3D47E618E3D1}.MinSizeRel|x64.ActiveCfg = MinSizeRel|x64
		{3E0B95A4-7B52-329A-B1F1-3D47E618E3D1}.MinSizeRel|x64.Build.0 = MinSizeRel|x64
		{3E0B95A4-7B52-329A-B1F1-3D47E618E3D1}.RelWithDebInfo|x64.ActiveCfg = RelWithDebInfo|x64
		{3E0B95A4-7B52-329A-B1F1-3D47E618E3D1}.RelWithDebInfo|x64.Build.0 = RelWithDebInfo|x64
		{E8110E3B-1A9A-319F-84B7-D7E19E1E8D04}.Debug|x64.ActiveCfg = Debug|x64
		{E8110E3B-1A9A-319F-84B7-D7E19E1E8D04}.Debug|x64.Build.0 = Debug|x64
		{E8110E3B-1A9A-319F-84B7-D7E19E1E8D04}.Release|x64.ActiveCfg = Release|x64
		{E8110E3B-1A9A-319F-84B7-D7E19E1E8D04}.Release|x64.Build.0 = Release|x64
		{E8110E3B-1A9A-319F-84B7-D7E19E1E8D04}.MinSizeRel|x64.ActiveCfg = MinSizeRel|x64
		{E8110E3B-1A9A-319F-84B7-D7E19E1E8D04}.MinSizeRel|x64.Build.0 = MinSizeRel|x64
		{E8110E3B-1A9A-319F-84B7-D7E19E1E8D04}.RelWithDebInfo|x64.ActiveCfg = RelWithDebInfo|x64
		{E8110E3B-1A9A-319F-84B7-D7E19E1E8D04}.RelWithDebInfo|x64.Build.0 = RelWithDebInfo|x64
		{A52C1E09-F888-3BFF-A37F-230F5F26DC02}.Debug|x64.ActiveCfg = Debug|x64
		{A52C1E09-F888-3BFF-A37F-230F5F26DC02}.Debug|x64.Build.0 = Debug|x64
		{A52C1E09-F888-3BFF-A37F-230F5F26DC02}.Release|x64.ActiveCfg = Release|x64
		{A52C1E09-F888-3BFF-A37F-230F5F26DC02}.Release|x64.Build.0 = Release|x64
		{A52C1E09-F888-3BFF-A37F-230F5F26DC02}.MinSizeRel|x64.ActiveCfg = MinSizeRel|x64
		{A52C1E09-F888-3BFF-A37F-230F5F26DC02}.MinSizeRel|x64.Build.0 = MinSizeRel|x64
		{A52C1E09-F888-3BFF-A37F-230F5F26DC02}.RelWithDebInfo|x64.ActiveCfg = RelWithDebInfo|x64
		{A52C1E09-F888-3BFF-A37F-230F5F26DC02}.RelWithDebInfo|x64.Build.0 = RelWithDebInfo|x64
		{E8FC7B80-7B19-3904-A259-7C6174F5D7A9}.Debug|x64.ActiveCfg = Debug|x64
		{E8FC7B80-7B19-3904-A259-7C6174F5D7A9}.Debug|x64.Build.0 = Debug|x64
		{E8FC7B80-7B19-3904-A259-7C6174F5D7A9}.Release|x64.ActiveCfg = Release|x64
		{E8FC7B80-7B19-3904-A259-7C6174F5D7A9}.Release|x64.Build.0 = Release|x64
		{E8FC7B80-7B19-3904-A259-7C6174F5D7A9}.MinSizeRel|x64.ActiveCfg = MinSizeRel|x64
		{E8FC7B80-7B19-3904-A259-7C6174F5D7A9}.MinSizeRel|x64.Build.0 = MinSizeRel|x64
		{E8FC7B80-7B19-3904-A259-7C6174F5D7A9}.RelWithDebInfo|x64.ActiveCfg = RelWithDebInfo|x64
		{E8FC7B80-7B19-3904-A259-7C6174F5D7A9}.RelWithDebInfo|x64.Build.0 = RelWithDebInfo|x64
		{7E59EEE2-1320-32E3-A957-D65573484147}.Debug|x64.ActiveCfg = Debug|x64
		{7E59EEE2-1320-32E3-A957-D65573484147}.Debug|x64.Build.0 = Debug|x64
		{7E59EEE2-1320-32E3-A957-D65573484147}.Release|x64.ActiveCfg = Release|x64
		{7E59EEE2-1320-32E3-A957-D65573484147}.Release|x64.Build.0 = Release|x64
		{7E59EEE2-1320-32E3-A957-D65573484147}.MinSizeRel|x64.ActiveCfg = MinSizeRel|x64
		{7E59EEE2-1320-32E3-A957-D65573484147}.MinSizeRel|x64.Build.0 = MinSizeRel|x64
		{7E59EEE2-1320-32E3-A957-D65573484147}.RelWithDebInfo|x64.ActiveCfg = RelWithDebInfo|x64
		{7E59EEE2-1320-32E3-A957-D65573484147}.RelWithDebInfo|x64.Build.0 = RelWithDebInfo|x64
		{F1EC9593-E04F-3132-B62F-5C9A61BCCBCE}.Debug|x64.ActiveCfg = Debug|x64
		{F1EC9593-E04F-3132-B62F-5C9A61BCCBCE}.Debug|x64.Build.0 = Debug|x64
		{F1EC9593-E04F-3132-B62F-5C9A61BCCBCE}.Release|x64.ActiveCfg = Release|x64
		{F1EC9593-E04F-3132-B62F-5C9A61BCCBCE}.Release|x64.Build.0 = Release|x64
		{F1EC9593-E04F-3132-B62F-5C9A61BCCBCE}.MinSizeRel|x64.ActiveCfg = MinSizeRel|x64
		{F1EC9593-E04F-3132-B62F-5C9A61BCCBCE}.MinSizeRel|x64.Build.0 = MinSizeRel|x64
		{F1EC9593-E04F-3132-B62F-5C9A61BCCBCE}.RelWithDebInfo|x64.ActiveCfg = RelWithDebInfo|x64
		{F1EC9593-E04F-3132-B62F-5C9A61BCCBCE}.RelWithDebInfo|x64.Build.0 = RelWithDebInfo|x64
		{FACCED43-D35A-3B47-ACAE-5D1F5D0C7AE2}.Debug|x64.ActiveCfg = Debug|x64
		{FACCED43-D35A-3B47-ACAE-5D1F5D0C7AE2}.Debug|x64.Build.0 = Debug|x64
		{FACCED43-D35A-3B47-ACAE-5D1F5D0C7AE2}.Release|x64.ActiveCfg = Release|x64
		{FACCED43-D35A-3B47-ACAE-5D1F5D0C7AE2}.Release|x64.Build.0 = Release|x64
		{FACCED43-D35A-3B47-ACAE-5D1F5D0C7AE2}.MinSizeRel|x64.ActiveCfg = MinSizeRel|x64
		{FACCED43-D35A-3B47-ACAE-5D1F5D0C7AE2}.MinSizeRel|x64.Build.0 = MinSizeRel|x64
		{FACCED43-D35A-3B47-ACAE-5D1F5D0C7AE2}.RelWithDebInfo|x64.ActiveCfg = RelWithDebInfo|x64
		{FACCED43-D35A-3B47-ACAE-5D1F5D0C7AE2}.RelWithDebInfo|x64.Build.0 = RelWithDebInfo|x64
		{4C41C22E-27AA-33CE-970F-D819A87DB919}.Debug|x64.ActiveCfg = Debug|x64
		{4C41C22E-27AA-33CE-970F-D819A87DB919}.Debug|x64.Build.0 = Debug|x64
		{4C41C22E-27AA-33CE-970F-D819A87DB919}.Release|x64.ActiveCfg = Release|x64
		{4C41C22E-27AA-33CE-970F-D819A87DB919}.Release|x64.Build.0 = Release|x64
		{4C41C22E-27AA-33CE-970F-D819A87DB919}.MinSizeRel|x64.ActiveCfg = MinSizeRel|x64
		{4C41C22E-27AA-33CE-970F-D819A87DB919}.MinSizeRel|x64.Build.0 = MinSizeRel|x64
		{4C41C22E-27AA-33CE-970F-D819A87DB919}.RelWithDebInfo|x64.ActiveCfg = RelWithDebInfo|x64
		{4C41C22E-27AA-33CE-970F-D819A87DB919}.RelWithDebInfo|x64.Build.0 = RelWithDebInfo|x64
		{D66BA7B0-8C7F-3706-A75E-3D1DDD4480B6}.Debug|x64.ActiveCfg = Debug|x64
		{D66BA7B0-8C7F-3706-A75E-3D1DDD4480B6}.Debug|x64.Build.0 = Debug|x64
		{D66BA7B0-8C7F-3706-A75E-3D1DDD4480B6}.Release|x64.ActiveCfg = Release|x64
		{D66BA7B0-8C7F-3706-A75E-3D1DDD4480B6}.Release|x64.Build.0 = Release|x64
		{D66BA7B0-8C7F-3706-A75E-3D1DDD4480B6}.MinSizeRel|x64.ActiveCfg = MinSizeRel|x64
		{D66BA7B0-8C7F-3706-A75E-3D1DDD4480B6}.MinSizeRel|x64.Build.0 = MinSizeRel|x64
		{D66BA7B0-8C7F-3706-A75E-3D1DDD4480B6}.RelWithDebInfo|x64.ActiveCfg = RelWithDebInfo|x64
		{D66BA7B0-8C7F-3706-A75E-3D1DDD4480B6}.RelWithDebInfo|x64.Build.0 = RelWithDebInfo|x64
		{3F687601-CE32-366C-B05C-41CC230AB326}.Debug|x64.ActiveCfg = Debug|x64
		{3F687601-CE32-366C-B05C-41CC230AB326}.Debug|x64.Build.0 = Debug|x64
		{3F687601-CE32-366C-B05C-41CC230AB326}.Release|x64.ActiveCfg = Release|x64
		{3F687601-CE32-366C-B05C-41CC230AB326}.Release|x64.Build.0 = Release|x64
		{3F687601-CE32-366C-B05C-41CC230AB326}.MinSizeRel|x64.ActiveCfg = MinSizeRel|x64
		{3F687601-CE32-366C-B05C-41CC230AB326}.MinSizeRel|x64.Build.0 = MinSizeRel|x64
		{3F687601-CE32-366C-B05C-41CC230AB326}.RelWithDebInfo|x64.ActiveCfg = RelWithDebInfo|x64
		{3F687601-CE32-366C-B05C-41CC230AB326}.RelWithDebInfo|x64.Build.0 = RelWithDebInfo|x64
		{BD3FAD34-B31A-3A69-B039-60B0F3FB69CA}.Debug|x64.ActiveCfg = Debug|x64
		{BD3FAD34-B31A-3A69-B039-60B0F3FB69CA}.Debug|x64.Build.0 = Debug|x64
		{BD3FAD34-B31A-3A69-B039-60B0F3FB69CA}.Release|x64.ActiveCfg = Release|x64
		{BD3FAD34-B31A-3A69-B039-60B0F3FB69CA}.Release|x64.Build.0 = Release|x64
		{BD3FAD34-B31A-3A69-B039-60B0F3FB69CA}.MinSizeRel|x64.ActiveCfg = MinSizeRel|x64
		{BD3FAD34-B31A-3A69-B039-60B0F3FB69CA}.MinSizeRel|x64.Build.0 = MinSizeRel|x64
		{BD3FAD34-B31A-3A69-B039-60B0F3FB69CA}.RelWithDebInfo|x64.ActiveCfg = RelWithDebInfo|x64
		{BD3FAD34-B31A-3A69-B039-60B0F3FB69CA}.RelWithDebInfo|x64.Build.0 = RelWithDebInfo|x64
		{15ABD270-527A-3001-9C3D-B0F81DDB60C8}.Debug|x64.ActiveCfg = Debug|x64
		{15ABD270-527A-3001-9C3D-B0F81DDB60C8}.Debug|x64.Build.0 = Debug|x64
		{15ABD270-527A-3001-9C3D-B0F81DDB60C8}.Release|x64.ActiveCfg = Release|x64
		{15ABD270-527A-3001-9C3D-B0F81DDB60C8}.Release|x64.Build.0 = Release|x64
		{15ABD270-527A-3001-9C3D-B0F81DDB60C8}.MinSizeRel|x64.ActiveCfg = MinSizeRel|x64
		{15ABD270-527A-3001-9C3D-B0F81DDB60C8}.MinSizeRel|x64.Build.0 = MinSizeRel|x64
		{15ABD270-527A-3001-9C3D-B0F81DDB60C8}.RelWithDebInfo|x64.ActiveCfg = RelWithDebInfo|x64
		{15ABD270-527A-3001-9C3D-B0F81DDB60C8}.RelWithDebInfo|x64.Build.0 = RelWithDebInfo|x64
		{58E58B99-4AED-3F0F-9F72-4BBF02EF30F3}.Debug|x64.ActiveCfg = Debug|x64
		{58E58B99-4AED-3F0F-9F72-4BBF02EF30F3}.Debug|x64.Build.0 = Debug|x64
		{58E58B99-4AED-3F0F-9F72-4BBF02EF30F3}.Release|x64.ActiveCfg = Release|x64
		{58E58B99-4AED-3F0F-9F72-4BBF02EF30F3}.Release|x64.Build.0 = Release|x64
		{58E58B99-4AED-3F0F-9F72-4BBF02EF30F3}.MinSizeRel|x64.ActiveCfg = MinSizeRel|x64
		{58E58B99-4AED-3F0F-9F72-4BBF02EF30F3}.MinSizeRel|x64.Build.0 = MinSizeRel|x64
		{58E58B99-4AED-3F0F-9F72-4BBF02EF30F3}.RelWithDebInfo|x64.ActiveCfg = RelWithDebInfo|x64
		{58E58B99-4AED-3F0F-9F72-4BBF02EF30F3}.RelWithDebInfo|x64.Build.0 = RelWithDebInfo|x64
		{F590309C-A6D6-36D9-8C12-D9D063E539E7}.Debug|x64.ActiveCfg = Debug|x64
		{F590309C-A6D6-36D9-8C12-D9D063E539E7}.Debug|x64.Build.0 = Debug|x64
		{F590309C-A6D6-36D9-8C12-D9D063E539E7}.Release|x64.ActiveCfg = Release|x64
		{F590309C-A6D6-36D9-8C12-D9D063E539E7}.Release|x64.Build.0 = Release|x64
		{F590309C-A6D6-36D9-8C12-D9D063E539E7}.MinSizeRel|x64.ActiveCfg = MinSizeRel|x64
		{F590309C-A6D6-36D9-8C12-D9D063E539E7}.MinSizeRel|x64.Build.0 = MinSizeRel|x64
		{F590309C-A6D6-36D9-8C12-D9D063E539E7}.RelWithDebInfo|x64.ActiveCfg = RelWithDebInfo|x64
		{F590309C-A6D6-36D9-8C12-D9D063E539E7}.RelWithDebInfo|x64.Build.0 = RelWithDebInfo|x64
		{C03E2A90-A0C7-3016-A0E7-D64CE2C16F86}.Debug|x64.ActiveCfg = Debug|x64
		{C03E2A90-A0C7-3016-A0E7-D64CE2C16F86}.Debug|x64.Build.0 = Debug|x64
		{C03E2A90-A0C7-3016-A0E7-D64CE2C16F86}.Release|x64.ActiveCfg = Release|x64
		{C03E2A90-A0C7-3016-A0E7-D64CE2C16F86}.Release|x64.Build.0 = Release|x64
		{C03E2A90-A0C7-3016-A0E7-D64CE2C16F86}.MinSizeRel|x64.ActiveCfg = MinSizeRel|x64
		{C03E2A90-A0C7-3016-A0E7-D64CE2C16F86}.MinSizeRel|x64.Build.0 = MinSizeRel|x64
		{C03E2A90-A0C7-3016-A0E7-D64CE2C16F86}.RelWithDebInfo|x64.ActiveCfg = RelWithDebInfo|x64
		{C03E2A90-A0C7-3016-A0E7-D64CE2C16F86}.RelWithDebInfo|x64.Build.0 = RelWithDebInfo|x64
		{D1B52217-79D7-3AF8-B49A-142041D23792}.Debug|x64.ActiveCfg = Debug|x64
		{D1B52217-79D7-3AF8-B49A-142041D23792}.Debug|x64.Build.0 = Debug|x64
		{D1B52217-79D7-3AF8-B49A-142041D23792}.Release|x64.ActiveCfg = Release|x64
		{D1B52217-79D7-3AF8-B49A-142041D23792}.Release|x64.Build.0 = Release|x64
		{D1B52217-79D7-3AF8-B49A-142041D23792}.MinSizeRel|x64.ActiveCfg = MinSizeRel|x64
		{D1B52217-79D7-3AF8-B49A-142041D23792}.MinSizeRel|x64.Build.0 = MinSizeRel|x64
		{D1B52217-79D7-3AF8-B49A-142041D23792}.RelWithDebInfo|x64.ActiveCfg = RelWithDebInfo|x64
		{D1B52217-79D7-3AF8-B49A-142041D23792}.RelWithDebInfo|x64.Build.0 = RelWithDebInfo|x64
		{75F6BF2C-2A13-31B1-81CC-818084180B0D}.Debug|x64.ActiveCfg = Debug|x64
		{75F6BF2C-2A13-31B1-81CC-818084180B0D}.Debug|x64.Build.0 = Debug|x64
		{75F6BF2C-2A13-31B1-81CC-818084180B0D}.Release|x64.ActiveCfg = Release|x64
		{75F6BF2C-2A13-31B1-81CC-818084180B0D}.Release|x64.Build.0 = Release|x64
		{75F6BF2C-2A13-31B1-81CC-818084180B0D}.MinSizeRel|x64.ActiveCfg = MinSizeRel|x64
		{75F6BF2C-2A13-31B1-81CC-818084180B0D}.MinSizeRel|x64.Build.0 = MinSizeRel|x64
		{75F6BF2C-2A13-31B1-81CC-818084180B0D}.RelWithDebInfo|x64.ActiveCfg = RelWithDebInfo|x64
		{75F6BF2C-2A13-31B1-81CC-818084180B0D}.RelWithDebInfo|x64.Build.0 = RelWithDebInfo|x64
		{DBB83621-1366-397E-AB83-55156F8101EC}.Debug|x64.ActiveCfg = Debug|x64
		{DBB83621-1366-397E-AB83-55156F8101EC}.Debug|x64.Build.0 = Debug|x64
		{DBB83621-1366-397E-AB83-55156F8101EC}.Release|x64.ActiveCfg = Release|x64
		{DBB83621-1366-397E-AB83-55156F8101EC}.Release|x64.Build.0 = Release|x64
		{DBB83621-1366-397E-AB83-55156F8101EC}.MinSizeRel|x64.ActiveCfg = MinSizeRel|x64
		{DBB83621-1366-397E-AB83-55156F8101EC}.MinSizeRel|x64.Build.0 = MinSizeRel|x64
		{DBB83621-1366-397E-AB83-55156F8101EC}.RelWithDebInfo|x64.ActiveCfg = RelWithDebInfo|x64
		{DBB83621-1366-397E-AB83-55156F8101EC}.RelWithDebInfo|x64.Build.0 = RelWithDebInfo|x64
		{94FD2DC3-0132-308A-8102-31CE046CD2DC}.Debug|x64.ActiveCfg = Debug|x64
		{94FD2DC3-0132-308A-8102-31CE046CD2DC}.Debug|x64.Build.0 = Debug|x64
		{94FD2DC3-0132-308A-8102-31CE046CD2DC}.Release|x64.ActiveCfg = Release|x64
		{94FD2DC3-0132-308A-8102-31CE046CD2DC}.Release|x64.Build.0 = Release|x64
		{94FD2DC3-0132-308A-8102-31CE046CD2DC}.MinSizeRel|x64.ActiveCfg = MinSizeRel|x64
		{94FD2DC3-0132-308A-8102-31CE046CD2DC}.MinSizeRel|x64.Build.0 = MinSizeRel|x64
		{94FD2DC3-0132-308A-8102-31CE046CD2DC}.RelWithDebInfo|x64.ActiveCfg = RelWithDebInfo|x64
		{94FD2DC3-0132-308A-8102-31CE046CD2DC}.RelWithDebInfo|x64.Build.0 = RelWithDebInfo|x64
		{52FDE7ED-E3CD-3A9A-A9DA-49C272BB708D}.Debug|x64.ActiveCfg = Debug|x64
		{52FDE7ED-E3CD-3A9A-A9DA-49C272BB708D}.Debug|x64.Build.0 = Debug|x64
		{52FDE7ED-E3CD-3A9A-A9DA-49C272BB708D}.Release|x64.ActiveCfg = Release|x64
		{52FDE7ED-E3CD-3A9A-A9DA-49C272BB708D}.Release|x64.Build.0 = Release|x64
		{52FDE7ED-E3CD-3A9A-A9DA-49C272BB708D}.MinSizeRel|x64.ActiveCfg = MinSizeRel|x64
		{52FDE7ED-E3CD-3A9A-A9DA-49C272BB708D}.MinSizeRel|x64.Build.0 = MinSizeRel|x64
		{52FDE7ED-E3CD-3A9A-A9DA-49C272BB708D}.RelWithDebInfo|x64.ActiveCfg = RelWithDebInfo|x64
		{52FDE7ED-E3CD-3A9A-A9DA-49C272BB708D}.RelWithDebInfo|x64.Build.0 = RelWithDebInfo|x64
		{CD6DFD5B-92A3-32B7-9C68-DCAD963E1526}.Debug|x64.ActiveCfg = Debug|x64
		{CD6DFD5B-92A3-32B7-9C68-DCAD963E1526}.Release|x64.ActiveCfg = Release|x64
		{CD6DFD5B-92A3-32B7-9C68-DCAD963E1526}.MinSizeRel|x64.ActiveCfg = MinSizeRel|x64
		{CD6DFD5B-92A3-32B7-9C68-DCAD963E1526}.RelWithDebInfo|x64.ActiveCfg = RelWithDebInfo|x64
		{90D6AAB3-28E2-3903-B502-4F452ACA3964}.Debug|x64.ActiveCfg = Debug|x64
		{90D6AAB3-28E2-3903-B502-4F452ACA3964}.Debug|x64.Build.0 = Debug|x64
		{90D6AAB3-28E2-3903-B502-4F452ACA3964}.Release|x64.ActiveCfg = Release|x64
		{90D6AAB3-28E2-3903-B502-4F452ACA3964}.Release|x64.Build.0 = Release|x64
		{90D6AAB3-28E2-3903-B502-4F452ACA3964}.MinSizeRel|x64.ActiveCfg = MinSizeRel|x64
		{90D6AAB3-28E2-3903-B502-4F452ACA3964}.MinSizeRel|x64.Build.0 = MinSizeRel|x64
		{90D6AAB3-28E2-3903-B502-4F452ACA3964}.RelWithDebInfo|x64.ActiveCfg = RelWithDebInfo|x64
		{90D6AAB3-28E2-3903-B502-4F452ACA3964}.RelWithDebInfo|x64.Build.0 = RelWithDebInfo|x64
		{E2A14546-C050-3D0E-8884-2ADF22678AB6}.Debug|x64.ActiveCfg = Debug|x64
		{E2A14546-C050-3D0E-8884-2ADF22678AB6}.Debug|x64.Build.0 = Debug|x64
		{E2A14546-C050-3D0E-8884-2ADF22678AB6}.Release|x64.ActiveCfg = Release|x64
		{E2A14546-C050-3D0E-8884-2ADF22678AB6}.Release|x64.Build.0 = Release|x64
		{E2A14546-C050-3D0E-8884-2ADF22678AB6}.MinSizeRel|x64.ActiveCfg = MinSizeRel|x64
		{E2A14546-C050-3D0E-8884-2ADF22678AB6}.MinSizeRel|x64.Build.0 = MinSizeRel|x64
		{E2A14546-C050-3D0E-8884-2ADF22678AB6}.RelWithDebInfo|x64.ActiveCfg = RelWithDebInfo|x64
		{E2A14546-C050-3D0E-8884-2ADF22678AB6}.RelWithDebInfo|x64.Build.0 = RelWithDebInfo|x64
		{A6478D2D-258D-33AE-BC2B-80AFC5425F1F}.Debug|x64.ActiveCfg = Debug|x64
		{A6478D2D-258D-33AE-BC2B-80AFC5425F1F}.Debug|x64.Build.0 = Debug|x64
		{A6478D2D-258D-33AE-BC2B-80AFC5425F1F}.Release|x64.ActiveCfg = Release|x64
		{A6478D2D-258D-33AE-BC2B-80AFC5425F1F}.Release|x64.Build.0 = Release|x64
		{A6478D2D-258D-33AE-BC2B-80AFC5425F1F}.MinSizeRel|x64.ActiveCfg = MinSizeRel|x64
		{A6478D2D-258D-33AE-BC2B-80AFC5425F1F}.MinSizeRel|x64.Build.0 = MinSizeRel|x64
		{A6478D2D-258D-33AE-BC2B-80AFC5425F1F}.RelWithDebInfo|x64.ActiveCfg = RelWithDebInfo|x64
		{A6478D2D-258D-33AE-BC2B-80AFC5425F1F}.RelWithDebInfo|x64.Build.0 = RelWithDebInfo|x64
		{CA88D4CC-2F68-3638-BDEE-A0CC74C67AB6}.Debug|x64.ActiveCfg = Debug|x64
		{CA88D4CC-2F68-3638-BDEE-A0CC74C67AB6}.Debug|x64.Build.0 = Debug|x64
		{CA88D4CC-2F68-3638-BDEE-A0CC74C67AB6}.Release|x64.ActiveCfg = Release|x64
		{CA88D4CC-2F68-3638-BDEE-A0CC74C67AB6}.Release|x64.Build.0 = Release|x64
		{CA88D4CC-2F68-3638-BDEE-A0CC74C67AB6}.MinSizeRel|x64.ActiveCfg = MinSizeRel|x64
		{CA88D4CC-2F68-3638-BDEE-A0CC74C67AB6}.MinSizeRel|x64.Build.0 = MinSizeRel|x64
		{CA88D4CC-2F68-3638-BDEE-A0CC74C67AB6}.RelWithDebInfo|x64.ActiveCfg = RelWithDebInfo|x64
		{CA88D4CC-2F68-3638-BDEE-A0CC74C67AB6}.RelWithDebInfo|x64.Build.0 = RelWithDebInfo|x64
		{33986F6A-CAF2-36C9-8081-0E5FE8143C7C}.Debug|x64.ActiveCfg = Debug|x64
		{33986F6A-CAF2-36C9-8081-0E5FE8143C7C}.Release|x64.ActiveCfg = Release|x64
		{33986F6A-CAF2-36C9-8081-0E5FE8143C7C}.MinSizeRel|x64.ActiveCfg = MinSizeRel|x64
		{33986F6A-CAF2-36C9-8081-0E5FE8143C7C}.RelWithDebInfo|x64.ActiveCfg = RelWithDebInfo|x64
		{0A706C52-2B8C-3310-BA7A-E395D9569A7F}.Debug|x64.ActiveCfg = Debug|x64
		{0A706C52-2B8C-3310-BA7A-E395D9569A7F}.Debug|x64.Build.0 = Debug|x64
		{0A706C52-2B8C-3310-BA7A-E395D9569A7F}.Release|x64.ActiveCfg = Release|x64
		{0A706C52-2B8C-3310-BA7A-E395D9569A7F}.Release|x64.Build.0 = Release|x64
		{0A706C52-2B8C-3310-BA7A-E395D9569A7F}.MinSizeRel|x64.ActiveCfg = MinSizeRel|x64
		{0A706C52-2B8C-3310-BA7A-E395D9569A7F}.MinSizeRel|x64.Build.0 = MinSizeRel|x64
		{0A706C52-2B8C-3310-BA7A-E395D9569A7F}.RelWithDebInfo|x64.ActiveCfg = RelWithDebInfo|x64
		{0A706C52-2B8C-3310-BA7A-E395D9569A7F}.RelWithDebInfo|x64.Build.0 = RelWithDebInfo|x64
		{52784785-943D-39FA-B51F-B6A7EA418004}.Debug|x64.ActiveCfg = Debug|x64
		{52784785-943D-39FA-B51F-B6A7EA418004}.Debug|x64.Build.0 = Debug|x64
		{52784785-943D-39FA-B51F-B6A7EA418004}.Release|x64.ActiveCfg = Release|x64
		{52784785-943D-39FA-B51F-B6A7EA418004}.Release|x64.Build.0 = Release|x64
		{52784785-943D-39FA-B51F-B6A7EA418004}.MinSizeRel|x64.ActiveCfg = MinSizeRel|x64
		{52784785-943D-39FA-B51F-B6A7EA418004}.MinSizeRel|x64.Build.0 = MinSizeRel|x64
		{52784785-943D-39FA-B51F-B6A7EA418004}.RelWithDebInfo|x64.ActiveCfg = RelWithDebInfo|x64
		{52784785-943D-39FA-B51F-B6A7EA418004}.RelWithDebInfo|x64.Build.0 = RelWithDebInfo|x64
		{1AB2C7E9-FBCA-3E58-9B60-3ECCE783DD59}.Debug|x64.ActiveCfg = Debug|x64
		{1AB2C7E9-FBCA-3E58-9B60-3ECCE783DD59}.Debug|x64.Build.0 = Debug|x64
		{1AB2C7E9-FBCA-3E58-9B60-3ECCE783DD59}.Release|x64.ActiveCfg = Release|x64
		{1AB2C7E9-FBCA-3E58-9B60-3ECCE783DD59}.Release|x64.Build.0 = Release|x64
		{1AB2C7E9-FBCA-3E58-9B60-3ECCE783DD59}.MinSizeRel|x64.ActiveCfg = MinSizeRel|x64
		{1AB2C7E9-FBCA-3E58-9B60-3ECCE783DD59}.MinSizeRel|x64.Build.0 = MinSizeRel|x64
		{1AB2C7E9-FBCA-3E58-9B60-3ECCE783DD59}.RelWithDebInfo|x64.ActiveCfg = RelWithDebInfo|x64
		{1AB2C7E9-FBCA-3E58-9B60-3ECCE783DD59}.RelWithDebInfo|x64.Build.0 = RelWithDebInfo|x64
		{AD3D5DFC-3DAE-3C09-8F65-C8E8F527E0A5}.Debug|x64.ActiveCfg = Debug|x64
		{AD3D5DFC-3DAE-3C09-8F65-C8E8F527E0A5}.Debug|x64.Build.0 = Debug|x64
		{AD3D5DFC-3DAE-3C09-8F65-C8E8F527E0A5}.Release|x64.ActiveCfg = Release|x64
		{AD3D5DFC-3DAE-3C09-8F65-C8E8F527E0A5}.Release|x64.Build.0 = Release|x64
		{AD3D5DFC-3DAE-3C09-8F65-C8E8F527E0A5}.MinSizeRel|x64.ActiveCfg = MinSizeRel|x64
		{AD3D5DFC-3DAE-3C09-8F65-C8E8F527E0A5}.MinSizeRel|x64.Build.0 = MinSizeRel|x64
		{AD3D5DFC-3DAE-3C09-8F65-C8E8F527E0A5}.RelWithDebInfo|x64.ActiveCfg = RelWithDebInfo|x64
		{AD3D5DFC-3DAE-3C09-8F65-C8E8F527E0A5}.RelWithDebInfo|x64.Build.0 = RelWithDebInfo|x64
		{05D919EE-91DA-34DD-AC53-A996FFCBEF95}.Debug|x64.ActiveCfg = Debug|x64
		{05D919EE-91DA-34DD-AC53-A996FFCBEF95}.Debug|x64.Build.0 = Debug|x64
		{05D919EE-91DA-34DD-AC53-A996FFCBEF95}.Release|x64.ActiveCfg = Release|x64
		{05D919EE-91DA-34DD-AC53-A996FFCBEF95}.Release|x64.Build.0 = Release|x64
		{05D919EE-91DA-34DD-AC53-A996FFCBEF95}.MinSizeRel|x64.ActiveCfg = MinSizeRel|x64
		{05D919EE-91DA-34DD-AC53-A996FFCBEF95}.MinSizeRel|x64.Build.0 = MinSizeRel|x64
		{05D919EE-91DA-34DD-AC53-A996FFCBEF95}.RelWithDebInfo|x64.ActiveCfg = RelWithDebInfo|x64
		{05D919EE-91DA-34DD-AC53-A996FFCBEF95}.RelWithDebInfo|x64.Build.0 = RelWithDebInfo|x64
		{60A87A37-C4CC-3F59-9B6E-08A5CD3BB1C8}.Debug|x64.ActiveCfg = Debug|x64
		{60A87A37-C4CC-3F59-9B6E-08A5CD3BB1C8}.Debug|x64.Build.0 = Debug|x64
		{60A87A37-C4CC-3F59-9B6E-08A5CD3BB1C8}.Release|x64.ActiveCfg = Release|x64
		{60A87A37-C4CC-3F59-9B6E-08A5CD3BB1C8}.Release|x64.Build.0 = Release|x64
		{60A87A37-C4CC-3F59-9B6E-08A5CD3BB1C8}.MinSizeRel|x64.ActiveCfg = MinSizeRel|x64
		{60A87A37-C4CC-3F59-9B6E-08A5CD3BB1C8}.MinSizeRel|x64.Build.0 = MinSizeRel|x64
		{60A87A37-C4CC-3F59-9B6E-08A5CD3BB1C8}.RelWithDebInfo|x64.ActiveCfg = RelWithDebInfo|x64
		{60A87A37-C4CC-3F59-9B6E-08A5CD3BB1C8}.RelWithDebInfo|x64.Build.0 = RelWithDebInfo|x64
		{5D8D2DDC-CB23-38C3-92D4-A3E4B915B651}.Debug|x64.ActiveCfg = Debug|x64
		{5D8D2DDC-CB23-38C3-92D4-A3E4B915B651}.Debug|x64.Build.0 = Debug|x64
		{5D8D2DDC-CB23-38C3-92D4-A3E4B915B651}.Release|x64.ActiveCfg = Release|x64
		{5D8D2DDC-CB23-38C3-92D4-A3E4B915B651}.Release|x64.Build.0 = Release|x64
		{5D8D2DDC-CB23-38C3-92D4-A3E4B915B651}.MinSizeRel|x64.ActiveCfg = MinSizeRel|x64
		{5D8D2DDC-CB23-38C3-92D4-A3E4B915B651}.MinSizeRel|x64.Build.0 = MinSizeRel|x64
		{5D8D2DDC-CB23-38C3-92D4-A3E4B915B651}.RelWithDebInfo|x64.ActiveCfg = RelWithDebInfo|x64
		{5D8D2DDC-CB23-38C3-92D4-A3E4B915B651}.RelWithDebInfo|x64.Build.0 = RelWithDebInfo|x64
		{68C2352B-E787-3E11-957C-EF9BEFD9AEF1}.Debug|x64.ActiveCfg = Debug|x64
		{68C2352B-E787-3E11-957C-EF9BEFD9AEF1}.Debug|x64.Build.0 = Debug|x64
		{68C2352B-E787-3E11-957C-EF9BEFD9AEF1}.Release|x64.ActiveCfg = Release|x64
		{68C2352B-E787-3E11-957C-EF9BEFD9AEF1}.Release|x64.Build.0 = Release|x64
		{68C2352B-E787-3E11-957C-EF9BEFD9AEF1}.MinSizeRel|x64.ActiveCfg = MinSizeRel|x64
		{68C2352B-E787-3E11-957C-EF9BEFD9AEF1}.MinSizeRel|x64.Build.0 = MinSizeRel|x64
		{68C2352B-E787-3E11-957C-EF9BEFD9AEF1}.RelWithDebInfo|x64.ActiveCfg = RelWithDebInfo|x64
		{68C2352B-E787-3E11-957C-EF9BEFD9AEF1}.RelWithDebInfo|x64.Build.0 = RelWithDebInfo|x64
		{2F3A8590-CBF3-3736-B996-F072F749EE80}.Debug|x64.ActiveCfg = Debug|x64
		{2F3A8590-CBF3-3736-B996-F072F749EE80}.Debug|x64.Build.0 = Debug|x64
		{2F3A8590-CBF3-3736-B996-F072F749EE80}.Release|x64.ActiveCfg = Release|x64
		{2F3A8590-CBF3-3736-B996-F072F749EE80}.Release|x64.Build.0 = Release|x64
		{2F3A8590-CBF3-3736-B996-F072F749EE80}.MinSizeRel|x64.ActiveCfg = MinSizeRel|x64
		{2F3A8590-CBF3-3736-B996-F072F749EE80}.MinSizeRel|x64.Build.0 = MinSizeRel|x64
		{2F3A8590-CBF3-3736-B996-F072F749EE80}.RelWithDebInfo|x64.ActiveCfg = RelWithDebInfo|x64
		{2F3A8590-CBF3-3736-B996-F072F749EE80}.RelWithDebInfo|x64.Build.0 = RelWithDebInfo|x64
		{4A2ED55D-3DEC-3985-BA03-18E2194C792B}.Debug|x64.ActiveCfg = Debug|x64
		{4A2ED55D-3DEC-3985-BA03-18E2194C792B}.Debug|x64.Build.0 = Debug|x64
		{4A2ED55D-3DEC-3985-BA03-18E2194C792B}.Release|x64.ActiveCfg = Release|x64
		{4A2ED55D-3DEC-3985-BA03-18E2194C792B}.Release|x64.Build.0 = Release|x64
		{4A2ED55D-3DEC-3985-BA03-18E2194C792B}.MinSizeRel|x64.ActiveCfg = MinSizeRel|x64
		{4A2ED55D-3DEC-3985-BA03-18E2194C792B}.MinSizeRel|x64.Build.0 = MinSizeRel|x64
		{4A2ED55D-3DEC-3985-BA03-18E2194C792B}.RelWithDebInfo|x64.ActiveCfg = RelWithDebInfo|x64
		{4A2ED55D-3DEC-3985-BA03-18E2194C792B}.RelWithDebInfo|x64.Build.0 = RelWithDebInfo|x64
		{F2315B49-4C4F-3F93-8B80-E95AD75708E6}.Debug|x64.ActiveCfg = Debug|x64
		{F2315B49-4C4F-3F93-8B80-E95AD75708E6}.Debug|x64.Build.0 = Debug|x64
		{F2315B49-4C4F-3F93-8B80-E95AD75708E6}.Release|x64.ActiveCfg = Release|x64
		{F2315B49-4C4F-3F93-8B80-E95AD75708E6}.Release|x64.Build.0 = Release|x64
		{F2315B49-4C4F-3F93-8B80-E95AD75708E6}.MinSizeRel|x64.ActiveCfg = MinSizeRel|x64
		{F2315B49-4C4F-3F93-8B80-E95AD75708E6}.MinSizeRel|x64.Build.0 = MinSizeRel|x64
		{F2315B49-4C4F-3F93-8B80-E95AD75708E6}.RelWithDebInfo|x64.ActiveCfg = RelWithDebInfo|x64
		{F2315B49-4C4F-3F93-8B80-E95AD75708E6}.RelWithDebInfo|x64.Build.0 = RelWithDebInfo|x64
		{2E801CA1-3373-3ECC-B83D-C0A1D1A69A1D}.Debug|x64.ActiveCfg = Debug|x64
		{2E801CA1-3373-3ECC-B83D-C0A1D1A69A1D}.Debug|x64.Build.0 = Debug|x64
		{2E801CA1-3373-3ECC-B83D-C0A1D1A69A1D}.Release|x64.ActiveCfg = Release|x64
		{2E801CA1-3373-3ECC-B83D-C0A1D1A69A1D}.Release|x64.Build.0 = Release|x64
		{2E801CA1-3373-3ECC-B83D-C0A1D1A69A1D}.MinSizeRel|x64.ActiveCfg = MinSizeRel|x64
		{2E801CA1-3373-3ECC-B83D-C0A1D1A69A1D}.MinSizeRel|x64.Build.0 = MinSizeRel|x64
		{2E801CA1-3373-3ECC-B83D-C0A1D1A69A1D}.RelWithDebInfo|x64.ActiveCfg = RelWithDebInfo|x64
		{2E801CA1-3373-3ECC-B83D-C0A1D1A69A1D}.RelWithDebInfo|x64.Build.0 = RelWithDebInfo|x64
		{2F682EA6-E7ED-3B66-8BB8-D234AD5A1897}.Debug|x64.ActiveCfg = Debug|x64
		{2F682EA6-E7ED-3B66-8BB8-D234AD5A1897}.Release|x64.ActiveCfg = Release|x64
		{2F682EA6-E7ED-3B66-8BB8-D234AD5A1897}.MinSizeRel|x64.ActiveCfg = MinSizeRel|x64
		{2F682EA6-E7ED-3B66-8BB8-D234AD5A1897}.RelWithDebInfo|x64.ActiveCfg = RelWithDebInfo|x64
		{89FF02E9-673D-3B42-BCF2-1D8554BC8B07}.Debug|x64.ActiveCfg = Debug|x64
		{89FF02E9-673D-3B42-BCF2-1D8554BC8B07}.Debug|x64.Build.0 = Debug|x64
		{89FF02E9-673D-3B42-BCF2-1D8554BC8B07}.Release|x64.ActiveCfg = Release|x64
		{89FF02E9-673D-3B42-BCF2-1D8554BC8B07}.Release|x64.Build.0 = Release|x64
		{89FF02E9-673D-3B42-BCF2-1D8554BC8B07}.MinSizeRel|x64.ActiveCfg = MinSizeRel|x64
		{89FF02E9-673D-3B42-BCF2-1D8554BC8B07}.MinSizeRel|x64.Build.0 = MinSizeRel|x64
		{89FF02E9-673D-3B42-BCF2-1D8554BC8B07}.RelWithDebInfo|x64.ActiveCfg = RelWithDebInfo|x64
		{89FF02E9-673D-3B42-BCF2-1D8554BC8B07}.RelWithDebInfo|x64.Build.0 = RelWithDebInfo|x64
		{F4C15674-10AA-328D-B31B-7112649D759F}.Debug|x64.ActiveCfg = Debug|x64
		{F4C15674-10AA-328D-B31B-7112649D759F}.Debug|x64.Build.0 = Debug|x64
		{F4C15674-10AA-328D-B31B-7112649D759F}.Release|x64.ActiveCfg = Release|x64
		{F4C15674-10AA-328D-B31B-7112649D759F}.Release|x64.Build.0 = Release|x64
		{F4C15674-10AA-328D-B31B-7112649D759F}.MinSizeRel|x64.ActiveCfg = MinSizeRel|x64
		{F4C15674-10AA-328D-B31B-7112649D759F}.MinSizeRel|x64.Build.0 = MinSizeRel|x64
		{F4C15674-10AA-328D-B31B-7112649D759F}.RelWithDebInfo|x64.ActiveCfg = RelWithDebInfo|x64
		{F4C15674-10AA-328D-B31B-7112649D759F}.RelWithDebInfo|x64.Build.0 = RelWithDebInfo|x64
		{0481F742-0074-310C-87AC-DD4630F1FA3C}.Debug|x64.ActiveCfg = Debug|x64
		{0481F742-0074-310C-87AC-DD4630F1FA3C}.Debug|x64.Build.0 = Debug|x64
		{0481F742-0074-310C-87AC-DD4630F1FA3C}.Release|x64.ActiveCfg = Release|x64
		{0481F742-0074-310C-87AC-DD4630F1FA3C}.Release|x64.Build.0 = Release|x64
		{0481F742-0074-310C-87AC-DD4630F1FA3C}.MinSizeRel|x64.ActiveCfg = MinSizeRel|x64
		{0481F742-0074-310C-87AC-DD4630F1FA3C}.MinSizeRel|x64.Build.0 = MinSizeRel|x64
		{0481F742-0074-310C-87AC-DD4630F1FA3C}.RelWithDebInfo|x64.ActiveCfg = RelWithDebInfo|x64
		{0481F742-0074-310C-87AC-DD4630F1FA3C}.RelWithDebInfo|x64.Build.0 = RelWithDebInfo|x64
		{338AB0C0-6C65-3F4A-A81F-C107D145994C}.Debug|x64.ActiveCfg = Debug|x64
		{338AB0C0-6C65-3F4A-A81F-C107D145994C}.Debug|x64.Build.0 = Debug|x64
		{338AB0C0-6C65-3F4A-A81F-C107D145994C}.Release|x64.ActiveCfg = Release|x64
		{338AB0C0-6C65-3F4A-A81F-C107D145994C}.Release|x64.Build.0 = Release|x64
		{338AB0C0-6C65-3F4A-A81F-C107D145994C}.MinSizeRel|x64.ActiveCfg = MinSizeRel|x64
		{338AB0C0-6C65-3F4A-A81F-C107D145994C}.MinSizeRel|x64.Build.0 = MinSizeRel|x64
		{338AB0C0-6C65-3F4A-A81F-C107D145994C}.RelWithDebInfo|x64.ActiveCfg = RelWithDebInfo|x64
		{338AB0C0-6C65-3F4A-A81F-C107D145994C}.RelWithDebInfo|x64.Build.0 = RelWithDebInfo|x64
		{76F4ADF9-B197-315D-9BF0-588275A910E6}.Debug|x64.ActiveCfg = Debug|x64
		{76F4ADF9-B197-315D-9BF0-588275A910E6}.Debug|x64.Build.0 = Debug|x64
		{76F4ADF9-B197-315D-9BF0-588275A910E6}.Release|x64.ActiveCfg = Release|x64
		{76F4ADF9-B197-315D-9BF0-588275A910E6}.Release|x64.Build.0 = Release|x64
		{76F4ADF9-B197-315D-9BF0-588275A910E6}.MinSizeRel|x64.ActiveCfg = MinSizeRel|x64
		{76F4ADF9-B197-315D-9BF0-588275A910E6}.MinSizeRel|x64.Build.0 = MinSizeRel|x64
		{76F4ADF9-B197-315D-9BF0-588275A910E6}.RelWithDebInfo|x64.ActiveCfg = RelWithDebInfo|x64
		{76F4ADF9-B197-315D-9BF0-588275A910E6}.RelWithDebInfo|x64.Build.0 = RelWithDebInfo|x64
		{863820F2-C393-3E3F-8DAC-620B219BEB0C}.Debug|x64.ActiveCfg = Debug|x64
		{863820F2-C393-3E3F-8DAC-620B219BEB0C}.Debug|x64.Build.0 = Debug|x64
		{863820F2-C393-3E3F-8DAC-620B219BEB0C}.Release|x64.ActiveCfg = Release|x64
		{863820F2-C393-3E3F-8DAC-620B219BEB0C}.Release|x64.Build.0 = Release|x64
		{863820F2-C393-3E3F-8DAC-620B219BEB0C}.MinSizeRel|x64.ActiveCfg = MinSizeRel|x64
		{863820F2-C393-3E3F-8DAC-620B219BEB0C}.MinSizeRel|x64.Build.0 = MinSizeRel|x64
		{863820F2-C393-3E3F-8DAC-620B219BEB0C}.RelWithDebInfo|x64.ActiveCfg = RelWithDebInfo|x64
		{863820F2-C393-3E3F-8DAC-620B219BEB0C}.RelWithDebInfo|x64.Build.0 = RelWithDebInfo|x64
		{8C610C92-F4B1-3D50-94D7-F6795914CFDC}.Debug|x64.ActiveCfg = Debug|x64
		{8C610C92-F4B1-3D50-94D7-F6795914CFDC}.Debug|x64.Build.0 = Debug|x64
		{8C610C92-F4B1-3D50-94D7-F6795914CFDC}.Release|x64.ActiveCfg = Release|x64
		{8C610C92-F4B1-3D50-94D7-F6795914CFDC}.Release|x64.Build.0 = Release|x64
		{8C610C92-F4B1-3D50-94D7-F6795914CFDC}.MinSizeRel|x64.ActiveCfg = MinSizeRel|x64
		{8C610C92-F4B1-3D50-94D7-F6795914CFDC}.MinSizeRel|x64.Build.0 = MinSizeRel|x64
		{8C610C92-F4B1-3D50-94D7-F6795914CFDC}.RelWithDebInfo|x64.ActiveCfg = RelWithDebInfo|x64
		{8C610C92-F4B1-3D50-94D7-F6795914CFDC}.RelWithDebInfo|x64.Build.0 = RelWithDebInfo|x64
		{9781FA1F-C791-3702-808F-AD0BC49D7CDC}.Debug|x64.ActiveCfg = Debug|x64
		{9781FA1F-C791-3702-808F-AD0BC49D7CDC}.Release|x64.ActiveCfg = Release|x64
		{9781FA1F-C791-3702-808F-AD0BC49D7CDC}.MinSizeRel|x64.ActiveCfg = MinSizeRel|x64
		{9781FA1F-C791-3702-808F-AD0BC49D7CDC}.RelWithDebInfo|x64.ActiveCfg = RelWithDebInfo|x64
		{A1F1C4A8-8BCF-3F8B-909F-606AF5136EC3}.Debug|x64.ActiveCfg = Debug|x64
		{A1F1C4A8-8BCF-3F8B-909F-606AF5136EC3}.Debug|x64.Build.0 = Debug|x64
		{A1F1C4A8-8BCF-3F8B-909F-606AF5136EC3}.Release|x64.ActiveCfg = Release|x64
		{A1F1C4A8-8BCF-3F8B-909F-606AF5136EC3}.Release|x64.Build.0 = Release|x64
		{A1F1C4A8-8BCF-3F8B-909F-606AF5136EC3}.MinSizeRel|x64.ActiveCfg = MinSizeRel|x64
		{A1F1C4A8-8BCF-3F8B-909F-606AF5136EC3}.MinSizeRel|x64.Build.0 = MinSizeRel|x64
		{A1F1C4A8-8BCF-3F8B-909F-606AF5136EC3}.RelWithDebInfo|x64.ActiveCfg = RelWithDebInfo|x64
		{A1F1C4A8-8BCF-3F8B-909F-606AF5136EC3}.RelWithDebInfo|x64.Build.0 = RelWithDebInfo|x64
		{ACC9BF76-7092-39BD-B85D-C55467CF014A}.Debug|x64.ActiveCfg = Debug|x64
		{ACC9BF76-7092-39BD-B85D-C55467CF014A}.Debug|x64.Build.0 = Debug|x64
		{ACC9BF76-7092-39BD-B85D-C55467CF014A}.Release|x64.ActiveCfg = Release|x64
		{ACC9BF76-7092-39BD-B85D-C55467CF014A}.Release|x64.Build.0 = Release|x64
		{ACC9BF76-7092-39BD-B85D-C55467CF014A}.MinSizeRel|x64.ActiveCfg = MinSizeRel|x64
		{ACC9BF76-7092-39BD-B85D-C55467CF014A}.MinSizeRel|x64.Build.0 = MinSizeRel|x64
		{ACC9BF76-7092-39BD-B85D-C55467CF014A}.RelWithDebInfo|x64.ActiveCfg = RelWithDebInfo|x64
		{ACC9BF76-7092-39BD-B85D-C55467CF014A}.RelWithDebInfo|x64.Build.0 = RelWithDebInfo|x64
		{6D7CE960-1606-3E91-8B6A-EE0A1E16A34A}.Debug|x64.ActiveCfg = Debug|x64
		{6D7CE960-1606-3E91-8B6A-EE0A1E16A34A}.Debug|x64.Build.0 = Debug|x64
		{6D7CE960-1606-3E91-8B6A-EE0A1E16A34A}.Release|x64.ActiveCfg = Release|x64
		{6D7CE960-1606-3E91-8B6A-EE0A1E16A34A}.Release|x64.Build.0 = Release|x64
		{6D7CE960-1606-3E91-8B6A-EE0A1E16A34A}.MinSizeRel|x64.ActiveCfg = MinSizeRel|x64
		{6D7CE960-1606-3E91-8B6A-EE0A1E16A34A}.MinSizeRel|x64.Build.0 = MinSizeRel|x64
		{6D7CE960-1606-3E91-8B6A-EE0A1E16A34A}.RelWithDebInfo|x64.ActiveCfg = RelWithDebInfo|x64
		{6D7CE960-1606-3E91-8B6A-EE0A1E16A34A}.RelWithDebInfo|x64.Build.0 = RelWithDebInfo|x64
	EndGlobalSection
	GlobalSection(NestedProjects) = preSolution
		{114C6DD0-DC13-3DC1-923F-1E660B29AB83} = {FDB26E47-BE7C-3EB4-B029-883FF47AE7A6}
		{CD6DFD5B-92A3-32B7-9C68-DCAD963E1526} = {FDB26E47-BE7C-3EB4-B029-883FF47AE7A6}
		{90D6AAB3-28E2-3903-B502-4F452ACA3964} = {FDB26E47-BE7C-3EB4-B029-883FF47AE7A6}
		{F22C11D1-4959-3EC5-A90A-ABF3076D7D80} = {7D8405B4-0F69-3B72-837C-BA9851888327}
		{49C2E9CB-32F4-34DE-817B-0B9F33711B89} = {7D8405B4-0F69-3B72-837C-BA9851888327}
		{05D919EE-91DA-34DD-AC53-A996FFCBEF95} = {7D8405B4-0F69-3B72-837C-BA9851888327}
		{E2A14546-C050-3D0E-8884-2ADF22678AB6} = {F22C11D1-4959-3EC5-A90A-ABF3076D7D80}
		{AD3D5DFC-3DAE-3C09-8F65-C8E8F527E0A5} = {F22C11D1-4959-3EC5-A90A-ABF3076D7D80}
		{5D8D2DDC-CB23-38C3-92D4-A3E4B915B651} = {F22C11D1-4959-3EC5-A90A-ABF3076D7D80}
		{2E801CA1-3373-3ECC-B83D-C0A1D1A69A1D} = {F22C11D1-4959-3EC5-A90A-ABF3076D7D80}
		{0481F742-0074-310C-87AC-DD4630F1FA3C} = {F22C11D1-4959-3EC5-A90A-ABF3076D7D80}
		{338AB0C0-6C65-3F4A-A81F-C107D145994C} = {F22C11D1-4959-3EC5-A90A-ABF3076D7D80}
		{ACC9BF76-7092-39BD-B85D-C55467CF014A} = {F22C11D1-4959-3EC5-A90A-ABF3076D7D80}
		{A6478D2D-258D-33AE-BC2B-80AFC5425F1F} = {49C2E9CB-32F4-34DE-817B-0B9F33711B89}
		{CA88D4CC-2F68-3638-BDEE-A0CC74C67AB6} = {49C2E9CB-32F4-34DE-817B-0B9F33711B89}
		{0A706C52-2B8C-3310-BA7A-E395D9569A7F} = {49C2E9CB-32F4-34DE-817B-0B9F33711B89}
		{52784785-943D-39FA-B51F-B6A7EA418004} = {49C2E9CB-32F4-34DE-817B-0B9F33711B89}
		{1AB2C7E9-FBCA-3E58-9B60-3ECCE783DD59} = {49C2E9CB-32F4-34DE-817B-0B9F33711B89}
		{60A87A37-C4CC-3F59-9B6E-08A5CD3BB1C8} = {49C2E9CB-32F4-34DE-817B-0B9F33711B89}
		{68C2352B-E787-3E11-957C-EF9BEFD9AEF1} = {49C2E9CB-32F4-34DE-817B-0B9F33711B89}
		{2F3A8590-CBF3-3736-B996-F072F749EE80} = {49C2E9CB-32F4-34DE-817B-0B9F33711B89}
		{4A2ED55D-3DEC-3985-BA03-18E2194C792B} = {49C2E9CB-32F4-34DE-817B-0B9F33711B89}
		{F2315B49-4C4F-3F93-8B80-E95AD75708E6} = {49C2E9CB-32F4-34DE-817B-0B9F33711B89}
		{89FF02E9-673D-3B42-BCF2-1D8554BC8B07} = {49C2E9CB-32F4-34DE-817B-0B9F33711B89}
		{F4C15674-10AA-328D-B31B-7112649D759F} = {49C2E9CB-32F4-34DE-817B-0B9F33711B89}
		{76F4ADF9-B197-315D-9BF0-588275A910E6} = {49C2E9CB-32F4-34DE-817B-0B9F33711B89}
		{863820F2-C393-3E3F-8DAC-620B219BEB0C} = {49C2E9CB-32F4-34DE-817B-0B9F33711B89}
		{8C610C92-F4B1-3D50-94D7-F6795914CFDC} = {49C2E9CB-32F4-34DE-817B-0B9F33711B89}
		{6D7CE960-1606-3E91-8B6A-EE0A1E16A34A} = {49C2E9CB-32F4-34DE-817B-0B9F33711B89}
	EndGlobalSection
	GlobalSection(ExtensibilityGlobals) = postSolution
		SolutionGuid = {0C72EAE8-C3AF-30FD-9D84-896844621C96}
	EndGlobalSection
	GlobalSection(ExtensibilityAddIns) = postSolution
	EndGlobalSection
EndGlobal
