Microsoft Visual Studio Solution File, Format Version 12.00
# Visual Studio 14
Project("{2150E333-8FDC-42A3-9474-1A3956D46DE8}") = "CMakePredefinedTargets", "CMakePredefinedTargets", "{E6B0CAAD-3EF4-3661-B284-F8CA1896C3FD}"
EndProject
Project("{2150E333-8FDC-42A3-9474-1A3956D46DE8}") = "GLFW3", "GLFW3", "{9322BFC9-78DE-3DFA-BD69-714A81EC0A16}"
EndProject
Project("{2150E333-8FDC-42A3-9474-1A3956D46DE8}") = "Examples", "GLFW3\Examples", "{D6D77792-C070-350A-80F0-27B40762330C}"
EndProject
Project("{2150E333-8FDC-42A3-9474-1A3956D46DE8}") = "Tests", "GLFW3\Tests", "{DB542CDF-72C5-3262-A1D8-066E89CA03BF}"
EndProject
Project("{8BC9CEB8-8B4A-11D0-8D11-00A0C91BC942}") = "ALL_BUILD", "ALL_BUILD.vcxproj", "{55F0F906-BABB-3DBE-837F-1C5155A6FAC9}"
	ProjectSection(ProjectDependencies) = postProject
		{B0B0BEA2-E823-33E0-B14B-42111AFB8DB9} = {B0B0BEA2-E823-33E0-B14B-42111AFB8DB9}
		{A889A69A-A7EE-3D2A-8308-C4290AF44157} = {A889A69A-A7EE-3D2A-8308-C4290AF44157}
		{7D329671-0CE8-39BF-8E6A-BAC1C26FD7E2} = {7D329671-0CE8-39BF-8E6A-BAC1C26FD7E2}
		{F3B90D3A-EF15-3B3A-8C45-D903815F2E81} = {F3B90D3A-EF15-3B3A-8C45-D903815F2E81}
		{DC3A7821-F61B-3C52-B7F6-BDA68142DA35} = {DC3A7821-F61B-3C52-B7F6-BDA68142DA35}
		{EF058DB1-26B1-3033-A76C-5AE1F754B8C2} = {EF058DB1-26B1-3033-A76C-5AE1F754B8C2}
		{08BB631E-58A3-3FA7-A847-CCCC7E9E9B9D} = {08BB631E-58A3-3FA7-A847-CCCC7E9E9B9D}
		{D3A2B5E1-6112-36A8-B904-EA1620BC21C0} = {D3A2B5E1-6112-36A8-B904-EA1620BC21C0}
		{EAB1D668-7FF6-3B0F-B2C4-D7D8B72AB8B1} = {EAB1D668-7FF6-3B0F-B2C4-D7D8B72AB8B1}
		{7A2277AF-1AE0-3126-8008-8FF7C728D43D} = {7A2277AF-1AE0-3126-8008-8FF7C728D43D}
		{4D260B10-68B1-3D83-8D50-A4A4617018F7} = {4D260B10-68B1-3D83-8D50-A4A4617018F7}
		{3907EED6-6F64-375C-85D1-350FEEC1B08F} = {3907EED6-6F64-375C-85D1-350FEEC1B08F}
		{3C2ED394-09C0-345D-AF1F-F7AC57AD4BE0} = {3C2ED394-09C0-345D-AF1F-F7AC57AD4BE0}
		{DE72F693-50EA-3D99-AC2B-AD8CE4C3363A} = {DE72F693-50EA-3D99-AC2B-AD8CE4C3363A}
		{4E2C9D80-13E0-3F98-9C11-5882A408F168} = {4E2C9D80-13E0-3F98-9C11-5882A408F168}
		{2EB0907A-A4D6-34D5-9B5F-E6A50065EF25} = {2EB0907A-A4D6-34D5-9B5F-E6A50065EF25}
		{54035AD9-D158-3465-B953-7A7A700D918B} = {54035AD9-D158-3465-B953-7A7A700D918B}
		{6921C185-E635-3613-9D95-95357E3D9A9A} = {6921C185-E635-3613-9D95-95357E3D9A9A}
		{4DE5AAE5-C3AC-35EE-B4E7-65E9D8EAEE1C} = {4DE5AAE5-C3AC-35EE-B4E7-65E9D8EAEE1C}
		{AE69CF4C-F6B8-3B72-9620-108AE8B9D0EF} = {AE69CF4C-F6B8-3B72-9620-108AE8B9D0EF}
		{7939F1FE-B8EA-37C1-AF76-2CC89690132D} = {7939F1FE-B8EA-37C1-AF76-2CC89690132D}
		{52909695-3DF9-3649-B7E9-D413D7CB77E7} = {52909695-3DF9-3649-B7E9-D413D7CB77E7}
		{C34F4D9E-C0C0-3F12-AE07-FD2B5633371C} = {C34F4D9E-C0C0-3F12-AE07-FD2B5633371C}
		{E753A9D3-08F4-32DC-BD64-AB18861F5413} = {E753A9D3-08F4-32DC-BD64-AB18861F5413}
		{E00263A5-1F75-36BC-94AD-BAFD6BBF6465} = {E00263A5-1F75-36BC-94AD-BAFD6BBF6465}
	EndProjectSection
EndProject
Project("{8BC9CEB8-8B4A-11D0-8D11-00A0C91BC942}") = "INSTALL", "INSTALL.vcxproj", "{5B28CDED-CB13-3438-AF07-54EC9559891F}"
	ProjectSection(ProjectDependencies) = postProject
		{55F0F906-BABB-3DBE-837F-1C5155A6FAC9} = {55F0F906-BABB-3DBE-837F-1C5155A6FAC9}
		{B0B0BEA2-E823-33E0-B14B-42111AFB8DB9} = {B0B0BEA2-E823-33E0-B14B-42111AFB8DB9}
	EndProjectSection
EndProject
Project("{8BC9CEB8-8B4A-11D0-8D11-00A0C91BC942}") = "ZERO_CHECK", "..\..\\ZERO_CHECK.vcxproj", "{B0B0BEA2-E823-33E0-B14B-42111AFB8DB9}"
	ProjectSection(ProjectDependencies) = postProject
	EndProjectSection
EndProject
Project("{8BC9CEB8-8B4A-11D0-8D11-00A0C91BC942}") = "boing", "examples\boing.vcxproj", "{A889A69A-A7EE-3D2A-8308-C4290AF44157}"
	ProjectSection(ProjectDependencies) = postProject
		{B0B0BEA2-E823-33E0-B14B-42111AFB8DB9} = {B0B0BEA2-E823-33E0-B14B-42111AFB8DB9}
		{EAB1D668-7FF6-3B0F-B2C4-D7D8B72AB8B1} = {EAB1D668-7FF6-3B0F-B2C4-D7D8B72AB8B1}
	EndProjectSection
EndProject
Project("{8BC9CEB8-8B4A-11D0-8D11-00A0C91BC942}") = "clipboard", "tests\clipboard.vcxproj", "{7D329671-0CE8-39BF-8E6A-BAC1C26FD7E2}"
	ProjectSection(ProjectDependencies) = postProject
		{B0B0BEA2-E823-33E0-B14B-42111AFB8DB9} = {B0B0BEA2-E823-33E0-B14B-42111AFB8DB9}
		{EAB1D668-7FF6-3B0F-B2C4-D7D8B72AB8B1} = {EAB1D668-7FF6-3B0F-B2C4-D7D8B72AB8B1}
	EndProjectSection
EndProject
Project("{8BC9CEB8-8B4A-11D0-8D11-00A0C91BC942}") = "cursor", "tests\cursor.vcxproj", "{F3B90D3A-EF15-3B3A-8C45-D903815F2E81}"
	ProjectSection(ProjectDependencies) = postProject
		{B0B0BEA2-E823-33E0-B14B-42111AFB8DB9} = {B0B0BEA2-E823-33E0-B14B-42111AFB8DB9}
		{EAB1D668-7FF6-3B0F-B2C4-D7D8B72AB8B1} = {EAB1D668-7FF6-3B0F-B2C4-D7D8B72AB8B1}
	EndProjectSection
EndProject
Project("{8BC9CEB8-8B4A-11D0-8D11-00A0C91BC942}") = "empty", "tests\empty.vcxproj", "{DC3A7821-F61B-3C52-B7F6-BDA68142DA35}"
	ProjectSection(ProjectDependencies) = postProject
		{B0B0BEA2-E823-33E0-B14B-42111AFB8DB9} = {B0B0BEA2-E823-33E0-B14B-42111AFB8DB9}
		{EAB1D668-7FF6-3B0F-B2C4-D7D8B72AB8B1} = {EAB1D668-7FF6-3B0F-B2C4-D7D8B72AB8B1}
	EndProjectSection
EndProject
Project("{8BC9CEB8-8B4A-11D0-8D11-00A0C91BC942}") = "events", "tests\events.vcxproj", "{EF058DB1-26B1-3033-A76C-5AE1F754B8C2}"
	ProjectSection(ProjectDependencies) = postProject
		{B0B0BEA2-E823-33E0-B14B-42111AFB8DB9} = {B0B0BEA2-E823-33E0-B14B-42111AFB8DB9}
		{EAB1D668-7FF6-3B0F-B2C4-D7D8B72AB8B1} = {EAB1D668-7FF6-3B0F-B2C4-D7D8B72AB8B1}
	EndProjectSection
EndProject
Project("{8BC9CEB8-8B4A-11D0-8D11-00A0C91BC942}") = "gamma", "tests\gamma.vcxproj", "{08BB631E-58A3-3FA7-A847-CCCC7E9E9B9D}"
	ProjectSection(ProjectDependencies) = postProject
		{B0B0BEA2-E823-33E0-B14B-42111AFB8DB9} = {B0B0BEA2-E823-33E0-B14B-42111AFB8DB9}
		{EAB1D668-7FF6-3B0F-B2C4-D7D8B72AB8B1} = {EAB1D668-7FF6-3B0F-B2C4-D7D8B72AB8B1}
	EndProjectSection
EndProject
Project("{8BC9CEB8-8B4A-11D0-8D11-00A0C91BC942}") = "gears", "examples\gears.vcxproj", "{D3A2B5E1-6112-36A8-B904-EA1620BC21C0}"
	ProjectSection(ProjectDependencies) = postProject
		{B0B0BEA2-E823-33E0-B14B-42111AFB8DB9} = {B0B0BEA2-E823-33E0-B14B-42111AFB8DB9}
		{EAB1D668-7FF6-3B0F-B2C4-D7D8B72AB8B1} = {EAB1D668-7FF6-3B0F-B2C4-D7D8B72AB8B1}
	EndProjectSection
EndProject
Project("{8BC9CEB8-8B4A-11D0-8D11-00A0C91BC942}") = "glfw", "src\glfw.vcxproj", "{EAB1D668-7FF6-3B0F-B2C4-D7D8B72AB8B1}"
	ProjectSection(ProjectDependencies) = postProject
		{B0B0BEA2-E823-33E0-B14B-42111AFB8DB9} = {B0B0BEA2-E823-33E0-B14B-42111AFB8DB9}
	EndProjectSection
EndProject
Project("{8BC9CEB8-8B4A-11D0-8D11-00A0C91BC942}") = "glfwinfo", "tests\glfwinfo.vcxproj", "{7A2277AF-1AE0-3126-8008-8FF7C728D43D}"
	ProjectSection(ProjectDependencies) = postProject
		{B0B0BEA2-E823-33E0-B14B-42111AFB8DB9} = {B0B0BEA2-E823-33E0-B14B-42111AFB8DB9}
		{EAB1D668-7FF6-3B0F-B2C4-D7D8B72AB8B1} = {EAB1D668-7FF6-3B0F-B2C4-D7D8B72AB8B1}
	EndProjectSection
EndProject
Project("{8BC9CEB8-8B4A-11D0-8D11-00A0C91BC942}") = "heightmap", "examples\heightmap.vcxproj", "{4D260B10-68B1-3D83-8D50-A4A4617018F7}"
	ProjectSection(ProjectDependencies) = postProject
		{B0B0BEA2-E823-33E0-B14B-42111AFB8DB9} = {B0B0BEA2-E823-33E0-B14B-42111AFB8DB9}
		{EAB1D668-7FF6-3B0F-B2C4-D7D8B72AB8B1} = {EAB1D668-7FF6-3B0F-B2C4-D7D8B72AB8B1}
	EndProjectSection
EndProject
Project("{8BC9CEB8-8B4A-11D0-8D11-00A0C91BC942}") = "iconify", "tests\iconify.vcxproj", "{3907EED6-6F64-375C-85D1-350FEEC1B08F}"
	ProjectSection(ProjectDependencies) = postProject
		{B0B0BEA2-E823-33E0-B14B-42111AFB8DB9} = {B0B0BEA2-E823-33E0-B14B-42111AFB8DB9}
		{EAB1D668-7FF6-3B0F-B2C4-D7D8B72AB8B1} = {EAB1D668-7FF6-3B0F-B2C4-D7D8B72AB8B1}
	EndProjectSection
EndProject
Project("{8BC9CEB8-8B4A-11D0-8D11-00A0C91BC942}") = "joysticks", "tests\joysticks.vcxproj", "{3C2ED394-09C0-345D-AF1F-F7AC57AD4BE0}"
	ProjectSection(ProjectDependencies) = postProject
		{B0B0BEA2-E823-33E0-B14B-42111AFB8DB9} = {B0B0BEA2-E823-33E0-B14B-42111AFB8DB9}
		{EAB1D668-7FF6-3B0F-B2C4-D7D8B72AB8B1} = {EAB1D668-7FF6-3B0F-B2C4-D7D8B72AB8B1}
	EndProjectSection
EndProject
Project("{8BC9CEB8-8B4A-11D0-8D11-00A0C91BC942}") = "monitors", "tests\monitors.vcxproj", "{DE72F693-50EA-3D99-AC2B-AD8CE4C3363A}"
	ProjectSection(ProjectDependencies) = postProject
		{B0B0BEA2-E823-33E0-B14B-42111AFB8DB9} = {B0B0BEA2-E823-33E0-B14B-42111AFB8DB9}
		{EAB1D668-7FF6-3B0F-B2C4-D7D8B72AB8B1} = {EAB1D668-7FF6-3B0F-B2C4-D7D8B72AB8B1}
	EndProjectSection
EndProject
Project("{8BC9CEB8-8B4A-11D0-8D11-00A0C91BC942}") = "msaa", "tests\msaa.vcxproj", "{4E2C9D80-13E0-3F98-9C11-5882A408F168}"
	ProjectSection(ProjectDependencies) = postProject
		{B0B0BEA2-E823-33E0-B14B-42111AFB8DB9} = {B0B0BEA2-E823-33E0-B14B-42111AFB8DB9}
		{EAB1D668-7FF6-3B0F-B2C4-D7D8B72AB8B1} = {EAB1D668-7FF6-3B0F-B2C4-D7D8B72AB8B1}
	EndProjectSection
EndProject
Project("{8BC9CEB8-8B4A-11D0-8D11-00A0C91BC942}") = "particles", "examples\particles.vcxproj", "{2EB0907A-A4D6-34D5-9B5F-E6A50065EF25}"
	ProjectSection(ProjectDependencies) = postProject
		{B0B0BEA2-E823-33E0-B14B-42111AFB8DB9} = {B0B0BEA2-E823-33E0-B14B-42111AFB8DB9}
		{EAB1D668-7FF6-3B0F-B2C4-D7D8B72AB8B1} = {EAB1D668-7FF6-3B0F-B2C4-D7D8B72AB8B1}
	EndProjectSection
EndProject
Project("{8BC9CEB8-8B4A-11D0-8D11-00A0C91BC942}") = "reopen", "tests\reopen.vcxproj", "{54035AD9-D158-3465-B953-7A7A700D918B}"
	ProjectSection(ProjectDependencies) = postProject
		{B0B0BEA2-E823-33E0-B14B-42111AFB8DB9} = {B0B0BEA2-E823-33E0-B14B-42111AFB8DB9}
		{EAB1D668-7FF6-3B0F-B2C4-D7D8B72AB8B1} = {EAB1D668-7FF6-3B0F-B2C4-D7D8B72AB8B1}
	EndProjectSection
EndProject
Project("{8BC9CEB8-8B4A-11D0-8D11-00A0C91BC942}") = "sharing", "tests\sharing.vcxproj", "{6921C185-E635-3613-9D95-95357E3D9A9A}"
	ProjectSection(ProjectDependencies) = postProject
		{B0B0BEA2-E823-33E0-B14B-42111AFB8DB9} = {B0B0BEA2-E823-33E0-B14B-42111AFB8DB9}
		{EAB1D668-7FF6-3B0F-B2C4-D7D8B72AB8B1} = {EAB1D668-7FF6-3B0F-B2C4-D7D8B72AB8B1}
	EndProjectSection
EndProject
Project("{8BC9CEB8-8B4A-11D0-8D11-00A0C91BC942}") = "simple", "examples\simple.vcxproj", "{4DE5AAE5-C3AC-35EE-B4E7-65E9D8EAEE1C}"
	ProjectSection(ProjectDependencies) = postProject
		{B0B0BEA2-E823-33E0-B14B-42111AFB8DB9} = {B0B0BEA2-E823-33E0-B14B-42111AFB8DB9}
		{EAB1D668-7FF6-3B0F-B2C4-D7D8B72AB8B1} = {EAB1D668-7FF6-3B0F-B2C4-D7D8B72AB8B1}
	EndProjectSection
EndProject
Project("{8BC9CEB8-8B4A-11D0-8D11-00A0C91BC942}") = "splitview", "examples\splitview.vcxproj", "{AE69CF4C-F6B8-3B72-9620-108AE8B9D0EF}"
	ProjectSection(ProjectDependencies) = postProject
		{B0B0BEA2-E823-33E0-B14B-42111AFB8DB9} = {B0B0BEA2-E823-33E0-B14B-42111AFB8DB9}
		{EAB1D668-7FF6-3B0F-B2C4-D7D8B72AB8B1} = {EAB1D668-7FF6-3B0F-B2C4-D7D8B72AB8B1}
	EndProjectSection
EndProject
Project("{8BC9CEB8-8B4A-11D0-8D11-00A0C91BC942}") = "tearing", "tests\tearing.vcxproj", "{7939F1FE-B8EA-37C1-AF76-2CC89690132D}"
	ProjectSection(ProjectDependencies) = postProject
		{B0B0BEA2-E823-33E0-B14B-42111AFB8DB9} = {B0B0BEA2-E823-33E0-B14B-42111AFB8DB9}
		{EAB1D668-7FF6-3B0F-B2C4-D7D8B72AB8B1} = {EAB1D668-7FF6-3B0F-B2C4-D7D8B72AB8B1}
	EndProjectSection
EndProject
Project("{8BC9CEB8-8B4A-11D0-8D11-00A0C91BC942}") = "threads", "tests\threads.vcxproj", "{52909695-3DF9-3649-B7E9-D413D7CB77E7}"
	ProjectSection(ProjectDependencies) = postProject
		{B0B0BEA2-E823-33E0-B14B-42111AFB8DB9} = {B0B0BEA2-E823-33E0-B14B-42111AFB8DB9}
		{EAB1D668-7FF6-3B0F-B2C4-D7D8B72AB8B1} = {EAB1D668-7FF6-3B0F-B2C4-D7D8B72AB8B1}
	EndProjectSection
EndProject
Project("{8BC9CEB8-8B4A-11D0-8D11-00A0C91BC942}") = "title", "tests\title.vcxproj", "{C34F4D9E-C0C0-3F12-AE07-FD2B5633371C}"
	ProjectSection(ProjectDependencies) = postProject
		{B0B0BEA2-E823-33E0-B14B-42111AFB8DB9} = {B0B0BEA2-E823-33E0-B14B-42111AFB8DB9}
		{EAB1D668-7FF6-3B0F-B2C4-D7D8B72AB8B1} = {EAB1D668-7FF6-3B0F-B2C4-D7D8B72AB8B1}
	EndProjectSection
EndProject
Project("{8BC9CEB8-8B4A-11D0-8D11-00A0C91BC942}") = "uninstall", "uninstall.vcxproj", "{D5F5BE22-0499-3DF6-A6F5-687309404483}"
	ProjectSection(ProjectDependencies) = postProject
		{B0B0BEA2-E823-33E0-B14B-42111AFB8DB9} = {B0B0BEA2-E823-33E0-B14B-42111AFB8DB9}
	EndProjectSection
EndProject
Project("{8BC9CEB8-8B4A-11D0-8D11-00A0C91BC942}") = "wave", "examples\wave.vcxproj", "{E753A9D3-08F4-32DC-BD64-AB18861F5413}"
	ProjectSection(ProjectDependencies) = postProject
		{B0B0BEA2-E823-33E0-B14B-42111AFB8DB9} = {B0B0BEA2-E823-33E0-B14B-42111AFB8DB9}
		{EAB1D668-7FF6-3B0F-B2C4-D7D8B72AB8B1} = {EAB1D668-7FF6-3B0F-B2C4-D7D8B72AB8B1}
	EndProjectSection
EndProject
Project("{8BC9CEB8-8B4A-11D0-8D11-00A0C91BC942}") = "windows", "tests\windows.vcxproj", "{E00263A5-1F75-36BC-94AD-BAFD6BBF6465}"
	ProjectSection(ProjectDependencies) = postProject
		{B0B0BEA2-E823-33E0-B14B-42111AFB8DB9} = {B0B0BEA2-E823-33E0-B14B-42111AFB8DB9}
		{EAB1D668-7FF6-3B0F-B2C4-D7D8B72AB8B1} = {EAB1D668-7FF6-3B0F-B2C4-D7D8B72AB8B1}
	EndProjectSection
EndProject
Global
	GlobalSection(SolutionConfigurationPlatforms) = preSolution
		Debug|Win32 = Debug|Win32
		Release|Win32 = Release|Win32
		MinSizeRel|Win32 = MinSizeRel|Win32
		RelWithDebInfo|Win32 = RelWithDebInfo|Win32
	EndGlobalSection
	GlobalSection(ProjectConfigurationPlatforms) = postSolution
		{55F0F906-BABB-3DBE-837F-1C5155A6FAC9}.Debug|Win32.ActiveCfg = Debug|Win32
		{55F0F906-BABB-3DBE-837F-1C5155A6FAC9}.Debug|Win32.Build.0 = Debug|Win32
		{55F0F906-BABB-3DBE-837F-1C5155A6FAC9}.Release|Win32.ActiveCfg = Release|Win32
		{55F0F906-BABB-3DBE-837F-1C5155A6FAC9}.Release|Win32.Build.0 = Release|Win32
		{55F0F906-BABB-3DBE-837F-1C5155A6FAC9}.MinSizeRel|Win32.ActiveCfg = MinSizeRel|Win32
		{55F0F906-BABB-3DBE-837F-1C5155A6FAC9}.MinSizeRel|Win32.Build.0 = MinSizeRel|Win32
		{55F0F906-BABB-3DBE-837F-1C5155A6FAC9}.RelWithDebInfo|Win32.ActiveCfg = RelWithDebInfo|Win32
		{55F0F906-BABB-3DBE-837F-1C5155A6FAC9}.RelWithDebInfo|Win32.Build.0 = RelWithDebInfo|Win32
		{5B28CDED-CB13-3438-AF07-54EC9559891F}.Debug|Win32.ActiveCfg = Debug|Win32
		{5B28CDED-CB13-3438-AF07-54EC9559891F}.Release|Win32.ActiveCfg = Release|Win32
		{5B28CDED-CB13-3438-AF07-54EC9559891F}.MinSizeRel|Win32.ActiveCfg = MinSizeRel|Win32
		{5B28CDED-CB13-3438-AF07-54EC9559891F}.RelWithDebInfo|Win32.ActiveCfg = RelWithDebInfo|Win32
		{B0B0BEA2-E823-33E0-B14B-42111AFB8DB9}.Debug|Win32.ActiveCfg = Debug|Win32
		{B0B0BEA2-E823-33E0-B14B-42111AFB8DB9}.Debug|Win32.Build.0 = Debug|Win32
		{B0B0BEA2-E823-33E0-B14B-42111AFB8DB9}.Release|Win32.ActiveCfg = Release|Win32
		{B0B0BEA2-E823-33E0-B14B-42111AFB8DB9}.Release|Win32.Build.0 = Release|Win32
		{B0B0BEA2-E823-33E0-B14B-42111AFB8DB9}.MinSizeRel|Win32.ActiveCfg = MinSizeRel|Win32
		{B0B0BEA2-E823-33E0-B14B-42111AFB8DB9}.MinSizeRel|Win32.Build.0 = MinSizeRel|Win32
		{B0B0BEA2-E823-33E0-B14B-42111AFB8DB9}.RelWithDebInfo|Win32.ActiveCfg = RelWithDebInfo|Win32
		{B0B0BEA2-E823-33E0-B14B-42111AFB8DB9}.RelWithDebInfo|Win32.Build.0 = RelWithDebInfo|Win32
		{A889A69A-A7EE-3D2A-8308-C4290AF44157}.Debug|Win32.ActiveCfg = Debug|Win32
		{A889A69A-A7EE-3D2A-8308-C4290AF44157}.Debug|Win32.Build.0 = Debug|Win32
		{A889A69A-A7EE-3D2A-8308-C4290AF44157}.Release|Win32.ActiveCfg = Release|Win32
		{A889A69A-A7EE-3D2A-8308-C4290AF44157}.Release|Win32.Build.0 = Release|Win32
		{A889A69A-A7EE-3D2A-8308-C4290AF44157}.MinSizeRel|Win32.ActiveCfg = MinSizeRel|Win32
		{A889A69A-A7EE-3D2A-8308-C4290AF44157}.MinSizeRel|Win32.Build.0 = MinSizeRel|Win32
		{A889A69A-A7EE-3D2A-8308-C4290AF44157}.RelWithDebInfo|Win32.ActiveCfg = RelWithDebInfo|Win32
		{A889A69A-A7EE-3D2A-8308-C4290AF44157}.RelWithDebInfo|Win32.Build.0 = RelWithDebInfo|Win32
		{7D329671-0CE8-39BF-8E6A-BAC1C26FD7E2}.Debug|Win32.ActiveCfg = Debug|Win32
		{7D329671-0CE8-39BF-8E6A-BAC1C26FD7E2}.Debug|Win32.Build.0 = Debug|Win32
		{7D329671-0CE8-39BF-8E6A-BAC1C26FD7E2}.Release|Win32.ActiveCfg = Release|Win32
		{7D329671-0CE8-39BF-8E6A-BAC1C26FD7E2}.Release|Win32.Build.0 = Release|Win32
		{7D329671-0CE8-39BF-8E6A-BAC1C26FD7E2}.MinSizeRel|Win32.ActiveCfg = MinSizeRel|Win32
		{7D329671-0CE8-39BF-8E6A-BAC1C26FD7E2}.MinSizeRel|Win32.Build.0 = MinSizeRel|Win32
		{7D329671-0CE8-39BF-8E6A-BAC1C26FD7E2}.RelWithDebInfo|Win32.ActiveCfg = RelWithDebInfo|Win32
		{7D329671-0CE8-39BF-8E6A-BAC1C26FD7E2}.RelWithDebInfo|Win32.Build.0 = RelWithDebInfo|Win32
		{F3B90D3A-EF15-3B3A-8C45-D903815F2E81}.Debug|Win32.ActiveCfg = Debug|Win32
		{F3B90D3A-EF15-3B3A-8C45-D903815F2E81}.Debug|Win32.Build.0 = Debug|Win32
		{F3B90D3A-EF15-3B3A-8C45-D903815F2E81}.Release|Win32.ActiveCfg = Release|Win32
		{F3B90D3A-EF15-3B3A-8C45-D903815F2E81}.Release|Win32.Build.0 = Release|Win32
		{F3B90D3A-EF15-3B3A-8C45-D903815F2E81}.MinSizeRel|Win32.ActiveCfg = MinSizeRel|Win32
		{F3B90D3A-EF15-3B3A-8C45-D903815F2E81}.MinSizeRel|Win32.Build.0 = MinSizeRel|Win32
		{F3B90D3A-EF15-3B3A-8C45-D903815F2E81}.RelWithDebInfo|Win32.ActiveCfg = RelWithDebInfo|Win32
		{F3B90D3A-EF15-3B3A-8C45-D903815F2E81}.RelWithDebInfo|Win32.Build.0 = RelWithDebInfo|Win32
		{DC3A7821-F61B-3C52-B7F6-BDA68142DA35}.Debug|Win32.ActiveCfg = Debug|Win32
		{DC3A7821-F61B-3C52-B7F6-BDA68142DA35}.Debug|Win32.Build.0 = Debug|Win32
		{DC3A7821-F61B-3C52-B7F6-BDA68142DA35}.Release|Win32.ActiveCfg = Release|Win32
		{DC3A7821-F61B-3C52-B7F6-BDA68142DA35}.Release|Win32.Build.0 = Release|Win32
		{DC3A7821-F61B-3C52-B7F6-BDA68142DA35}.MinSizeRel|Win32.ActiveCfg = MinSizeRel|Win32
		{DC3A7821-F61B-3C52-B7F6-BDA68142DA35}.MinSizeRel|Win32.Build.0 = MinSizeRel|Win32
		{DC3A7821-F61B-3C52-B7F6-BDA68142DA35}.RelWithDebInfo|Win32.ActiveCfg = RelWithDebInfo|Win32
		{DC3A7821-F61B-3C52-B7F6-BDA68142DA35}.RelWithDebInfo|Win32.Build.0 = RelWithDebInfo|Win32
		{EF058DB1-26B1-3033-A76C-5AE1F754B8C2}.Debug|Win32.ActiveCfg = Debug|Win32
		{EF058DB1-26B1-3033-A76C-5AE1F754B8C2}.Debug|Win32.Build.0 = Debug|Win32
		{EF058DB1-26B1-3033-A76C-5AE1F754B8C2}.Release|Win32.ActiveCfg = Release|Win32
		{EF058DB1-26B1-3033-A76C-5AE1F754B8C2}.Release|Win32.Build.0 = Release|Win32
		{EF058DB1-26B1-3033-A76C-5AE1F754B8C2}.MinSizeRel|Win32.ActiveCfg = MinSizeRel|Win32
		{EF058DB1-26B1-3033-A76C-5AE1F754B8C2}.MinSizeRel|Win32.Build.0 = MinSizeRel|Win32
		{EF058DB1-26B1-3033-A76C-5AE1F754B8C2}.RelWithDebInfo|Win32.ActiveCfg = RelWithDebInfo|Win32
		{EF058DB1-26B1-3033-A76C-5AE1F754B8C2}.RelWithDebInfo|Win32.Build.0 = RelWithDebInfo|Win32
		{08BB631E-58A3-3FA7-A847-CCCC7E9E9B9D}.Debug|Win32.ActiveCfg = Debug|Win32
		{08BB631E-58A3-3FA7-A847-CCCC7E9E9B9D}.Debug|Win32.Build.0 = Debug|Win32
		{08BB631E-58A3-3FA7-A847-CCCC7E9E9B9D}.Release|Win32.ActiveCfg = Release|Win32
		{08BB631E-58A3-3FA7-A847-CCCC7E9E9B9D}.Release|Win32.Build.0 = Release|Win32
		{08BB631E-58A3-3FA7-A847-CCCC7E9E9B9D}.MinSizeRel|Win32.ActiveCfg = MinSizeRel|Win32
		{08BB631E-58A3-3FA7-A847-CCCC7E9E9B9D}.MinSizeRel|Win32.Build.0 = MinSizeRel|Win32
		{08BB631E-58A3-3FA7-A847-CCCC7E9E9B9D}.RelWithDebInfo|Win32.ActiveCfg = RelWithDebInfo|Win32
		{08BB631E-58A3-3FA7-A847-CCCC7E9E9B9D}.RelWithDebInfo|Win32.Build.0 = RelWithDebInfo|Win32
		{D3A2B5E1-6112-36A8-B904-EA1620BC21C0}.Debug|Win32.ActiveCfg = Debug|Win32
		{D3A2B5E1-6112-36A8-B904-EA1620BC21C0}.Debug|Win32.Build.0 = Debug|Win32
		{D3A2B5E1-6112-36A8-B904-EA1620BC21C0}.Release|Win32.ActiveCfg = Release|Win32
		{D3A2B5E1-6112-36A8-B904-EA1620BC21C0}.Release|Win32.Build.0 = Release|Win32
		{D3A2B5E1-6112-36A8-B904-EA1620BC21C0}.MinSizeRel|Win32.ActiveCfg = MinSizeRel|Win32
		{D3A2B5E1-6112-36A8-B904-EA1620BC21C0}.MinSizeRel|Win32.Build.0 = MinSizeRel|Win32
		{D3A2B5E1-6112-36A8-B904-EA1620BC21C0}.RelWithDebInfo|Win32.ActiveCfg = RelWithDebInfo|Win32
		{D3A2B5E1-6112-36A8-B904-EA1620BC21C0}.RelWithDebInfo|Win32.Build.0 = RelWithDebInfo|Win32
		{EAB1D668-7FF6-3B0F-B2C4-D7D8B72AB8B1}.Debug|Win32.ActiveCfg = Debug|Win32
		{EAB1D668-7FF6-3B0F-B2C4-D7D8B72AB8B1}.Debug|Win32.Build.0 = Debug|Win32
		{EAB1D668-7FF6-3B0F-B2C4-D7D8B72AB8B1}.Release|Win32.ActiveCfg = Release|Win32
		{EAB1D668-7FF6-3B0F-B2C4-D7D8B72AB8B1}.Release|Win32.Build.0 = Release|Win32
		{EAB1D668-7FF6-3B0F-B2C4-D7D8B72AB8B1}.MinSizeRel|Win32.ActiveCfg = MinSizeRel|Win32
		{EAB1D668-7FF6-3B0F-B2C4-D7D8B72AB8B1}.MinSizeRel|Win32.Build.0 = MinSizeRel|Win32
		{EAB1D668-7FF6-3B0F-B2C4-D7D8B72AB8B1}.RelWithDebInfo|Win32.ActiveCfg = RelWithDebInfo|Win32
		{EAB1D668-7FF6-3B0F-B2C4-D7D8B72AB8B1}.RelWithDebInfo|Win32.Build.0 = RelWithDebInfo|Win32
		{7A2277AF-1AE0-3126-8008-8FF7C728D43D}.Debug|Win32.ActiveCfg = Debug|Win32
		{7A2277AF-1AE0-3126-8008-8FF7C728D43D}.Debug|Win32.Build.0 = Debug|Win32
		{7A2277AF-1AE0-3126-8008-8FF7C728D43D}.Release|Win32.ActiveCfg = Release|Win32
		{7A2277AF-1AE0-3126-8008-8FF7C728D43D}.Release|Win32.Build.0 = Release|Win32
		{7A2277AF-1AE0-3126-8008-8FF7C728D43D}.MinSizeRel|Win32.ActiveCfg = MinSizeRel|Win32
		{7A2277AF-1AE0-3126-8008-8FF7C728D43D}.MinSizeRel|Win32.Build.0 = MinSizeRel|Win32
		{7A2277AF-1AE0-3126-8008-8FF7C728D43D}.RelWithDebInfo|Win32.ActiveCfg = RelWithDebInfo|Win32
		{7A2277AF-1AE0-3126-8008-8FF7C728D43D}.RelWithDebInfo|Win32.Build.0 = RelWithDebInfo|Win32
		{4D260B10-68B1-3D83-8D50-A4A4617018F7}.Debug|Win32.ActiveCfg = Debug|Win32
		{4D260B10-68B1-3D83-8D50-A4A4617018F7}.Debug|Win32.Build.0 = Debug|Win32
		{4D260B10-68B1-3D83-8D50-A4A4617018F7}.Release|Win32.ActiveCfg = Release|Win32
		{4D260B10-68B1-3D83-8D50-A4A4617018F7}.Release|Win32.Build.0 = Release|Win32
		{4D260B10-68B1-3D83-8D50-A4A4617018F7}.MinSizeRel|Win32.ActiveCfg = MinSizeRel|Win32
		{4D260B10-68B1-3D83-8D50-A4A4617018F7}.MinSizeRel|Win32.Build.0 = MinSizeRel|Win32
		{4D260B10-68B1-3D83-8D50-A4A4617018F7}.RelWithDebInfo|Win32.ActiveCfg = RelWithDebInfo|Win32
		{4D260B10-68B1-3D83-8D50-A4A4617018F7}.RelWithDebInfo|Win32.Build.0 = RelWithDebInfo|Win32
		{3907EED6-6F64-375C-85D1-350FEEC1B08F}.Debug|Win32.ActiveCfg = Debug|Win32
		{3907EED6-6F64-375C-85D1-350FEEC1B08F}.Debug|Win32.Build.0 = Debug|Win32
		{3907EED6-6F64-375C-85D1-350FEEC1B08F}.Release|Win32.ActiveCfg = Release|Win32
		{3907EED6-6F64-375C-85D1-350FEEC1B08F}.Release|Win32.Build.0 = Release|Win32
		{3907EED6-6F64-375C-85D1-350FEEC1B08F}.MinSizeRel|Win32.ActiveCfg = MinSizeRel|Win32
		{3907EED6-6F64-375C-85D1-350FEEC1B08F}.MinSizeRel|Win32.Build.0 = MinSizeRel|Win32
		{3907EED6-6F64-375C-85D1-350FEEC1B08F}.RelWithDebInfo|Win32.ActiveCfg = RelWithDebInfo|Win32
		{3907EED6-6F64-375C-85D1-350FEEC1B08F}.RelWithDebInfo|Win32.Build.0 = RelWithDebInfo|Win32
		{3C2ED394-09C0-345D-AF1F-F7AC57AD4BE0}.Debug|Win32.ActiveCfg = Debug|Win32
		{3C2ED394-09C0-345D-AF1F-F7AC57AD4BE0}.Debug|Win32.Build.0 = Debug|Win32
		{3C2ED394-09C0-345D-AF1F-F7AC57AD4BE0}.Release|Win32.ActiveCfg = Release|Win32
		{3C2ED394-09C0-345D-AF1F-F7AC57AD4BE0}.Release|Win32.Build.0 = Release|Win32
		{3C2ED394-09C0-345D-AF1F-F7AC57AD4BE0}.MinSizeRel|Win32.ActiveCfg = MinSizeRel|Win32
		{3C2ED394-09C0-345D-AF1F-F7AC57AD4BE0}.MinSizeRel|Win32.Build.0 = MinSizeRel|Win32
		{3C2ED394-09C0-345D-AF1F-F7AC57AD4BE0}.RelWithDebInfo|Win32.ActiveCfg = RelWithDebInfo|Win32
		{3C2ED394-09C0-345D-AF1F-F7AC57AD4BE0}.RelWithDebInfo|Win32.Build.0 = RelWithDebInfo|Win32
		{DE72F693-50EA-3D99-AC2B-AD8CE4C3363A}.Debug|Win32.ActiveCfg = Debug|Win32
		{DE72F693-50EA-3D99-AC2B-AD8CE4C3363A}.Debug|Win32.Build.0 = Debug|Win32
		{DE72F693-50EA-3D99-AC2B-AD8CE4C3363A}.Release|Win32.ActiveCfg = Release|Win32
		{DE72F693-50EA-3D99-AC2B-AD8CE4C3363A}.Release|Win32.Build.0 = Release|Win32
		{DE72F693-50EA-3D99-AC2B-AD8CE4C3363A}.MinSizeRel|Win32.ActiveCfg = MinSizeRel|Win32
		{DE72F693-50EA-3D99-AC2B-AD8CE4C3363A}.MinSizeRel|Win32.Build.0 = MinSizeRel|Win32
		{DE72F693-50EA-3D99-AC2B-AD8CE4C3363A}.RelWithDebInfo|Win32.ActiveCfg = RelWithDebInfo|Win32
		{DE72F693-50EA-3D99-AC2B-AD8CE4C3363A}.RelWithDebInfo|Win32.Build.0 = RelWithDebInfo|Win32
		{4E2C9D80-13E0-3F98-9C11-5882A408F168}.Debug|Win32.ActiveCfg = Debug|Win32
		{4E2C9D80-13E0-3F98-9C11-5882A408F168}.Debug|Win32.Build.0 = Debug|Win32
		{4E2C9D80-13E0-3F98-9C11-5882A408F168}.Release|Win32.ActiveCfg = Release|Win32
		{4E2C9D80-13E0-3F98-9C11-5882A408F168}.Release|Win32.Build.0 = Release|Win32
		{4E2C9D80-13E0-3F98-9C11-5882A408F168}.MinSizeRel|Win32.ActiveCfg = MinSizeRel|Win32
		{4E2C9D80-13E0-3F98-9C11-5882A408F168}.MinSizeRel|Win32.Build.0 = MinSizeRel|Win32
		{4E2C9D80-13E0-3F98-9C11-5882A408F168}.RelWithDebInfo|Win32.ActiveCfg = RelWithDebInfo|Win32
		{4E2C9D80-13E0-3F98-9C11-5882A408F168}.RelWithDebInfo|Win32.Build.0 = RelWithDebInfo|Win32
		{2EB0907A-A4D6-34D5-9B5F-E6A50065EF25}.Debug|Win32.ActiveCfg = Debug|Win32
		{2EB0907A-A4D6-34D5-9B5F-E6A50065EF25}.Debug|Win32.Build.0 = Debug|Win32
		{2EB0907A-A4D6-34D5-9B5F-E6A50065EF25}.Release|Win32.ActiveCfg = Release|Win32
		{2EB0907A-A4D6-34D5-9B5F-E6A50065EF25}.Release|Win32.Build.0 = Release|Win32
		{2EB0907A-A4D6-34D5-9B5F-E6A50065EF25}.MinSizeRel|Win32.ActiveCfg = MinSizeRel|Win32
		{2EB0907A-A4D6-34D5-9B5F-E6A50065EF25}.MinSizeRel|Win32.Build.0 = MinSizeRel|Win32
		{2EB0907A-A4D6-34D5-9B5F-E6A50065EF25}.RelWithDebInfo|Win32.ActiveCfg = RelWithDebInfo|Win32
		{2EB0907A-A4D6-34D5-9B5F-E6A50065EF25}.RelWithDebInfo|Win32.Build.0 = RelWithDebInfo|Win32
		{54035AD9-D158-3465-B953-7A7A700D918B}.Debug|Win32.ActiveCfg = Debug|Win32
		{54035AD9-D158-3465-B953-7A7A700D918B}.Debug|Win32.Build.0 = Debug|Win32
		{54035AD9-D158-3465-B953-7A7A700D918B}.Release|Win32.ActiveCfg = Release|Win32
		{54035AD9-D158-3465-B953-7A7A700D918B}.Release|Win32.Build.0 = Release|Win32
		{54035AD9-D158-3465-B953-7A7A700D918B}.MinSizeRel|Win32.ActiveCfg = MinSizeRel|Win32
		{54035AD9-D158-3465-B953-7A7A700D918B}.MinSizeRel|Win32.Build.0 = MinSizeRel|Win32
		{54035AD9-D158-3465-B953-7A7A700D918B}.RelWithDebInfo|Win32.ActiveCfg = RelWithDebInfo|Win32
		{54035AD9-D158-3465-B953-7A7A700D918B}.RelWithDebInfo|Win32.Build.0 = RelWithDebInfo|Win32
		{6921C185-E635-3613-9D95-95357E3D9A9A}.Debug|Win32.ActiveCfg = Debug|Win32
		{6921C185-E635-3613-9D95-95357E3D9A9A}.Debug|Win32.Build.0 = Debug|Win32
		{6921C185-E635-3613-9D95-95357E3D9A9A}.Release|Win32.ActiveCfg = Release|Win32
		{6921C185-E635-3613-9D95-95357E3D9A9A}.Release|Win32.Build.0 = Release|Win32
		{6921C185-E635-3613-9D95-95357E3D9A9A}.MinSizeRel|Win32.ActiveCfg = MinSizeRel|Win32
		{6921C185-E635-3613-9D95-95357E3D9A9A}.MinSizeRel|Win32.Build.0 = MinSizeRel|Win32
		{6921C185-E635-3613-9D95-95357E3D9A9A}.RelWithDebInfo|Win32.ActiveCfg = RelWithDebInfo|Win32
		{6921C185-E635-3613-9D95-95357E3D9A9A}.RelWithDebInfo|Win32.Build.0 = RelWithDebInfo|Win32
		{4DE5AAE5-C3AC-35EE-B4E7-65E9D8EAEE1C}.Debug|Win32.ActiveCfg = Debug|Win32
		{4DE5AAE5-C3AC-35EE-B4E7-65E9D8EAEE1C}.Debug|Win32.Build.0 = Debug|Win32
		{4DE5AAE5-C3AC-35EE-B4E7-65E9D8EAEE1C}.Release|Win32.ActiveCfg = Release|Win32
		{4DE5AAE5-C3AC-35EE-B4E7-65E9D8EAEE1C}.Release|Win32.Build.0 = Release|Win32
		{4DE5AAE5-C3AC-35EE-B4E7-65E9D8EAEE1C}.MinSizeRel|Win32.ActiveCfg = MinSizeRel|Win32
		{4DE5AAE5-C3AC-35EE-B4E7-65E9D8EAEE1C}.MinSizeRel|Win32.Build.0 = MinSizeRel|Win32
		{4DE5AAE5-C3AC-35EE-B4E7-65E9D8EAEE1C}.RelWithDebInfo|Win32.ActiveCfg = RelWithDebInfo|Win32
		{4DE5AAE5-C3AC-35EE-B4E7-65E9D8EAEE1C}.RelWithDebInfo|Win32.Build.0 = RelWithDebInfo|Win32
		{AE69CF4C-F6B8-3B72-9620-108AE8B9D0EF}.Debug|Win32.ActiveCfg = Debug|Win32
		{AE69CF4C-F6B8-3B72-9620-108AE8B9D0EF}.Debug|Win32.Build.0 = Debug|Win32
		{AE69CF4C-F6B8-3B72-9620-108AE8B9D0EF}.Release|Win32.ActiveCfg = Release|Win32
		{AE69CF4C-F6B8-3B72-9620-108AE8B9D0EF}.Release|Win32.Build.0 = Release|Win32
		{AE69CF4C-F6B8-3B72-9620-108AE8B9D0EF}.MinSizeRel|Win32.ActiveCfg = MinSizeRel|Win32
		{AE69CF4C-F6B8-3B72-9620-108AE8B9D0EF}.MinSizeRel|Win32.Build.0 = MinSizeRel|Win32
		{AE69CF4C-F6B8-3B72-9620-108AE8B9D0EF}.RelWithDebInfo|Win32.ActiveCfg = RelWithDebInfo|Win32
		{AE69CF4C-F6B8-3B72-9620-108AE8B9D0EF}.RelWithDebInfo|Win32.Build.0 = RelWithDebInfo|Win32
		{7939F1FE-B8EA-37C1-AF76-2CC89690132D}.Debug|Win32.ActiveCfg = Debug|Win32
		{7939F1FE-B8EA-37C1-AF76-2CC89690132D}.Debug|Win32.Build.0 = Debug|Win32
		{7939F1FE-B8EA-37C1-AF76-2CC89690132D}.Release|Win32.ActiveCfg = Release|Win32
		{7939F1FE-B8EA-37C1-AF76-2CC89690132D}.Release|Win32.Build.0 = Release|Win32
		{7939F1FE-B8EA-37C1-AF76-2CC89690132D}.MinSizeRel|Win32.ActiveCfg = MinSizeRel|Win32
		{7939F1FE-B8EA-37C1-AF76-2CC89690132D}.MinSizeRel|Win32.Build.0 = MinSizeRel|Win32
		{7939F1FE-B8EA-37C1-AF76-2CC89690132D}.RelWithDebInfo|Win32.ActiveCfg = RelWithDebInfo|Win32
		{7939F1FE-B8EA-37C1-AF76-2CC89690132D}.RelWithDebInfo|Win32.Build.0 = RelWithDebInfo|Win32
		{52909695-3DF9-3649-B7E9-D413D7CB77E7}.Debug|Win32.ActiveCfg = Debug|Win32
		{52909695-3DF9-3649-B7E9-D413D7CB77E7}.Debug|Win32.Build.0 = Debug|Win32
		{52909695-3DF9-3649-B7E9-D413D7CB77E7}.Release|Win32.ActiveCfg = Release|Win32
		{52909695-3DF9-3649-B7E9-D413D7CB77E7}.Release|Win32.Build.0 = Release|Win32
		{52909695-3DF9-3649-B7E9-D413D7CB77E7}.MinSizeRel|Win32.ActiveCfg = MinSizeRel|Win32
		{52909695-3DF9-3649-B7E9-D413D7CB77E7}.MinSizeRel|Win32.Build.0 = MinSizeRel|Win32
		{52909695-3DF9-3649-B7E9-D413D7CB77E7}.RelWithDebInfo|Win32.ActiveCfg = RelWithDebInfo|Win32
		{52909695-3DF9-3649-B7E9-D413D7CB77E7}.RelWithDebInfo|Win32.Build.0 = RelWithDebInfo|Win32
		{C34F4D9E-C0C0-3F12-AE07-FD2B5633371C}.Debug|Win32.ActiveCfg = Debug|Win32
		{C34F4D9E-C0C0-3F12-AE07-FD2B5633371C}.Debug|Win32.Build.0 = Debug|Win32
		{C34F4D9E-C0C0-3F12-AE07-FD2B5633371C}.Release|Win32.ActiveCfg = Release|Win32
		{C34F4D9E-C0C0-3F12-AE07-FD2B5633371C}.Release|Win32.Build.0 = Release|Win32
		{C34F4D9E-C0C0-3F12-AE07-FD2B5633371C}.MinSizeRel|Win32.ActiveCfg = MinSizeRel|Win32
		{C34F4D9E-C0C0-3F12-AE07-FD2B5633371C}.MinSizeRel|Win32.Build.0 = MinSizeRel|Win32
		{C34F4D9E-C0C0-3F12-AE07-FD2B5633371C}.RelWithDebInfo|Win32.ActiveCfg = RelWithDebInfo|Win32
		{C34F4D9E-C0C0-3F12-AE07-FD2B5633371C}.RelWithDebInfo|Win32.Build.0 = RelWithDebInfo|Win32
		{D5F5BE22-0499-3DF6-A6F5-687309404483}.Debug|Win32.ActiveCfg = Debug|Win32
		{D5F5BE22-0499-3DF6-A6F5-687309404483}.Release|Win32.ActiveCfg = Release|Win32
		{D5F5BE22-0499-3DF6-A6F5-687309404483}.MinSizeRel|Win32.ActiveCfg = MinSizeRel|Win32
		{D5F5BE22-0499-3DF6-A6F5-687309404483}.RelWithDebInfo|Win32.ActiveCfg = RelWithDebInfo|Win32
		{E753A9D3-08F4-32DC-BD64-AB18861F5413}.Debug|Win32.ActiveCfg = Debug|Win32
		{E753A9D3-08F4-32DC-BD64-AB18861F5413}.Debug|Win32.Build.0 = Debug|Win32
		{E753A9D3-08F4-32DC-BD64-AB18861F5413}.Release|Win32.ActiveCfg = Release|Win32
		{E753A9D3-08F4-32DC-BD64-AB18861F5413}.Release|Win32.Build.0 = Release|Win32
		{E753A9D3-08F4-32DC-BD64-AB18861F5413}.MinSizeRel|Win32.ActiveCfg = MinSizeRel|Win32
		{E753A9D3-08F4-32DC-BD64-AB18861F5413}.MinSizeRel|Win32.Build.0 = MinSizeRel|Win32
		{E753A9D3-08F4-32DC-BD64-AB18861F5413}.RelWithDebInfo|Win32.ActiveCfg = RelWithDebInfo|Win32
		{E753A9D3-08F4-32DC-BD64-AB18861F5413}.RelWithDebInfo|Win32.Build.0 = RelWithDebInfo|Win32
		{E00263A5-1F75-36BC-94AD-BAFD6BBF6465}.Debug|Win32.ActiveCfg = Debug|Win32
		{E00263A5-1F75-36BC-94AD-BAFD6BBF6465}.Debug|Win32.Build.0 = Debug|Win32
		{E00263A5-1F75-36BC-94AD-BAFD6BBF6465}.Release|Win32.ActiveCfg = Release|Win32
		{E00263A5-1F75-36BC-94AD-BAFD6BBF6465}.Release|Win32.Build.0 = Release|Win32
		{E00263A5-1F75-36BC-94AD-BAFD6BBF6465}.MinSizeRel|Win32.ActiveCfg = MinSizeRel|Win32
		{E00263A5-1F75-36BC-94AD-BAFD6BBF6465}.MinSizeRel|Win32.Build.0 = MinSizeRel|Win32
		{E00263A5-1F75-36BC-94AD-BAFD6BBF6465}.RelWithDebInfo|Win32.ActiveCfg = RelWithDebInfo|Win32
		{E00263A5-1F75-36BC-94AD-BAFD6BBF6465}.RelWithDebInfo|Win32.Build.0 = RelWithDebInfo|Win32
	EndGlobalSection
	GlobalSection(NestedProjects) = preSolution
		{55F0F906-BABB-3DBE-837F-1C5155A6FAC9} = {E6B0CAAD-3EF4-3661-B284-F8CA1896C3FD}
		{5B28CDED-CB13-3438-AF07-54EC9559891F} = {E6B0CAAD-3EF4-3661-B284-F8CA1896C3FD}
		{B0B0BEA2-E823-33E0-B14B-42111AFB8DB9} = {E6B0CAAD-3EF4-3661-B284-F8CA1896C3FD}
		{D6D77792-C070-350A-80F0-27B40762330C} = {9322BFC9-78DE-3DFA-BD69-714A81EC0A16}
		{DB542CDF-72C5-3262-A1D8-066E89CA03BF} = {9322BFC9-78DE-3DFA-BD69-714A81EC0A16}
		{EAB1D668-7FF6-3B0F-B2C4-D7D8B72AB8B1} = {9322BFC9-78DE-3DFA-BD69-714A81EC0A16}
		{A889A69A-A7EE-3D2A-8308-C4290AF44157} = {D6D77792-C070-350A-80F0-27B40762330C}
		{D3A2B5E1-6112-36A8-B904-EA1620BC21C0} = {D6D77792-C070-350A-80F0-27B40762330C}
		{4D260B10-68B1-3D83-8D50-A4A4617018F7} = {D6D77792-C070-350A-80F0-27B40762330C}
		{2EB0907A-A4D6-34D5-9B5F-E6A50065EF25} = {D6D77792-C070-350A-80F0-27B40762330C}
		{4DE5AAE5-C3AC-35EE-B4E7-65E9D8EAEE1C} = {D6D77792-C070-350A-80F0-27B40762330C}
		{AE69CF4C-F6B8-3B72-9620-108AE8B9D0EF} = {D6D77792-C070-350A-80F0-27B40762330C}
		{E753A9D3-08F4-32DC-BD64-AB18861F5413} = {D6D77792-C070-350A-80F0-27B40762330C}
		{7D329671-0CE8-39BF-8E6A-BAC1C26FD7E2} = {DB542CDF-72C5-3262-A1D8-066E89CA03BF}
		{F3B90D3A-EF15-3B3A-8C45-D903815F2E81} = {DB542CDF-72C5-3262-A1D8-066E89CA03BF}
		{DC3A7821-F61B-3C52-B7F6-BDA68142DA35} = {DB542CDF-72C5-3262-A1D8-066E89CA03BF}
		{EF058DB1-26B1-3033-A76C-5AE1F754B8C2} = {DB542CDF-72C5-3262-A1D8-066E89CA03BF}
		{08BB631E-58A3-3FA7-A847-CCCC7E9E9B9D} = {DB542CDF-72C5-3262-A1D8-066E89CA03BF}
		{7A2277AF-1AE0-3126-8008-8FF7C728D43D} = {DB542CDF-72C5-3262-A1D8-066E89CA03BF}
		{3907EED6-6F64-375C-85D1-350FEEC1B08F} = {DB542CDF-72C5-3262-A1D8-066E89CA03BF}
		{3C2ED394-09C0-345D-AF1F-F7AC57AD4BE0} = {DB542CDF-72C5-3262-A1D8-066E89CA03BF}
		{DE72F693-50EA-3D99-AC2B-AD8CE4C3363A} = {DB542CDF-72C5-3262-A1D8-066E89CA03BF}
		{4E2C9D80-13E0-3F98-9C11-5882A408F168} = {DB542CDF-72C5-3262-A1D8-066E89CA03BF}
		{54035AD9-D158-3465-B953-7A7A700D918B} = {DB542CDF-72C5-3262-A1D8-066E89CA03BF}
		{6921C185-E635-3613-9D95-95357E3D9A9A} = {DB542CDF-72C5-3262-A1D8-066E89CA03BF}
		{7939F1FE-B8EA-37C1-AF76-2CC89690132D} = {DB542CDF-72C5-3262-A1D8-066E89CA03BF}
		{52909695-3DF9-3649-B7E9-D413D7CB77E7} = {DB542CDF-72C5-3262-A1D8-066E89CA03BF}
		{C34F4D9E-C0C0-3F12-AE07-FD2B5633371C} = {DB542CDF-72C5-3262-A1D8-066E89CA03BF}
		{E00263A5-1F75-36BC-94AD-BAFD6BBF6465} = {DB542CDF-72C5-3262-A1D8-066E89CA03BF}
	EndGlobalSection
	GlobalSection(ExtensibilityGlobals) = postSolution
		SolutionGuid = {375AC633-58A0-3AE6-8BD4-ADEB7208CA21}
	EndGlobalSection
	GlobalSection(ExtensibilityAddIns) = postSolution
	EndGlobalSection
EndGlobal
